// !$*UTF8*$!
{
	archiveVersion = 1;
	classes = {
	};
	objectVersion = 50;
	objects = {

/* Begin PBXBuildFile section */
		A633A6F02703F57D00F2AF85 /* ListPracticeView.swift in Sources */ = {isa = PBXBuildFile; fileRef = A633A6EF2703F57D00F2AF85 /* ListPracticeView.swift */; };
		A633A6F42704258100F2AF85 /* CombinePracticeView.swift in Sources */ = {isa = PBXBuildFile; fileRef = A633A6F32704258100F2AF85 /* CombinePracticeView.swift */; };
		A633A6F62704258B00F2AF85 /* CombinePracticeViewModel.swift in Sources */ = {isa = PBXBuildFile; fileRef = A633A6F52704258B00F2AF85 /* CombinePracticeViewModel.swift */; };
		A633A6F827054AF600F2AF85 /* APIRequestPracticeView.swift in Sources */ = {isa = PBXBuildFile; fileRef = A633A6F727054AF600F2AF85 /* APIRequestPracticeView.swift */; };
		A633A6FA27054B0800F2AF85 /* APIRequestPracticeViewModel.swift in Sources */ = {isa = PBXBuildFile; fileRef = A633A6F927054B0800F2AF85 /* APIRequestPracticeViewModel.swift */; };
		A68C400C2702E13600AEFC8F /* swiftui_practiceApp.swift in Sources */ = {isa = PBXBuildFile; fileRef = A68C400B2702E13600AEFC8F /* swiftui_practiceApp.swift */; };
		A68C400E2702E13600AEFC8F /* ContentView.swift in Sources */ = {isa = PBXBuildFile; fileRef = A68C400D2702E13600AEFC8F /* ContentView.swift */; };
		A68C40102702E13800AEFC8F /* Assets.xcassets in Resources */ = {isa = PBXBuildFile; fileRef = A68C400F2702E13800AEFC8F /* Assets.xcassets */; };
		A68C40132702E13800AEFC8F /* Preview Assets.xcassets in Resources */ = {isa = PBXBuildFile; fileRef = A68C40122702E13800AEFC8F /* Preview Assets.xcassets */; };
		A68C401B2702F9B000AEFC8F /* ButtonPracticeView.swift in Sources */ = {isa = PBXBuildFile; fileRef = A68C401A2702F9B000AEFC8F /* ButtonPracticeView.swift */; };
		A68C401D2702FF3E00AEFC8F /* StackPracticeView.swift in Sources */ = {isa = PBXBuildFile; fileRef = A68C401C2702FF3E00AEFC8F /* StackPracticeView.swift */; };
		A68C401F270300E300AEFC8F /* BindingPracticeView.swift in Sources */ = {isa = PBXBuildFile; fileRef = A68C401E270300E300AEFC8F /* BindingPracticeView.swift */; };
/* End PBXBuildFile section */

/* Begin PBXFileReference section */
		A633A6EF2703F57D00F2AF85 /* ListPracticeView.swift */ = {isa = PBXFileReference; lastKnownFileType = sourcecode.swift; path = ListPracticeView.swift; sourceTree = "<group>"; };
		A633A6F32704258100F2AF85 /* CombinePracticeView.swift */ = {isa = PBXFileReference; lastKnownFileType = sourcecode.swift; path = CombinePracticeView.swift; sourceTree = "<group>"; };
		A633A6F52704258B00F2AF85 /* CombinePracticeViewModel.swift */ = {isa = PBXFileReference; lastKnownFileType = sourcecode.swift; path = CombinePracticeViewModel.swift; sourceTree = "<group>"; };
		A633A6F727054AF600F2AF85 /* APIRequestPracticeView.swift */ = {isa = PBXFileReference; lastKnownFileType = sourcecode.swift; path = APIRequestPracticeView.swift; sourceTree = "<group>"; };
		A633A6F927054B0800F2AF85 /* APIRequestPracticeViewModel.swift */ = {isa = PBXFileReference; lastKnownFileType = sourcecode.swift; path = APIRequestPracticeViewModel.swift; sourceTree = "<group>"; };
		A68C40082702E13600AEFC8F /* swiftui-practice.app */ = {isa = PBXFileReference; explicitFileType = wrapper.application; includeInIndex = 0; path = "swiftui-practice.app"; sourceTree = BUILT_PRODUCTS_DIR; };
		A68C400B2702E13600AEFC8F /* swiftui_practiceApp.swift */ = {isa = PBXFileReference; lastKnownFileType = sourcecode.swift; path = swiftui_practiceApp.swift; sourceTree = "<group>"; };
		A68C400D2702E13600AEFC8F /* ContentView.swift */ = {isa = PBXFileReference; lastKnownFileType = sourcecode.swift; path = ContentView.swift; sourceTree = "<group>"; };
		A68C400F2702E13800AEFC8F /* Assets.xcassets */ = {isa = PBXFileReference; lastKnownFileType = folder.assetcatalog; path = Assets.xcassets; sourceTree = "<group>"; };
		A68C40122702E13800AEFC8F /* Preview Assets.xcassets */ = {isa = PBXFileReference; lastKnownFileType = folder.assetcatalog; path = "Preview Assets.xcassets"; sourceTree = "<group>"; };
		A68C40142702E13800AEFC8F /* Info.plist */ = {isa = PBXFileReference; lastKnownFileType = text.plist.xml; path = Info.plist; sourceTree = "<group>"; };
		A68C401A2702F9B000AEFC8F /* ButtonPracticeView.swift */ = {isa = PBXFileReference; lastKnownFileType = sourcecode.swift; path = ButtonPracticeView.swift; sourceTree = "<group>"; };
		A68C401C2702FF3E00AEFC8F /* StackPracticeView.swift */ = {isa = PBXFileReference; lastKnownFileType = sourcecode.swift; path = StackPracticeView.swift; sourceTree = "<group>"; };
		A68C401E270300E300AEFC8F /* BindingPracticeView.swift */ = {isa = PBXFileReference; lastKnownFileType = sourcecode.swift; path = BindingPracticeView.swift; sourceTree = "<group>"; };
/* End PBXFileReference section */

/* Begin PBXFrameworksBuildPhase section */
		A68C40052702E13600AEFC8F /* Frameworks */ = {
			isa = PBXFrameworksBuildPhase;
			buildActionMask = 2147483647;
			files = (
			);
			runOnlyForDeploymentPostprocessing = 0;
		};
/* End PBXFrameworksBuildPhase section */

/* Begin PBXGroup section */
		A68C3FFF2702E13600AEFC8F = {
			isa = PBXGroup;
			children = (
				A68C400A2702E13600AEFC8F /* swiftui-practice */,
				A68C40092702E13600AEFC8F /* Products */,
			);
			sourceTree = "<group>";
		};
		A68C40092702E13600AEFC8F /* Products */ = {
			isa = PBXGroup;
			children = (
				A68C40082702E13600AEFC8F /* swiftui-practice.app */,
			);
			name = Products;
			sourceTree = "<group>";
		};
		A68C400A2702E13600AEFC8F /* swiftui-practice */ = {
			isa = PBXGroup;
			children = (
				A68C400B2702E13600AEFC8F /* swiftui_practiceApp.swift */,
				A68C400D2702E13600AEFC8F /* ContentView.swift */,
				A68C401A2702F9B000AEFC8F /* ButtonPracticeView.swift */,
				A68C401C2702FF3E00AEFC8F /* StackPracticeView.swift */,
				A68C401E270300E300AEFC8F /* BindingPracticeView.swift */,
				A633A6EF2703F57D00F2AF85 /* ListPracticeView.swift */,
				A633A6F32704258100F2AF85 /* CombinePracticeView.swift */,
				A633A6F52704258B00F2AF85 /* CombinePracticeViewModel.swift */,
				A633A6F727054AF600F2AF85 /* APIRequestPracticeView.swift */,
				A633A6F927054B0800F2AF85 /* APIRequestPracticeViewModel.swift */,
				A68C400F2702E13800AEFC8F /* Assets.xcassets */,
				A68C40142702E13800AEFC8F /* Info.plist */,
				A68C40112702E13800AEFC8F /* Preview Content */,
			);
			path = "swiftui-practice";
			sourceTree = "<group>";
		};
		A68C40112702E13800AEFC8F /* Preview Content */ = {
			isa = PBXGroup;
			children = (
				A68C40122702E13800AEFC8F /* Preview Assets.xcassets */,
			);
			path = "Preview Content";
			sourceTree = "<group>";
		};
/* End PBXGroup section */

/* Begin PBXNativeTarget section */
		A68C40072702E13600AEFC8F /* swiftui-practice */ = {
			isa = PBXNativeTarget;
			buildConfigurationList = A68C40172702E13800AEFC8F /* Build configuration list for PBXNativeTarget "swiftui-practice" */;
			buildPhases = (
				A68C40042702E13600AEFC8F /* Sources */,
				A68C40052702E13600AEFC8F /* Frameworks */,
				A68C40062702E13600AEFC8F /* Resources */,
			);
			buildRules = (
			);
			dependencies = (
			);
			name = "swiftui-practice";
			productName = "swiftui-practice";
			productReference = A68C40082702E13600AEFC8F /* swiftui-practice.app */;
			productType = "com.apple.product-type.application";
		};
/* End PBXNativeTarget section */

/* Begin PBXProject section */
		A68C40002702E13600AEFC8F /* Project object */ = {
			isa = PBXProject;
			attributes = {
				LastSwiftUpdateCheck = 1250;
				LastUpgradeCheck = 1250;
				TargetAttributes = {
					A68C40072702E13600AEFC8F = {
						CreatedOnToolsVersion = 12.5.1;
					};
				};
			};
			buildConfigurationList = A68C40032702E13600AEFC8F /* Build configuration list for PBXProject "swiftui-practice" */;
			compatibilityVersion = "Xcode 9.3";
			developmentRegion = en;
			hasScannedForEncodings = 0;
			knownRegions = (
				en,
				Base,
			);
			mainGroup = A68C3FFF2702E13600AEFC8F;
			productRefGroup = A68C40092702E13600AEFC8F /* Products */;
			projectDirPath = "";
			projectRoot = "";
			targets = (
				A68C40072702E13600AEFC8F /* swiftui-practice */,
			);
		};
/* End PBXProject section */

/* Begin PBXResourcesBuildPhase section */
		A68C40062702E13600AEFC8F /* Resources */ = {
			isa = PBXResourcesBuildPhase;
			buildActionMask = 2147483647;
			files = (
				A68C40132702E13800AEFC8F /* Preview Assets.xcassets in Resources */,
				A68C40102702E13800AEFC8F /* Assets.xcassets in Resources */,
			);
			runOnlyForDeploymentPostprocessing = 0;
		};
/* End PBXResourcesBuildPhase section */

/* Begin PBXSourcesBuildPhase section */
		A68C40042702E13600AEFC8F /* Sources */ = {
			isa = PBXSourcesBuildPhase;
			buildActionMask = 2147483647;
			files = (
				A68C400E2702E13600AEFC8F /* ContentView.swift in Sources */,
				A68C400C2702E13600AEFC8F /* swiftui_practiceApp.swift in Sources */,
				A633A6FA27054B0800F2AF85 /* APIRequestPracticeViewModel.swift in Sources */,
				A68C401F270300E300AEFC8F /* BindingPracticeView.swift in Sources */,
				A633A6F02703F57D00F2AF85 /* ListPracticeView.swift in Sources */,
				A68C401D2702FF3E00AEFC8F /* StackPracticeView.swift in Sources */,
				A633A6F62704258B00F2AF85 /* CombinePracticeViewModel.swift in Sources */,
				A68C401B2702F9B000AEFC8F /* ButtonPracticeView.swift in Sources */,
				A633A6F827054AF600F2AF85 /* APIRequestPracticeView.swift in Sources */,
				A633A6F42704258100F2AF85 /* CombinePracticeView.swift in Sources */,
			);
			runOnlyForDeploymentPostprocessing = 0;
		};
/* End PBXSourcesBuildPhase section */

/* Begin XCBuildConfiguration section */
		A68C40152702E13800AEFC8F /* Debug */ = {
			isa = XCBuildConfiguration;
			buildSettings = {
				ALWAYS_SEARCH_USER_PATHS = NO;
				CLANG_ANALYZER_NONNULL = YES;
				CLANG_ANALYZER_NUMBER_OBJECT_CONVERSION = YES_AGGRESSIVE;
				CLANG_CXX_LANGUAGE_STANDARD = "gnu++14";
				CLANG_CXX_LIBRARY = "libc++";
				CLANG_ENABLE_MODULES = YES;
				CLANG_ENABLE_OBJC_ARC = YES;
				CLANG_ENABLE_OBJC_WEAK = YES;
				CLANG_WARN_BLOCK_CAPTURE_AUTORELEASING = YES;
				CLANG_WARN_BOOL_CONVERSION = YES;
				CLANG_WARN_COMMA = YES;
				CLANG_WARN_CONSTANT_CONVERSION = YES;
				CLANG_WARN_DEPRECATED_OBJC_IMPLEMENTATIONS = YES;
				CLANG_WARN_DIRECT_OBJC_ISA_USAGE = YES_ERROR;
				CLANG_WARN_DOCUMENTATION_COMMENTS = YES;
				CLANG_WARN_EMPTY_BODY = YES;
				CLANG_WARN_ENUM_CONVERSION = YES;
				CLANG_WARN_INFINITE_RECURSION = YES;
				CLANG_WARN_INT_CONVERSION = YES;
				CLANG_WARN_NON_LITERAL_NULL_CONVERSION = YES;
				CLANG_WARN_OBJC_IMPLICIT_RETAIN_SELF = YES;
				CLANG_WARN_OBJC_LITERAL_CONVERSION = YES;
				CLANG_WARN_OBJC_ROOT_CLASS = YES_ERROR;
				CLANG_WARN_QUOTED_INCLUDE_IN_FRAMEWORK_HEADER = YES;
				CLANG_WARN_RANGE_LOOP_ANALYSIS = YES;
				CLANG_WARN_STRICT_PROTOTYPES = YES;
				CLANG_WARN_SUSPICIOUS_MOVE = YES;
				CLANG_WARN_UNGUARDED_AVAILABILITY = YES_AGGRESSIVE;
				CLANG_WARN_UNREACHABLE_CODE = YES;
				CLANG_WARN__DUPLICATE_METHOD_MATCH = YES;
				COPY_PHASE_STRIP = NO;
				DEBUG_INFORMATION_FORMAT = dwarf;
				ENABLE_STRICT_OBJC_MSGSEND = YES;
				ENABLE_TESTABILITY = YES;
				GCC_C_LANGUAGE_STANDARD = gnu11;
				GCC_DYNAMIC_NO_PIC = NO;
				GCC_NO_COMMON_BLOCKS = YES;
				GCC_OPTIMIZATION_LEVEL = 0;
				GCC_PREPROCESSOR_DEFINITIONS = (
					"DEBUG=1",
					"$(inherited)",
				);
				GCC_WARN_64_TO_32_BIT_CONVERSION = YES;
				GCC_WARN_ABOUT_RETURN_TYPE = YES_ERROR;
				GCC_WARN_UNDECLARED_SELECTOR = YES;
				GCC_WARN_UNINITIALIZED_AUTOS = YES_AGGRESSIVE;
				GCC_WARN_UNUSED_FUNCTION = YES;
				GCC_WARN_UNUSED_VARIABLE = YES;
				IPHONEOS_DEPLOYMENT_TARGET = 14.5;
				MTL_ENABLE_DEBUG_INFO = INCLUDE_SOURCE;
				MTL_FAST_MATH = YES;
				ONLY_ACTIVE_ARCH = YES;
				SDKROOT = iphoneos;
				SWIFT_ACTIVE_COMPILATION_CONDITIONS = DEBUG;
				SWIFT_OPTIMIZATION_LEVEL = "-Onone";
			};
			name = Debug;
		};
		A68C40162702E13800AEFC8F /* Release */ = {
			isa = XCBuildConfiguration;
			buildSettings = {
				ALWAYS_SEARCH_USER_PATHS = NO;
				CLANG_ANALYZER_NONNULL = YES;
				CLANG_ANALYZER_NUMBER_OBJECT_CONVERSION = YES_AGGRESSIVE;
				CLANG_CXX_LANGUAGE_STANDARD = "gnu++14";
				CLANG_CXX_LIBRARY = "libc++";
				CLANG_ENABLE_MODULES = YES;
				CLANG_ENABLE_OBJC_ARC = YES;
				CLANG_ENABLE_OBJC_WEAK = YES;
				CLANG_WARN_BLOCK_CAPTURE_AUTORELEASING = YES;
				CLANG_WARN_BOOL_CONVERSION = YES;
				CLANG_WARN_COMMA = YES;
				CLANG_WARN_CONSTANT_CONVERSION = YES;
				CLANG_WARN_DEPRECATED_OBJC_IMPLEMENTATIONS = YES;
				CLANG_WARN_DIRECT_OBJC_ISA_USAGE = YES_ERROR;
				CLANG_WARN_DOCUMENTATION_COMMENTS = YES;
				CLANG_WARN_EMPTY_BODY = YES;
				CLANG_WARN_ENUM_CONVERSION = YES;
				CLANG_WARN_INFINITE_RECURSION = YES;
				CLANG_WARN_INT_CONVERSION = YES;
				CLANG_WARN_NON_LITERAL_NULL_CONVERSION = YES;
				CLANG_WARN_OBJC_IMPLICIT_RETAIN_SELF = YES;
				CLANG_WARN_OBJC_LITERAL_CONVERSION = YES;
				CLANG_WARN_OBJC_ROOT_CLASS = YES_ERROR;
				CLANG_WARN_QUOTED_INCLUDE_IN_FRAMEWORK_HEADER = YES;
				CLANG_WARN_RANGE_LOOP_ANALYSIS = YES;
				CLANG_WARN_STRICT_PROTOTYPES = YES;
				CLANG_WARN_SUSPICIOUS_MOVE = YES;
				CLANG_WARN_UNGUARDED_AVAILABILITY = YES_AGGRESSIVE;
				CLANG_WARN_UNREACHABLE_CODE = YES;
				CLANG_WARN__DUPLICATE_METHOD_MATCH = YES;
				COPY_PHASE_STRIP = NO;
				DEBUG_INFORMATION_FORMAT = "dwarf-with-dsym";
				ENABLE_NS_ASSERTIONS = NO;
				ENABLE_STRICT_OBJC_MSGSEND = YES;
				GCC_C_LANGUAGE_STANDARD = gnu11;
				GCC_NO_COMMON_BLOCKS = YES;
				GCC_WARN_64_TO_32_BIT_CONVERSION = YES;
				GCC_WARN_ABOUT_RETURN_TYPE = YES_ERROR;
				GCC_WARN_UNDECLARED_SELECTOR = YES;
				GCC_WARN_UNINITIALIZED_AUTOS = YES_AGGRESSIVE;
				GCC_WARN_UNUSED_FUNCTION = YES;
				GCC_WARN_UNUSED_VARIABLE = YES;
				IPHONEOS_DEPLOYMENT_TARGET = 14.5;
				MTL_ENABLE_DEBUG_INFO = NO;
				MTL_FAST_MATH = YES;
				SDKROOT = iphoneos;
				SWIFT_COMPILATION_MODE = wholemodule;
				SWIFT_OPTIMIZATION_LEVEL = "-O";
				VALIDATE_PRODUCT = YES;
			};
			name = Release;
		};
		A68C40182702E13800AEFC8F /* Debug */ = {
			isa = XCBuildConfiguration;
			buildSettings = {
				ASSETCATALOG_COMPILER_APPICON_NAME = AppIcon;
				ASSETCATALOG_COMPILER_GLOBAL_ACCENT_COLOR_NAME = AccentColor;
				CODE_SIGN_STYLE = Automatic;
				DEVELOPMENT_ASSET_PATHS = "\"swiftui-practice/Preview Content\"";
				DEVELOPMENT_TEAM = HU8RMC793N;
				ENABLE_PREVIEWS = YES;
				INFOPLIST_FILE = "swiftui-practice/Info.plist";
				IPHONEOS_DEPLOYMENT_TARGET = 14.0;
				LD_RUNPATH_SEARCH_PATHS = (
					"$(inherited)",
					"@executable_path/Frameworks",
				);
				PRODUCT_BUNDLE_IDENTIFIER = "kr.textobey.swiftui-practice";
				PRODUCT_NAME = "$(TARGET_NAME)";
				SWIFT_VERSION = 5.0;
				TARGETED_DEVICE_FAMILY = "1,2";
			};
			name = Debug;
		};
		A68C40192702E13800AEFC8F /* Release */ = {
			isa = XCBuildConfiguration;
			buildSettings = {
				ASSETCATALOG_COMPILER_APPICON_NAME = AppIcon;
				ASSETCATALOG_COMPILER_GLOBAL_ACCENT_COLOR_NAME = AccentColor;
				CODE_SIGN_STYLE = Automatic;
				DEVELOPMENT_ASSET_PATHS = "\"swiftui-practice/Preview Content\"";
				DEVELOPMENT_TEAM = HU8RMC793N;
				ENABLE_PREVIEWS = YES;
				INFOPLIST_FILE = "swiftui-practice/Info.plist";
				IPHONEOS_DEPLOYMENT_TARGET = 14.0;
				LD_RUNPATH_SEARCH_PATHS = (
					"$(inherited)",
					"@executable_path/Frameworks",
				);
				PRODUCT_BUNDLE_IDENTIFIER = "kr.textobey.swiftui-practice";
				PRODUCT_NAME = "$(TARGET_NAME)";
				SWIFT_VERSION = 5.0;
				TARGETED_DEVICE_FAMILY = "1,2";
			};
			name = Release;
		};
/* End XCBuildConfiguration section */

/* Begin XCConfigurationList section */
		A68C40032702E13600AEFC8F /* Build configuration list for PBXProject "swiftui-practice" */ = {
			isa = XCConfigurationList;
			buildConfigurations = (
				A68C40152702E13800AEFC8F /* Debug */,
				A68C40162702E13800AEFC8F /* Release */,
			);
			defaultConfigurationIsVisible = 0;
			defaultConfigurationName = Release;
		};
		A68C40172702E13800AEFC8F /* Build configuration list for PBXNativeTarget "swiftui-practice" */ = {
			isa = XCConfigurationList;
			buildConfigurations = (
				A68C40182702E13800AEFC8F /* Debug */,
				A68C40192702E13800AEFC8F /* Release */,
			);
			defaultConfigurationIsVisible = 0;
			defaultConfigurationName = Release;
		};
/* End XCConfigurationList section */
	};
	rootObject = A68C40002702E13600AEFC8F /* Project object */;
}
