// !$*UTF8*$!
{
	archiveVersion = 1;
	classes = {
	};
	objectVersion = 55;
	objects = {

/* Begin PBXBuildFile section */
		A6107A0927EC2CBD00BED371 /* HomeFlow.swift in Sources */ = {isa = PBXBuildFile; fileRef = A6107A0827EC2CBD00BED371 /* HomeFlow.swift */; };
		A6107A0B27EC2CD200BED371 /* ProgramFlow.swift in Sources */ = {isa = PBXBuildFile; fileRef = A6107A0A27EC2CD200BED371 /* ProgramFlow.swift */; };
		A6107A0D27EC2CD800BED371 /* ClassFlow.swift in Sources */ = {isa = PBXBuildFile; fileRef = A6107A0C27EC2CD800BED371 /* ClassFlow.swift */; };
		A6107A1327EC2E2B00BED371 /* TabBarController.swift in Sources */ = {isa = PBXBuildFile; fileRef = A6107A1227EC2E2B00BED371 /* TabBarController.swift */; };
		A640902D27EAED7600D83E76 /* AppDelegate.swift in Sources */ = {isa = PBXBuildFile; fileRef = A640902C27EAED7600D83E76 /* AppDelegate.swift */; };
		A640903627EAED7700D83E76 /* Assets.xcassets in Resources */ = {isa = PBXBuildFile; fileRef = A640903527EAED7700D83E76 /* Assets.xcassets */; };
		A640903927EAED7700D83E76 /* LaunchScreen.storyboard in Resources */ = {isa = PBXBuildFile; fileRef = A640903727EAED7700D83E76 /* LaunchScreen.storyboard */; };
		A640904227EAF06200D83E76 /* RxFlow in Frameworks */ = {isa = PBXBuildFile; productRef = A640904127EAF06200D83E76 /* RxFlow */; };
		A640904827EAF1C900D83E76 /* MainFlow.swift in Sources */ = {isa = PBXBuildFile; fileRef = A640904727EAF1C900D83E76 /* MainFlow.swift */; };
		A640904A27EAF23200D83E76 /* MainStepper.swift in Sources */ = {isa = PBXBuildFile; fileRef = A640904927EAF23200D83E76 /* MainStepper.swift */; };
		A640904C27EAF24600D83E76 /* MainSteps.swift in Sources */ = {isa = PBXBuildFile; fileRef = A640904B27EAF24600D83E76 /* MainSteps.swift */; };
		A640904F27EAF66400D83E76 /* Tabman in Frameworks */ = {isa = PBXBuildFile; productRef = A640904E27EAF66400D83E76 /* Tabman */; };
		A654279D27ED73AF00D9BA79 /* DetailViewController.swift in Sources */ = {isa = PBXBuildFile; fileRef = A654279C27ED73AF00D9BA79 /* DetailViewController.swift */; };
		A6D24A3127EBF8B30061ED26 /* UIColor+.swift in Sources */ = {isa = PBXBuildFile; fileRef = A6D24A3027EBF8B30061ED26 /* UIColor+.swift */; };
/* End PBXBuildFile section */

/* Begin PBXFileReference section */
		A6107A0827EC2CBD00BED371 /* HomeFlow.swift */ = {isa = PBXFileReference; lastKnownFileType = sourcecode.swift; path = HomeFlow.swift; sourceTree = "<group>"; };
		A6107A0A27EC2CD200BED371 /* ProgramFlow.swift */ = {isa = PBXFileReference; lastKnownFileType = sourcecode.swift; path = ProgramFlow.swift; sourceTree = "<group>"; };
		A6107A0C27EC2CD800BED371 /* ClassFlow.swift */ = {isa = PBXFileReference; lastKnownFileType = sourcecode.swift; path = ClassFlow.swift; sourceTree = "<group>"; };
		A6107A1227EC2E2B00BED371 /* TabBarController.swift */ = {isa = PBXFileReference; lastKnownFileType = sourcecode.swift; path = TabBarController.swift; sourceTree = "<group>"; };
		A640902927EAED7600D83E76 /* RxFlowTabPager.app */ = {isa = PBXFileReference; explicitFileType = wrapper.application; includeInIndex = 0; path = RxFlowTabPager.app; sourceTree = BUILT_PRODUCTS_DIR; };
		A640902C27EAED7600D83E76 /* AppDelegate.swift */ = {isa = PBXFileReference; lastKnownFileType = sourcecode.swift; path = AppDelegate.swift; sourceTree = "<group>"; };
		A640903527EAED7700D83E76 /* Assets.xcassets */ = {isa = PBXFileReference; lastKnownFileType = folder.assetcatalog; path = Assets.xcassets; sourceTree = "<group>"; };
		A640903827EAED7700D83E76 /* Base */ = {isa = PBXFileReference; lastKnownFileType = file.storyboard; name = Base; path = Base.lproj/LaunchScreen.storyboard; sourceTree = "<group>"; };
		A640903A27EAED7800D83E76 /* Info.plist */ = {isa = PBXFileReference; lastKnownFileType = text.plist.xml; path = Info.plist; sourceTree = "<group>"; };
		A640904727EAF1C900D83E76 /* MainFlow.swift */ = {isa = PBXFileReference; lastKnownFileType = sourcecode.swift; path = MainFlow.swift; sourceTree = "<group>"; };
		A640904927EAF23200D83E76 /* MainStepper.swift */ = {isa = PBXFileReference; lastKnownFileType = sourcecode.swift; path = MainStepper.swift; sourceTree = "<group>"; };
		A640904B27EAF24600D83E76 /* MainSteps.swift */ = {isa = PBXFileReference; lastKnownFileType = sourcecode.swift; path = MainSteps.swift; sourceTree = "<group>"; };
		A654279C27ED73AF00D9BA79 /* DetailViewController.swift */ = {isa = PBXFileReference; lastKnownFileType = sourcecode.swift; path = DetailViewController.swift; sourceTree = "<group>"; };
		A6D24A3027EBF8B30061ED26 /* UIColor+.swift */ = {isa = PBXFileReference; lastKnownFileType = sourcecode.swift; path = "UIColor+.swift"; sourceTree = "<group>"; };
/* End PBXFileReference section */

/* Begin PBXFrameworksBuildPhase section */
		A640902627EAED7600D83E76 /* Frameworks */ = {
			isa = PBXFrameworksBuildPhase;
			buildActionMask = 2147483647;
			files = (
				A640904227EAF06200D83E76 /* RxFlow in Frameworks */,
				A640904F27EAF66400D83E76 /* Tabman in Frameworks */,
			);
			runOnlyForDeploymentPostprocessing = 0;
		};
/* End PBXFrameworksBuildPhase section */

/* Begin PBXGroup section */
		A640902027EAED7600D83E76 = {
			isa = PBXGroup;
			children = (
				A640902B27EAED7600D83E76 /* RxFlowTabPager */,
				A640902A27EAED7600D83E76 /* Products */,
			);
			sourceTree = "<group>";
		};
		A640902A27EAED7600D83E76 /* Products */ = {
			isa = PBXGroup;
			children = (
				A640902927EAED7600D83E76 /* RxFlowTabPager.app */,
			);
			name = Products;
			sourceTree = "<group>";
		};
		A640902B27EAED7600D83E76 /* RxFlowTabPager */ = {
			isa = PBXGroup;
			children = (
				A640902C27EAED7600D83E76 /* AppDelegate.swift */,
				A640904727EAF1C900D83E76 /* MainFlow.swift */,
				A6107A0827EC2CBD00BED371 /* HomeFlow.swift */,
				A6107A0A27EC2CD200BED371 /* ProgramFlow.swift */,
				A6107A0C27EC2CD800BED371 /* ClassFlow.swift */,
				A640904B27EAF24600D83E76 /* MainSteps.swift */,
				A640904927EAF23200D83E76 /* MainStepper.swift */,
				A6107A1227EC2E2B00BED371 /* TabBarController.swift */,
				A654279C27ED73AF00D9BA79 /* DetailViewController.swift */,
				A6D24A3027EBF8B30061ED26 /* UIColor+.swift */,
				A640903527EAED7700D83E76 /* Assets.xcassets */,
				A640903727EAED7700D83E76 /* LaunchScreen.storyboard */,
				A640903A27EAED7800D83E76 /* Info.plist */,
			);
			path = RxFlowTabPager;
			sourceTree = "<group>";
		};
/* End PBXGroup section */

/* Begin PBXNativeTarget section */
		A640902827EAED7600D83E76 /* RxFlowTabPager */ = {
			isa = PBXNativeTarget;
			buildConfigurationList = A640903D27EAED7800D83E76 /* Build configuration list for PBXNativeTarget "RxFlowTabPager" */;
			buildPhases = (
				A640902527EAED7600D83E76 /* Sources */,
				A640902627EAED7600D83E76 /* Frameworks */,
				A640902727EAED7600D83E76 /* Resources */,
			);
			buildRules = (
			);
			dependencies = (
			);
			name = RxFlowTabPager;
			packageProductDependencies = (
				A640904127EAF06200D83E76 /* RxFlow */,
				A640904E27EAF66400D83E76 /* Tabman */,
			);
			productName = RxFlowTabPager;
			productReference = A640902927EAED7600D83E76 /* RxFlowTabPager.app */;
			productType = "com.apple.product-type.application";
		};
/* End PBXNativeTarget section */

/* Begin PBXProject section */
		A640902127EAED7600D83E76 /* Project object */ = {
			isa = PBXProject;
			attributes = {
				BuildIndependentTargetsInParallel = 1;
				LastSwiftUpdateCheck = 1320;
				LastUpgradeCheck = 1320;
				TargetAttributes = {
					A640902827EAED7600D83E76 = {
						CreatedOnToolsVersion = 13.2.1;
					};
				};
			};
			buildConfigurationList = A640902427EAED7600D83E76 /* Build configuration list for PBXProject "RxFlowTabPager" */;
			compatibilityVersion = "Xcode 13.0";
			developmentRegion = en;
			hasScannedForEncodings = 0;
			knownRegions = (
				en,
				Base,
			);
			mainGroup = A640902027EAED7600D83E76;
			packageReferences = (
				A640904027EAF06200D83E76 /* XCRemoteSwiftPackageReference "RxFlow" */,
				A640904D27EAF66400D83E76 /* XCRemoteSwiftPackageReference "Tabman" */,
			);
			productRefGroup = A640902A27EAED7600D83E76 /* Products */;
			projectDirPath = "";
			projectRoot = "";
			targets = (
				A640902827EAED7600D83E76 /* RxFlowTabPager */,
			);
		};
/* End PBXProject section */

/* Begin PBXResourcesBuildPhase section */
		A640902727EAED7600D83E76 /* Resources */ = {
			isa = PBXResourcesBuildPhase;
			buildActionMask = 2147483647;
			files = (
				A640903927EAED7700D83E76 /* LaunchScreen.storyboard in Resources */,
				A640903627EAED7700D83E76 /* Assets.xcassets in Resources */,
			);
			runOnlyForDeploymentPostprocessing = 0;
		};
/* End PBXResourcesBuildPhase section */

/* Begin PBXSourcesBuildPhase section */
		A640902527EAED7600D83E76 /* Sources */ = {
			isa = PBXSourcesBuildPhase;
			buildActionMask = 2147483647;
			files = (
				A640904A27EAF23200D83E76 /* MainStepper.swift in Sources */,
				A6107A0927EC2CBD00BED371 /* HomeFlow.swift in Sources */,
				A6107A1327EC2E2B00BED371 /* TabBarController.swift in Sources */,
				A640902D27EAED7600D83E76 /* AppDelegate.swift in Sources */,
				A6107A0B27EC2CD200BED371 /* ProgramFlow.swift in Sources */,
				A640904C27EAF24600D83E76 /* MainSteps.swift in Sources */,
				A640904827EAF1C900D83E76 /* MainFlow.swift in Sources */,
				A654279D27ED73AF00D9BA79 /* DetailViewController.swift in Sources */,
				A6107A0D27EC2CD800BED371 /* ClassFlow.swift in Sources */,
				A6D24A3127EBF8B30061ED26 /* UIColor+.swift in Sources */,
			);
			runOnlyForDeploymentPostprocessing = 0;
		};
/* End PBXSourcesBuildPhase section */

/* Begin PBXVariantGroup section */
		A640903727EAED7700D83E76 /* LaunchScreen.storyboard */ = {
			isa = PBXVariantGroup;
			children = (
				A640903827EAED7700D83E76 /* Base */,
			);
			name = LaunchScreen.storyboard;
			sourceTree = "<group>";
		};
/* End PBXVariantGroup section */

/* Begin XCBuildConfiguration section */
		A640903B27EAED7800D83E76 /* Debug */ = {
			isa = XCBuildConfiguration;
			buildSettings = {
				ALWAYS_SEARCH_USER_PATHS = NO;
				CLANG_ANALYZER_NONNULL = YES;
				CLANG_ANALYZER_NUMBER_OBJECT_CONVERSION = YES_AGGRESSIVE;
				CLANG_CXX_LANGUAGE_STANDARD = "gnu++17";
				CLANG_CXX_LIBRARY = "libc++";
				CLANG_ENABLE_MODULES = YES;
				CLANG_ENABLE_OBJC_ARC = YES;
				CLANG_ENABLE_OBJC_WEAK = YES;
				CLANG_WARN_BLOCK_CAPTURE_AUTORELEASING = YES;
				CLANG_WARN_BOOL_CONVERSION = YES;
				CLANG_WARN_COMMA = YES;
				CLANG_WARN_CONSTANT_CONVERSION = YES;
				CLANG_WARN_DEPRECATED_OBJC_IMPLEMENTATIONS = YES;
				CLANG_WARN_DIRECT_OBJC_ISA_USAGE = YES_ERROR;
				CLANG_WARN_DOCUMENTATION_COMMENTS = YES;
				CLANG_WARN_EMPTY_BODY = YES;
				CLANG_WARN_ENUM_CONVERSION = YES;
				CLANG_WARN_INFINITE_RECURSION = YES;
				CLANG_WARN_INT_CONVERSION = YES;
				CLANG_WARN_NON_LITERAL_NULL_CONVERSION = YES;
				CLANG_WARN_OBJC_IMPLICIT_RETAIN_SELF = YES;
				CLANG_WARN_OBJC_LITERAL_CONVERSION = YES;
				CLANG_WARN_OBJC_ROOT_CLASS = YES_ERROR;
				CLANG_WARN_QUOTED_INCLUDE_IN_FRAMEWORK_HEADER = YES;
				CLANG_WARN_RANGE_LOOP_ANALYSIS = YES;
				CLANG_WARN_STRICT_PROTOTYPES = YES;
				CLANG_WARN_SUSPICIOUS_MOVE = YES;
				CLANG_WARN_UNGUARDED_AVAILABILITY = YES_AGGRESSIVE;
				CLANG_WARN_UNREACHABLE_CODE = YES;
				CLANG_WARN__DUPLICATE_METHOD_MATCH = YES;
				COPY_PHASE_STRIP = NO;
				DEBUG_INFORMATION_FORMAT = dwarf;
				ENABLE_STRICT_OBJC_MSGSEND = YES;
				ENABLE_TESTABILITY = YES;
				GCC_C_LANGUAGE_STANDARD = gnu11;
				GCC_DYNAMIC_NO_PIC = NO;
				GCC_NO_COMMON_BLOCKS = YES;
				GCC_OPTIMIZATION_LEVEL = 0;
				GCC_PREPROCESSOR_DEFINITIONS = (
					"DEBUG=1",
					"$(inherited)",
				);
				GCC_WARN_64_TO_32_BIT_CONVERSION = YES;
				GCC_WARN_ABOUT_RETURN_TYPE = YES_ERROR;
				GCC_WARN_UNDECLARED_SELECTOR = YES;
				GCC_WARN_UNINITIALIZED_AUTOS = YES_AGGRESSIVE;
				GCC_WARN_UNUSED_FUNCTION = YES;
				GCC_WARN_UNUSED_VARIABLE = YES;
				IPHONEOS_DEPLOYMENT_TARGET = 15.2;
				MTL_ENABLE_DEBUG_INFO = INCLUDE_SOURCE;
				MTL_FAST_MATH = YES;
				ONLY_ACTIVE_ARCH = YES;
				SDKROOT = iphoneos;
				SWIFT_ACTIVE_COMPILATION_CONDITIONS = DEBUG;
				SWIFT_OPTIMIZATION_LEVEL = "-Onone";
			};
			name = Debug;
		};
		A640903C27EAED7800D83E76 /* Release */ = {
			isa = XCBuildConfiguration;
			buildSettings = {
				ALWAYS_SEARCH_USER_PATHS = NO;
				CLANG_ANALYZER_NONNULL = YES;
				CLANG_ANALYZER_NUMBER_OBJECT_CONVERSION = YES_AGGRESSIVE;
				CLANG_CXX_LANGUAGE_STANDARD = "gnu++17";
				CLANG_CXX_LIBRARY = "libc++";
				CLANG_ENABLE_MODULES = YES;
				CLANG_ENABLE_OBJC_ARC = YES;
				CLANG_ENABLE_OBJC_WEAK = YES;
				CLANG_WARN_BLOCK_CAPTURE_AUTORELEASING = YES;
				CLANG_WARN_BOOL_CONVERSION = YES;
				CLANG_WARN_COMMA = YES;
				CLANG_WARN_CONSTANT_CONVERSION = YES;
				CLANG_WARN_DEPRECATED_OBJC_IMPLEMENTATIONS = YES;
				CLANG_WARN_DIRECT_OBJC_ISA_USAGE = YES_ERROR;
				CLANG_WARN_DOCUMENTATION_COMMENTS = YES;
				CLANG_WARN_EMPTY_BODY = YES;
				CLANG_WARN_ENUM_CONVERSION = YES;
				CLANG_WARN_INFINITE_RECURSION = YES;
				CLANG_WARN_INT_CONVERSION = YES;
				CLANG_WARN_NON_LITERAL_NULL_CONVERSION = YES;
				CLANG_WARN_OBJC_IMPLICIT_RETAIN_SELF = YES;
				CLANG_WARN_OBJC_LITERAL_CONVERSION = YES;
				CLANG_WARN_OBJC_ROOT_CLASS = YES_ERROR;
				CLANG_WARN_QUOTED_INCLUDE_IN_FRAMEWORK_HEADER = YES;
				CLANG_WARN_RANGE_LOOP_ANALYSIS = YES;
				CLANG_WARN_STRICT_PROTOTYPES = YES;
				CLANG_WARN_SUSPICIOUS_MOVE = YES;
				CLANG_WARN_UNGUARDED_AVAILABILITY = YES_AGGRESSIVE;
				CLANG_WARN_UNREACHABLE_CODE = YES;
				CLANG_WARN__DUPLICATE_METHOD_MATCH = YES;
				COPY_PHASE_STRIP = NO;
				DEBUG_INFORMATION_FORMAT = "dwarf-with-dsym";
				ENABLE_NS_ASSERTIONS = NO;
				ENABLE_STRICT_OBJC_MSGSEND = YES;
				GCC_C_LANGUAGE_STANDARD = gnu11;
				GCC_NO_COMMON_BLOCKS = YES;
				GCC_WARN_64_TO_32_BIT_CONVERSION = YES;
				GCC_WARN_ABOUT_RETURN_TYPE = YES_ERROR;
				GCC_WARN_UNDECLARED_SELECTOR = YES;
				GCC_WARN_UNINITIALIZED_AUTOS = YES_AGGRESSIVE;
				GCC_WARN_UNUSED_FUNCTION = YES;
				GCC_WARN_UNUSED_VARIABLE = YES;
				IPHONEOS_DEPLOYMENT_TARGET = 15.2;
				MTL_ENABLE_DEBUG_INFO = NO;
				MTL_FAST_MATH = YES;
				SDKROOT = iphoneos;
				SWIFT_COMPILATION_MODE = wholemodule;
				SWIFT_OPTIMIZATION_LEVEL = "-O";
				VALIDATE_PRODUCT = YES;
			};
			name = Release;
		};
		A640903E27EAED7800D83E76 /* Debug */ = {
			isa = XCBuildConfiguration;
			buildSettings = {
				ASSETCATALOG_COMPILER_APPICON_NAME = AppIcon;
				ASSETCATALOG_COMPILER_GLOBAL_ACCENT_COLOR_NAME = AccentColor;
				CODE_SIGN_STYLE = Automatic;
				CURRENT_PROJECT_VERSION = 1;
				DEVELOPMENT_TEAM = HU8RMC793N;
				GENERATE_INFOPLIST_FILE = YES;
				INFOPLIST_FILE = RxFlowTabPager/Info.plist;
				INFOPLIST_KEY_UIApplicationSupportsIndirectInputEvents = YES;
				INFOPLIST_KEY_UILaunchStoryboardName = LaunchScreen;
				INFOPLIST_KEY_UIMainStoryboardFile = LaunchScreen;
				INFOPLIST_KEY_UISupportedInterfaceOrientations_iPad = "UIInterfaceOrientationPortrait UIInterfaceOrientationPortraitUpsideDown UIInterfaceOrientationLandscapeLeft UIInterfaceOrientationLandscapeRight";
				INFOPLIST_KEY_UISupportedInterfaceOrientations_iPhone = "UIInterfaceOrientationPortrait UIInterfaceOrientationLandscapeLeft UIInterfaceOrientationLandscapeRight";
				LD_RUNPATH_SEARCH_PATHS = (
					"$(inherited)",
					"@executable_path/Frameworks",
				);
				MARKETING_VERSION = 1.0;
				PRODUCT_BUNDLE_IDENTIFIER = kr.textobey.RxFlowTabPager;
				PRODUCT_NAME = "$(TARGET_NAME)";
				SWIFT_EMIT_LOC_STRINGS = YES;
				SWIFT_VERSION = 5.0;
				TARGETED_DEVICE_FAMILY = "1,2";
			};
			name = Debug;
		};
		A640903F27EAED7800D83E76 /* Release */ = {
			isa = XCBuildConfiguration;
			buildSettings = {
				ASSETCATALOG_COMPILER_APPICON_NAME = AppIcon;
				ASSETCATALOG_COMPILER_GLOBAL_ACCENT_COLOR_NAME = AccentColor;
				CODE_SIGN_STYLE = Automatic;
				CURRENT_PROJECT_VERSION = 1;
				DEVELOPMENT_TEAM = HU8RMC793N;
				GENERATE_INFOPLIST_FILE = YES;
				INFOPLIST_FILE = RxFlowTabPager/Info.plist;
				INFOPLIST_KEY_UIApplicationSupportsIndirectInputEvents = YES;
				INFOPLIST_KEY_UILaunchStoryboardName = LaunchScreen;
				INFOPLIST_KEY_UIMainStoryboardFile = LaunchScreen;
				INFOPLIST_KEY_UISupportedInterfaceOrientations_iPad = "UIInterfaceOrientationPortrait UIInterfaceOrientationPortraitUpsideDown UIInterfaceOrientationLandscapeLeft UIInterfaceOrientationLandscapeRight";
				INFOPLIST_KEY_UISupportedInterfaceOrientations_iPhone = "UIInterfaceOrientationPortrait UIInterfaceOrientationLandscapeLeft UIInterfaceOrientationLandscapeRight";
				LD_RUNPATH_SEARCH_PATHS = (
					"$(inherited)",
					"@executable_path/Frameworks",
				);
				MARKETING_VERSION = 1.0;
				PRODUCT_BUNDLE_IDENTIFIER = kr.textobey.RxFlowTabPager;
				PRODUCT_NAME = "$(TARGET_NAME)";
				SWIFT_EMIT_LOC_STRINGS = YES;
				SWIFT_VERSION = 5.0;
				TARGETED_DEVICE_FAMILY = "1,2";
			};
			name = Release;
		};
/* End XCBuildConfiguration section */

/* Begin XCConfigurationList section */
		A640902427EAED7600D83E76 /* Build configuration list for PBXProject "RxFlowTabPager" */ = {
			isa = XCConfigurationList;
			buildConfigurations = (
				A640903B27EAED7800D83E76 /* Debug */,
				A640903C27EAED7800D83E76 /* Release */,
			);
			defaultConfigurationIsVisible = 0;
			defaultConfigurationName = Release;
		};
		A640903D27EAED7800D83E76 /* Build configuration list for PBXNativeTarget "RxFlowTabPager" */ = {
			isa = XCConfigurationList;
			buildConfigurations = (
				A640903E27EAED7800D83E76 /* Debug */,
				A640903F27EAED7800D83E76 /* Release */,
			);
			defaultConfigurationIsVisible = 0;
			defaultConfigurationName = Release;
		};
/* End XCConfigurationList section */

/* Begin XCRemoteSwiftPackageReference section */
		A640904027EAF06200D83E76 /* XCRemoteSwiftPackageReference "RxFlow" */ = {
			isa = XCRemoteSwiftPackageReference;
			repositoryURL = "https://github.com/RxSwiftCommunity/RxFlow.git";
			requirement = {
				kind = versionRange;
				maximumVersion = 3.0.0;
				minimumVersion = 2.12.4;
			};
		};
		A640904D27EAF66400D83E76 /* XCRemoteSwiftPackageReference "Tabman" */ = {
			isa = XCRemoteSwiftPackageReference;
			repositoryURL = "https://github.com/uias/Tabman.git";
			requirement = {
				kind = exactVersion;
				version = 2.12.0;
			};
		};
/* End XCRemoteSwiftPackageReference section */

/* Begin XCSwiftPackageProductDependency section */
		A640904127EAF06200D83E76 /* RxFlow */ = {
			isa = XCSwiftPackageProductDependency;
			package = A640904027EAF06200D83E76 /* XCRemoteSwiftPackageReference "RxFlow" */;
			productName = RxFlow;
		};
		A640904E27EAF66400D83E76 /* Tabman */ = {
			isa = XCSwiftPackageProductDependency;
			package = A640904D27EAF66400D83E76 /* XCRemoteSwiftPackageReference "Tabman" */;
			productName = Tabman;
		};
/* End XCSwiftPackageProductDependency section */
	};
	rootObject = A640902127EAED7600D83E76 /* Project object */;
}
