// !$*UTF8*$!
{
	archiveVersion = 1;
	classes = {
	};
	objectVersion = 52;
	objects = {

/* Begin PBXBuildFile section */
		A62D646727548E6100581EDB /* TextField.swift in Sources */ = {isa = PBXBuildFile; fileRef = A62D646627548E6100581EDB /* TextField.swift */; };
		A62D6469275494FF00581EDB /* UIView+.swift in Sources */ = {isa = PBXBuildFile; fileRef = A62D6468275494FF00581EDB /* UIView+.swift */; };
		A62D646C275496EB00581EDB /* TextBoxPickerViewController.swift in Sources */ = {isa = PBXBuildFile; fileRef = A62D646B275496EB00581EDB /* TextBoxPickerViewController.swift */; };
		A62D646E2754B07E00581EDB /* TextView.swift in Sources */ = {isa = PBXBuildFile; fileRef = A62D646D2754B07E00581EDB /* TextView.swift */; };
		A62D64702754C90F00581EDB /* PickerView.swift in Sources */ = {isa = PBXBuildFile; fileRef = A62D646F2754C90F00581EDB /* PickerView.swift */; };
		A62D64732754CEDE00581EDB /* PickerPickerViewController.swift in Sources */ = {isa = PBXBuildFile; fileRef = A62D64722754CEDE00581EDB /* PickerPickerViewController.swift */; };
		A635AD002755F6970047441F /* Date+.swift in Sources */ = {isa = PBXBuildFile; fileRef = A635ACFF2755F6970047441F /* Date+.swift */; };
		A635AD022755FC540047441F /* String+.swift in Sources */ = {isa = PBXBuildFile; fileRef = A635AD012755FC540047441F /* String+.swift */; };
		A6A283B5274F5D8B00C5DBC4 /* AppDelegate.swift in Sources */ = {isa = PBXBuildFile; fileRef = A6A283B4274F5D8B00C5DBC4 /* AppDelegate.swift */; };
		A6A283BE274F5D8D00C5DBC4 /* Assets.xcassets in Resources */ = {isa = PBXBuildFile; fileRef = A6A283BD274F5D8D00C5DBC4 /* Assets.xcassets */; };
		A6A283C1274F5D8D00C5DBC4 /* LaunchScreen.storyboard in Resources */ = {isa = PBXBuildFile; fileRef = A6A283BF274F5D8D00C5DBC4 /* LaunchScreen.storyboard */; };
		A6A283CF274F5F9500C5DBC4 /* MainViewController.swift in Sources */ = {isa = PBXBuildFile; fileRef = A6A283CE274F5F9500C5DBC4 /* MainViewController.swift */; };
		A6A283D4274F603D00C5DBC4 /* RxRelay in Frameworks */ = {isa = PBXBuildFile; productRef = A6A283D3274F603D00C5DBC4 /* RxRelay */; };
		A6A283D6274F603D00C5DBC4 /* RxSwift in Frameworks */ = {isa = PBXBuildFile; productRef = A6A283D5274F603D00C5DBC4 /* RxSwift */; };
		A6A283D8274F603D00C5DBC4 /* RxCocoa in Frameworks */ = {isa = PBXBuildFile; productRef = A6A283D7274F603D00C5DBC4 /* RxCocoa */; };
		A6A283DC274F605C00C5DBC4 /* RxSwiftExt in Frameworks */ = {isa = PBXBuildFile; productRef = A6A283DB274F605C00C5DBC4 /* RxSwiftExt */; };
		A6A283E0274F609100C5DBC4 /* SnapKit in Frameworks */ = {isa = PBXBuildFile; productRef = A6A283DF274F609100C5DBC4 /* SnapKit */; };
		A6A283E4274F60A800C5DBC4 /* Then in Frameworks */ = {isa = PBXBuildFile; productRef = A6A283E3274F60A800C5DBC4 /* Then */; };
		A6A283E8274F60D300C5DBC4 /* Kingfisher in Frameworks */ = {isa = PBXBuildFile; productRef = A6A283E7274F60D300C5DBC4 /* Kingfisher */; };
		A6A283F4274F61E600C5DBC4 /* MainListCell.swift in Sources */ = {isa = PBXBuildFile; fileRef = A6A283F3274F61E600C5DBC4 /* MainListCell.swift */; };
		A6A283FF274F635600C5DBC4 /* NOTOSANSKR-REGULAR-HESTIA.ttf in Resources */ = {isa = PBXBuildFile; fileRef = A6A283F9274F635600C5DBC4 /* NOTOSANSKR-REGULAR-HESTIA.ttf */; };
		A6A28400274F635600C5DBC4 /* Montserrat-Regular.ttf in Resources */ = {isa = PBXBuildFile; fileRef = A6A283FA274F635600C5DBC4 /* Montserrat-Regular.ttf */; };
		A6A28401274F635600C5DBC4 /* Montserrat-Medium.ttf in Resources */ = {isa = PBXBuildFile; fileRef = A6A283FB274F635600C5DBC4 /* Montserrat-Medium.ttf */; };
		A6A28402274F635600C5DBC4 /* Montserrat-Bold.ttf in Resources */ = {isa = PBXBuildFile; fileRef = A6A283FC274F635600C5DBC4 /* Montserrat-Bold.ttf */; };
		A6A28403274F635600C5DBC4 /* NOTOSANSKR-BOLD-HESTIA.ttf in Resources */ = {isa = PBXBuildFile; fileRef = A6A283FD274F635600C5DBC4 /* NOTOSANSKR-BOLD-HESTIA.ttf */; };
		A6A28404274F635600C5DBC4 /* NOTOSANSKR-MEDIUM-HESTIA.ttf in Resources */ = {isa = PBXBuildFile; fileRef = A6A283FE274F635600C5DBC4 /* NOTOSANSKR-MEDIUM-HESTIA.ttf */; };
		A6A28408274F63B800C5DBC4 /* UIFont+.swift in Sources */ = {isa = PBXBuildFile; fileRef = A6A28407274F63B800C5DBC4 /* UIFont+.swift */; };
		A6A28410274F691B00C5DBC4 /* MultipleTopTabBarPickerViewController.swift in Sources */ = {isa = PBXBuildFile; fileRef = A6A2840F274F691B00C5DBC4 /* MultipleTopTabBarPickerViewController.swift */; };
		A6D22EF5275715DB00E858A4 /* DropDownSelection.swift in Sources */ = {isa = PBXBuildFile; fileRef = A6D22EF4275715DB00E858A4 /* DropDownSelection.swift */; };
		A6D22EFA275716C300E858A4 /* DropDownViewController.swift in Sources */ = {isa = PBXBuildFile; fileRef = A6D22EF9275716C300E858A4 /* DropDownViewController.swift */; };
		A6D22EFD27572B7F00E858A4 /* UIBaseViewController.swift in Sources */ = {isa = PBXBuildFile; fileRef = A6D22EFC27572B7F00E858A4 /* UIBaseViewController.swift */; };
/* End PBXBuildFile section */

/* Begin PBXFileReference section */
		A62D646627548E6100581EDB /* TextField.swift */ = {isa = PBXFileReference; lastKnownFileType = sourcecode.swift; path = TextField.swift; sourceTree = "<group>"; };
		A62D6468275494FF00581EDB /* UIView+.swift */ = {isa = PBXFileReference; lastKnownFileType = sourcecode.swift; path = "UIView+.swift"; sourceTree = "<group>"; };
		A62D646B275496EB00581EDB /* TextBoxPickerViewController.swift */ = {isa = PBXFileReference; lastKnownFileType = sourcecode.swift; path = TextBoxPickerViewController.swift; sourceTree = "<group>"; };
		A62D646D2754B07E00581EDB /* TextView.swift */ = {isa = PBXFileReference; lastKnownFileType = sourcecode.swift; path = TextView.swift; sourceTree = "<group>"; };
		A62D646F2754C90F00581EDB /* PickerView.swift */ = {isa = PBXFileReference; lastKnownFileType = sourcecode.swift; path = PickerView.swift; sourceTree = "<group>"; };
		A62D64722754CEDE00581EDB /* PickerPickerViewController.swift */ = {isa = PBXFileReference; lastKnownFileType = sourcecode.swift; path = PickerPickerViewController.swift; sourceTree = "<group>"; };
		A635ACFF2755F6970047441F /* Date+.swift */ = {isa = PBXFileReference; lastKnownFileType = sourcecode.swift; path = "Date+.swift"; sourceTree = "<group>"; };
		A635AD012755FC540047441F /* String+.swift */ = {isa = PBXFileReference; lastKnownFileType = sourcecode.swift; path = "String+.swift"; sourceTree = "<group>"; };
		A6A283B1274F5D8B00C5DBC4 /* MyFoundation.app */ = {isa = PBXFileReference; explicitFileType = wrapper.application; includeInIndex = 0; path = MyFoundation.app; sourceTree = BUILT_PRODUCTS_DIR; };
		A6A283B4274F5D8B00C5DBC4 /* AppDelegate.swift */ = {isa = PBXFileReference; lastKnownFileType = sourcecode.swift; path = AppDelegate.swift; sourceTree = "<group>"; };
		A6A283BD274F5D8D00C5DBC4 /* Assets.xcassets */ = {isa = PBXFileReference; lastKnownFileType = folder.assetcatalog; path = Assets.xcassets; sourceTree = "<group>"; };
		A6A283C0274F5D8D00C5DBC4 /* Base */ = {isa = PBXFileReference; lastKnownFileType = file.storyboard; name = Base; path = Base.lproj/LaunchScreen.storyboard; sourceTree = "<group>"; };
		A6A283C2274F5D8D00C5DBC4 /* Info.plist */ = {isa = PBXFileReference; lastKnownFileType = text.plist.xml; path = Info.plist; sourceTree = "<group>"; };
		A6A283CE274F5F9500C5DBC4 /* MainViewController.swift */ = {isa = PBXFileReference; lastKnownFileType = sourcecode.swift; path = MainViewController.swift; sourceTree = "<group>"; };
		A6A283F3274F61E600C5DBC4 /* MainListCell.swift */ = {isa = PBXFileReference; lastKnownFileType = sourcecode.swift; path = MainListCell.swift; sourceTree = "<group>"; };
		A6A283F9274F635600C5DBC4 /* NOTOSANSKR-REGULAR-HESTIA.ttf */ = {isa = PBXFileReference; lastKnownFileType = file; path = "NOTOSANSKR-REGULAR-HESTIA.ttf"; sourceTree = "<group>"; };
		A6A283FA274F635600C5DBC4 /* Montserrat-Regular.ttf */ = {isa = PBXFileReference; lastKnownFileType = file; path = "Montserrat-Regular.ttf"; sourceTree = "<group>"; };
		A6A283FB274F635600C5DBC4 /* Montserrat-Medium.ttf */ = {isa = PBXFileReference; lastKnownFileType = file; path = "Montserrat-Medium.ttf"; sourceTree = "<group>"; };
		A6A283FC274F635600C5DBC4 /* Montserrat-Bold.ttf */ = {isa = PBXFileReference; lastKnownFileType = file; path = "Montserrat-Bold.ttf"; sourceTree = "<group>"; };
		A6A283FD274F635600C5DBC4 /* NOTOSANSKR-BOLD-HESTIA.ttf */ = {isa = PBXFileReference; lastKnownFileType = file; path = "NOTOSANSKR-BOLD-HESTIA.ttf"; sourceTree = "<group>"; };
		A6A283FE274F635600C5DBC4 /* NOTOSANSKR-MEDIUM-HESTIA.ttf */ = {isa = PBXFileReference; lastKnownFileType = file; path = "NOTOSANSKR-MEDIUM-HESTIA.ttf"; sourceTree = "<group>"; };
		A6A28407274F63B800C5DBC4 /* UIFont+.swift */ = {isa = PBXFileReference; lastKnownFileType = sourcecode.swift; path = "UIFont+.swift"; sourceTree = "<group>"; };
		A6A2840F274F691B00C5DBC4 /* MultipleTopTabBarPickerViewController.swift */ = {isa = PBXFileReference; lastKnownFileType = sourcecode.swift; path = MultipleTopTabBarPickerViewController.swift; sourceTree = "<group>"; };
		A6D22EF4275715DB00E858A4 /* DropDownSelection.swift */ = {isa = PBXFileReference; lastKnownFileType = sourcecode.swift; path = DropDownSelection.swift; sourceTree = "<group>"; };
		A6D22EF9275716C300E858A4 /* DropDownViewController.swift */ = {isa = PBXFileReference; lastKnownFileType = sourcecode.swift; path = DropDownViewController.swift; sourceTree = "<group>"; };
		A6D22EFC27572B7F00E858A4 /* UIBaseViewController.swift */ = {isa = PBXFileReference; lastKnownFileType = sourcecode.swift; path = UIBaseViewController.swift; sourceTree = "<group>"; };
/* End PBXFileReference section */

/* Begin PBXFrameworksBuildPhase section */
		A6A283AE274F5D8B00C5DBC4 /* Frameworks */ = {
			isa = PBXFrameworksBuildPhase;
			buildActionMask = 2147483647;
			files = (
				A6A283D8274F603D00C5DBC4 /* RxCocoa in Frameworks */,
				A6A283E4274F60A800C5DBC4 /* Then in Frameworks */,
				A6A283E8274F60D300C5DBC4 /* Kingfisher in Frameworks */,
				A6A283D6274F603D00C5DBC4 /* RxSwift in Frameworks */,
				A6A283DC274F605C00C5DBC4 /* RxSwiftExt in Frameworks */,
				A6A283D4274F603D00C5DBC4 /* RxRelay in Frameworks */,
				A6A283E0274F609100C5DBC4 /* SnapKit in Frameworks */,
			);
			runOnlyForDeploymentPostprocessing = 0;
		};
/* End PBXFrameworksBuildPhase section */

/* Begin PBXGroup section */
		A62D646A275496CF00581EDB /* TextBox */ = {
			isa = PBXGroup;
			children = (
				A62D646B275496EB00581EDB /* TextBoxPickerViewController.swift */,
			);
			path = TextBox;
			sourceTree = "<group>";
		};
		A62D64712754CCA100581EDB /* Picker */ = {
			isa = PBXGroup;
			children = (
				A62D64722754CEDE00581EDB /* PickerPickerViewController.swift */,
			);
			path = Picker;
			sourceTree = "<group>";
		};
		A68409CE27548C290041D8F8 /* Foundation */ = {
			isa = PBXGroup;
			children = (
				A62D646627548E6100581EDB /* TextField.swift */,
				A62D646D2754B07E00581EDB /* TextView.swift */,
				A62D646F2754C90F00581EDB /* PickerView.swift */,
				A6D22EF4275715DB00E858A4 /* DropDownSelection.swift */,
			);
			path = Foundation;
			sourceTree = "<group>";
		};
		A6A283A8274F5D8B00C5DBC4 = {
			isa = PBXGroup;
			children = (
				A6A283B3274F5D8B00C5DBC4 /* MyFoundation */,
				A6A283B2274F5D8B00C5DBC4 /* Products */,
			);
			sourceTree = "<group>";
		};
		A6A283B2274F5D8B00C5DBC4 /* Products */ = {
			isa = PBXGroup;
			children = (
				A6A283B1274F5D8B00C5DBC4 /* MyFoundation.app */,
			);
			name = Products;
			sourceTree = "<group>";
		};
		A6A283B3274F5D8B00C5DBC4 /* MyFoundation */ = {
			isa = PBXGroup;
			children = (
				A6A283B4274F5D8B00C5DBC4 /* AppDelegate.swift */,
				A6A283C2274F5D8D00C5DBC4 /* Info.plist */,
				A6A28406274F63AA00C5DBC4 /* Extension */,
				A6A283CD274F5F1100C5DBC4 /* Features */,
				A68409CE27548C290041D8F8 /* Foundation */,
				A6A283CC274F5EF900C5DBC4 /* Resources */,
				A6A283F8274F632400C5DBC4 /* Supporting files */,
			);
			path = MyFoundation;
			sourceTree = "<group>";
		};
		A6A283CC274F5EF900C5DBC4 /* Resources */ = {
			isa = PBXGroup;
			children = (
				A6A283BD274F5D8D00C5DBC4 /* Assets.xcassets */,
				A6A283BF274F5D8D00C5DBC4 /* LaunchScreen.storyboard */,
			);
			path = Resources;
			sourceTree = "<group>";
		};
		A6A283CD274F5F1100C5DBC4 /* Features */ = {
			isa = PBXGroup;
			children = (
				A6D22EFC27572B7F00E858A4 /* UIBaseViewController.swift */,
				A6A283ED274F618200C5DBC4 /* Main */,
				A6A2840E274F68EA00C5DBC4 /* MultipleTopTabBar */,
				A62D646A275496CF00581EDB /* TextBox */,
				A62D64712754CCA100581EDB /* Picker */,
				A6D22EF6275715E600E858A4 /* DropDown */,
			);
			path = Features;
			sourceTree = "<group>";
		};
		A6A283ED274F618200C5DBC4 /* Main */ = {
			isa = PBXGroup;
			children = (
				A6A283EE274F619500C5DBC4 /* SubViews */,
				A6A283CE274F5F9500C5DBC4 /* MainViewController.swift */,
			);
			path = Main;
			sourceTree = "<group>";
		};
		A6A283EE274F619500C5DBC4 /* SubViews */ = {
			isa = PBXGroup;
			children = (
				A6A283F3274F61E600C5DBC4 /* MainListCell.swift */,
			);
			path = SubViews;
			sourceTree = "<group>";
		};
		A6A283F8274F632400C5DBC4 /* Supporting files */ = {
			isa = PBXGroup;
			children = (
				A6A283FC274F635600C5DBC4 /* Montserrat-Bold.ttf */,
				A6A283FB274F635600C5DBC4 /* Montserrat-Medium.ttf */,
				A6A283FA274F635600C5DBC4 /* Montserrat-Regular.ttf */,
				A6A283FD274F635600C5DBC4 /* NOTOSANSKR-BOLD-HESTIA.ttf */,
				A6A283FE274F635600C5DBC4 /* NOTOSANSKR-MEDIUM-HESTIA.ttf */,
				A6A283F9274F635600C5DBC4 /* NOTOSANSKR-REGULAR-HESTIA.ttf */,
			);
			path = "Supporting files";
			sourceTree = "<group>";
		};
		A6A28406274F63AA00C5DBC4 /* Extension */ = {
			isa = PBXGroup;
			children = (
				A6A28407274F63B800C5DBC4 /* UIFont+.swift */,
				A62D6468275494FF00581EDB /* UIView+.swift */,
				A635ACFF2755F6970047441F /* Date+.swift */,
				A635AD012755FC540047441F /* String+.swift */,
			);
			path = Extension;
			sourceTree = "<group>";
		};
		A6A2840E274F68EA00C5DBC4 /* MultipleTopTabBar */ = {
			isa = PBXGroup;
			children = (
				A6A2840F274F691B00C5DBC4 /* MultipleTopTabBarPickerViewController.swift */,
			);
			path = MultipleTopTabBar;
			sourceTree = "<group>";
		};
		A6D22EF6275715E600E858A4 /* DropDown */ = {
			isa = PBXGroup;
			children = (
				A6D22EF9275716C300E858A4 /* DropDownViewController.swift */,
			);
			path = DropDown;
			sourceTree = "<group>";
		};
/* End PBXGroup section */

/* Begin PBXNativeTarget section */
		A6A283B0274F5D8B00C5DBC4 /* MyFoundation */ = {
			isa = PBXNativeTarget;
			buildConfigurationList = A6A283C5274F5D8D00C5DBC4 /* Build configuration list for PBXNativeTarget "MyFoundation" */;
			buildPhases = (
				A6A283AD274F5D8B00C5DBC4 /* Sources */,
				A6A283AE274F5D8B00C5DBC4 /* Frameworks */,
				A6A283AF274F5D8B00C5DBC4 /* Resources */,
			);
			buildRules = (
			);
			dependencies = (
			);
			name = MyFoundation;
			packageProductDependencies = (
				A6A283D3274F603D00C5DBC4 /* RxRelay */,
				A6A283D5274F603D00C5DBC4 /* RxSwift */,
				A6A283D7274F603D00C5DBC4 /* RxCocoa */,
				A6A283DB274F605C00C5DBC4 /* RxSwiftExt */,
				A6A283DF274F609100C5DBC4 /* SnapKit */,
				A6A283E3274F60A800C5DBC4 /* Then */,
				A6A283E7274F60D300C5DBC4 /* Kingfisher */,
			);
			productName = MyFoundation;
			productReference = A6A283B1274F5D8B00C5DBC4 /* MyFoundation.app */;
			productType = "com.apple.product-type.application";
		};
/* End PBXNativeTarget section */

/* Begin PBXProject section */
		A6A283A9274F5D8B00C5DBC4 /* Project object */ = {
			isa = PBXProject;
			attributes = {
				LastSwiftUpdateCheck = 1200;
				LastUpgradeCheck = 1200;
				TargetAttributes = {
					A6A283B0274F5D8B00C5DBC4 = {
						CreatedOnToolsVersion = 12.0.1;
					};
				};
			};
			buildConfigurationList = A6A283AC274F5D8B00C5DBC4 /* Build configuration list for PBXProject "MyFoundation" */;
			compatibilityVersion = "Xcode 9.3";
			developmentRegion = en;
			hasScannedForEncodings = 0;
			knownRegions = (
				en,
				Base,
			);
			mainGroup = A6A283A8274F5D8B00C5DBC4;
			packageReferences = (
				A6A283D2274F603D00C5DBC4 /* XCRemoteSwiftPackageReference "RxSwift" */,
				A6A283DA274F605C00C5DBC4 /* XCRemoteSwiftPackageReference "RxSwiftExt" */,
				A6A283DE274F609100C5DBC4 /* XCRemoteSwiftPackageReference "SnapKit" */,
				A6A283E2274F60A800C5DBC4 /* XCRemoteSwiftPackageReference "Then" */,
				A6A283E6274F60D300C5DBC4 /* XCRemoteSwiftPackageReference "Kingfisher" */,
			);
			productRefGroup = A6A283B2274F5D8B00C5DBC4 /* Products */;
			projectDirPath = "";
			projectRoot = "";
			targets = (
				A6A283B0274F5D8B00C5DBC4 /* MyFoundation */,
			);
		};
/* End PBXProject section */

/* Begin PBXResourcesBuildPhase section */
		A6A283AF274F5D8B00C5DBC4 /* Resources */ = {
			isa = PBXResourcesBuildPhase;
			buildActionMask = 2147483647;
			files = (
				A6A28400274F635600C5DBC4 /* Montserrat-Regular.ttf in Resources */,
				A6A28401274F635600C5DBC4 /* Montserrat-Medium.ttf in Resources */,
				A6A28402274F635600C5DBC4 /* Montserrat-Bold.ttf in Resources */,
				A6A28404274F635600C5DBC4 /* NOTOSANSKR-MEDIUM-HESTIA.ttf in Resources */,
				A6A28403274F635600C5DBC4 /* NOTOSANSKR-BOLD-HESTIA.ttf in Resources */,
				A6A283C1274F5D8D00C5DBC4 /* LaunchScreen.storyboard in Resources */,
				A6A283FF274F635600C5DBC4 /* NOTOSANSKR-REGULAR-HESTIA.ttf in Resources */,
				A6A283BE274F5D8D00C5DBC4 /* Assets.xcassets in Resources */,
			);
			runOnlyForDeploymentPostprocessing = 0;
		};
/* End PBXResourcesBuildPhase section */

/* Begin PBXSourcesBuildPhase section */
		A6A283AD274F5D8B00C5DBC4 /* Sources */ = {
			isa = PBXSourcesBuildPhase;
			buildActionMask = 2147483647;
			files = (
				A6A283CF274F5F9500C5DBC4 /* MainViewController.swift in Sources */,
				A6D22EF5275715DB00E858A4 /* DropDownSelection.swift in Sources */,
				A6A28408274F63B800C5DBC4 /* UIFont+.swift in Sources */,
				A62D6469275494FF00581EDB /* UIView+.swift in Sources */,
				A635AD002755F6970047441F /* Date+.swift in Sources */,
				A6A28410274F691B00C5DBC4 /* MultipleTopTabBarPickerViewController.swift in Sources */,
				A62D646727548E6100581EDB /* TextField.swift in Sources */,
				A6A283F4274F61E600C5DBC4 /* MainListCell.swift in Sources */,
				A62D646E2754B07E00581EDB /* TextView.swift in Sources */,
				A6D22EFA275716C300E858A4 /* DropDownViewController.swift in Sources */,
				A62D646C275496EB00581EDB /* TextBoxPickerViewController.swift in Sources */,
				A62D64702754C90F00581EDB /* PickerView.swift in Sources */,
				A635AD022755FC540047441F /* String+.swift in Sources */,
				A6D22EFD27572B7F00E858A4 /* UIBaseViewController.swift in Sources */,
				A6A283B5274F5D8B00C5DBC4 /* AppDelegate.swift in Sources */,
				A62D64732754CEDE00581EDB /* PickerPickerViewController.swift in Sources */,
			);
			runOnlyForDeploymentPostprocessing = 0;
		};
/* End PBXSourcesBuildPhase section */

/* Begin PBXVariantGroup section */
		A6A283BF274F5D8D00C5DBC4 /* LaunchScreen.storyboard */ = {
			isa = PBXVariantGroup;
			children = (
				A6A283C0274F5D8D00C5DBC4 /* Base */,
			);
			name = LaunchScreen.storyboard;
			sourceTree = "<group>";
		};
/* End PBXVariantGroup section */

/* Begin XCBuildConfiguration section */
		A6A283C3274F5D8D00C5DBC4 /* Debug */ = {
			isa = XCBuildConfiguration;
			buildSettings = {
				ALWAYS_SEARCH_USER_PATHS = NO;
				CLANG_ANALYZER_NONNULL = YES;
				CLANG_ANALYZER_NUMBER_OBJECT_CONVERSION = YES_AGGRESSIVE;
				CLANG_CXX_LANGUAGE_STANDARD = "gnu++14";
				CLANG_CXX_LIBRARY = "libc++";
				CLANG_ENABLE_MODULES = YES;
				CLANG_ENABLE_OBJC_ARC = YES;
				CLANG_ENABLE_OBJC_WEAK = YES;
				CLANG_WARN_BLOCK_CAPTURE_AUTORELEASING = YES;
				CLANG_WARN_BOOL_CONVERSION = YES;
				CLANG_WARN_COMMA = YES;
				CLANG_WARN_CONSTANT_CONVERSION = YES;
				CLANG_WARN_DEPRECATED_OBJC_IMPLEMENTATIONS = YES;
				CLANG_WARN_DIRECT_OBJC_ISA_USAGE = YES_ERROR;
				CLANG_WARN_DOCUMENTATION_COMMENTS = YES;
				CLANG_WARN_EMPTY_BODY = YES;
				CLANG_WARN_ENUM_CONVERSION = YES;
				CLANG_WARN_INFINITE_RECURSION = YES;
				CLANG_WARN_INT_CONVERSION = YES;
				CLANG_WARN_NON_LITERAL_NULL_CONVERSION = YES;
				CLANG_WARN_OBJC_IMPLICIT_RETAIN_SELF = YES;
				CLANG_WARN_OBJC_LITERAL_CONVERSION = YES;
				CLANG_WARN_OBJC_ROOT_CLASS = YES_ERROR;
				CLANG_WARN_QUOTED_INCLUDE_IN_FRAMEWORK_HEADER = YES;
				CLANG_WARN_RANGE_LOOP_ANALYSIS = YES;
				CLANG_WARN_STRICT_PROTOTYPES = YES;
				CLANG_WARN_SUSPICIOUS_MOVE = YES;
				CLANG_WARN_UNGUARDED_AVAILABILITY = YES_AGGRESSIVE;
				CLANG_WARN_UNREACHABLE_CODE = YES;
				CLANG_WARN__DUPLICATE_METHOD_MATCH = YES;
				COPY_PHASE_STRIP = NO;
				DEBUG_INFORMATION_FORMAT = dwarf;
				ENABLE_STRICT_OBJC_MSGSEND = YES;
				ENABLE_TESTABILITY = YES;
				GCC_C_LANGUAGE_STANDARD = gnu11;
				GCC_DYNAMIC_NO_PIC = NO;
				GCC_NO_COMMON_BLOCKS = YES;
				GCC_OPTIMIZATION_LEVEL = 0;
				GCC_PREPROCESSOR_DEFINITIONS = (
					"DEBUG=1",
					"$(inherited)",
				);
				GCC_WARN_64_TO_32_BIT_CONVERSION = YES;
				GCC_WARN_ABOUT_RETURN_TYPE = YES_ERROR;
				GCC_WARN_UNDECLARED_SELECTOR = YES;
				GCC_WARN_UNINITIALIZED_AUTOS = YES_AGGRESSIVE;
				GCC_WARN_UNUSED_FUNCTION = YES;
				GCC_WARN_UNUSED_VARIABLE = YES;
				IPHONEOS_DEPLOYMENT_TARGET = 13.0;
				MTL_ENABLE_DEBUG_INFO = INCLUDE_SOURCE;
				MTL_FAST_MATH = YES;
				ONLY_ACTIVE_ARCH = YES;
				SDKROOT = iphoneos;
				SWIFT_ACTIVE_COMPILATION_CONDITIONS = DEBUG;
				SWIFT_OPTIMIZATION_LEVEL = "-Onone";
			};
			name = Debug;
		};
		A6A283C4274F5D8D00C5DBC4 /* Release */ = {
			isa = XCBuildConfiguration;
			buildSettings = {
				ALWAYS_SEARCH_USER_PATHS = NO;
				CLANG_ANALYZER_NONNULL = YES;
				CLANG_ANALYZER_NUMBER_OBJECT_CONVERSION = YES_AGGRESSIVE;
				CLANG_CXX_LANGUAGE_STANDARD = "gnu++14";
				CLANG_CXX_LIBRARY = "libc++";
				CLANG_ENABLE_MODULES = YES;
				CLANG_ENABLE_OBJC_ARC = YES;
				CLANG_ENABLE_OBJC_WEAK = YES;
				CLANG_WARN_BLOCK_CAPTURE_AUTORELEASING = YES;
				CLANG_WARN_BOOL_CONVERSION = YES;
				CLANG_WARN_COMMA = YES;
				CLANG_WARN_CONSTANT_CONVERSION = YES;
				CLANG_WARN_DEPRECATED_OBJC_IMPLEMENTATIONS = YES;
				CLANG_WARN_DIRECT_OBJC_ISA_USAGE = YES_ERROR;
				CLANG_WARN_DOCUMENTATION_COMMENTS = YES;
				CLANG_WARN_EMPTY_BODY = YES;
				CLANG_WARN_ENUM_CONVERSION = YES;
				CLANG_WARN_INFINITE_RECURSION = YES;
				CLANG_WARN_INT_CONVERSION = YES;
				CLANG_WARN_NON_LITERAL_NULL_CONVERSION = YES;
				CLANG_WARN_OBJC_IMPLICIT_RETAIN_SELF = YES;
				CLANG_WARN_OBJC_LITERAL_CONVERSION = YES;
				CLANG_WARN_OBJC_ROOT_CLASS = YES_ERROR;
				CLANG_WARN_QUOTED_INCLUDE_IN_FRAMEWORK_HEADER = YES;
				CLANG_WARN_RANGE_LOOP_ANALYSIS = YES;
				CLANG_WARN_STRICT_PROTOTYPES = YES;
				CLANG_WARN_SUSPICIOUS_MOVE = YES;
				CLANG_WARN_UNGUARDED_AVAILABILITY = YES_AGGRESSIVE;
				CLANG_WARN_UNREACHABLE_CODE = YES;
				CLANG_WARN__DUPLICATE_METHOD_MATCH = YES;
				COPY_PHASE_STRIP = NO;
				DEBUG_INFORMATION_FORMAT = "dwarf-with-dsym";
				ENABLE_NS_ASSERTIONS = NO;
				ENABLE_STRICT_OBJC_MSGSEND = YES;
				GCC_C_LANGUAGE_STANDARD = gnu11;
				GCC_NO_COMMON_BLOCKS = YES;
				GCC_WARN_64_TO_32_BIT_CONVERSION = YES;
				GCC_WARN_ABOUT_RETURN_TYPE = YES_ERROR;
				GCC_WARN_UNDECLARED_SELECTOR = YES;
				GCC_WARN_UNINITIALIZED_AUTOS = YES_AGGRESSIVE;
				GCC_WARN_UNUSED_FUNCTION = YES;
				GCC_WARN_UNUSED_VARIABLE = YES;
				IPHONEOS_DEPLOYMENT_TARGET = 13.0;
				MTL_ENABLE_DEBUG_INFO = NO;
				MTL_FAST_MATH = YES;
				SDKROOT = iphoneos;
				SWIFT_COMPILATION_MODE = wholemodule;
				SWIFT_OPTIMIZATION_LEVEL = "-O";
				VALIDATE_PRODUCT = YES;
			};
			name = Release;
		};
		A6A283C6274F5D8D00C5DBC4 /* Debug */ = {
			isa = XCBuildConfiguration;
			buildSettings = {
				ASSETCATALOG_COMPILER_APPICON_NAME = AppIcon;
				ASSETCATALOG_COMPILER_GLOBAL_ACCENT_COLOR_NAME = AccentColor;
				CODE_SIGN_STYLE = Automatic;
				DEVELOPMENT_TEAM = HU8RMC793N;
				INFOPLIST_FILE = MyFoundation/Info.plist;
				IPHONEOS_DEPLOYMENT_TARGET = 13.0;
				LD_RUNPATH_SEARCH_PATHS = (
					"$(inherited)",
					"@executable_path/Frameworks",
				);
				PRODUCT_BUNDLE_IDENTIFIER = kr.textobey.MyFoundation;
				PRODUCT_NAME = "$(TARGET_NAME)";
				SWIFT_VERSION = 5.0;
				TARGETED_DEVICE_FAMILY = "1,2";
			};
			name = Debug;
		};
		A6A283C7274F5D8D00C5DBC4 /* Release */ = {
			isa = XCBuildConfiguration;
			buildSettings = {
				ASSETCATALOG_COMPILER_APPICON_NAME = AppIcon;
				ASSETCATALOG_COMPILER_GLOBAL_ACCENT_COLOR_NAME = AccentColor;
				CODE_SIGN_STYLE = Automatic;
				DEVELOPMENT_TEAM = HU8RMC793N;
				INFOPLIST_FILE = MyFoundation/Info.plist;
				IPHONEOS_DEPLOYMENT_TARGET = 13.0;
				LD_RUNPATH_SEARCH_PATHS = (
					"$(inherited)",
					"@executable_path/Frameworks",
				);
				PRODUCT_BUNDLE_IDENTIFIER = kr.textobey.MyFoundation;
				PRODUCT_NAME = "$(TARGET_NAME)";
				SWIFT_VERSION = 5.0;
				TARGETED_DEVICE_FAMILY = "1,2";
			};
			name = Release;
		};
/* End XCBuildConfiguration section */

/* Begin XCConfigurationList section */
		A6A283AC274F5D8B00C5DBC4 /* Build configuration list for PBXProject "MyFoundation" */ = {
			isa = XCConfigurationList;
			buildConfigurations = (
				A6A283C3274F5D8D00C5DBC4 /* Debug */,
				A6A283C4274F5D8D00C5DBC4 /* Release */,
			);
			defaultConfigurationIsVisible = 0;
			defaultConfigurationName = Release;
		};
		A6A283C5274F5D8D00C5DBC4 /* Build configuration list for PBXNativeTarget "MyFoundation" */ = {
			isa = XCConfigurationList;
			buildConfigurations = (
				A6A283C6274F5D8D00C5DBC4 /* Debug */,
				A6A283C7274F5D8D00C5DBC4 /* Release */,
			);
			defaultConfigurationIsVisible = 0;
			defaultConfigurationName = Release;
		};
/* End XCConfigurationList section */

/* Begin XCRemoteSwiftPackageReference section */
		A6A283D2274F603D00C5DBC4 /* XCRemoteSwiftPackageReference "RxSwift" */ = {
			isa = XCRemoteSwiftPackageReference;
			repositoryURL = "https://github.com/ReactiveX/RxSwift.git";
			requirement = {
				kind = upToNextMajorVersion;
				minimumVersion = 6.2.0;
			};
		};
		A6A283DA274F605C00C5DBC4 /* XCRemoteSwiftPackageReference "RxSwiftExt" */ = {
			isa = XCRemoteSwiftPackageReference;
			repositoryURL = "https://github.com/RxSwiftCommunity/RxSwiftExt.git";
			requirement = {
				kind = upToNextMajorVersion;
				minimumVersion = 6.1.0;
			};
		};
		A6A283DE274F609100C5DBC4 /* XCRemoteSwiftPackageReference "SnapKit" */ = {
			isa = XCRemoteSwiftPackageReference;
			repositoryURL = "https://github.com/SnapKit/SnapKit.git";
			requirement = {
				kind = upToNextMajorVersion;
				minimumVersion = 5.0.1;
			};
		};
		A6A283E2274F60A800C5DBC4 /* XCRemoteSwiftPackageReference "Then" */ = {
			isa = XCRemoteSwiftPackageReference;
			repositoryURL = "https://github.com/devxoul/Then.git";
			requirement = {
				kind = upToNextMajorVersion;
				minimumVersion = 2.7.0;
			};
		};
		A6A283E6274F60D300C5DBC4 /* XCRemoteSwiftPackageReference "Kingfisher" */ = {
			isa = XCRemoteSwiftPackageReference;
			repositoryURL = "https://github.com/onevcat/Kingfisher.git";
			requirement = {
				kind = upToNextMajorVersion;
				minimumVersion = 7.1.1;
			};
		};
/* End XCRemoteSwiftPackageReference section */

/* Begin XCSwiftPackageProductDependency section */
		A6A283D3274F603D00C5DBC4 /* RxRelay */ = {
			isa = XCSwiftPackageProductDependency;
			package = A6A283D2274F603D00C5DBC4 /* XCRemoteSwiftPackageReference "RxSwift" */;
			productName = RxRelay;
		};
		A6A283D5274F603D00C5DBC4 /* RxSwift */ = {
			isa = XCSwiftPackageProductDependency;
			package = A6A283D2274F603D00C5DBC4 /* XCRemoteSwiftPackageReference "RxSwift" */;
			productName = RxSwift;
		};
		A6A283D7274F603D00C5DBC4 /* RxCocoa */ = {
			isa = XCSwiftPackageProductDependency;
			package = A6A283D2274F603D00C5DBC4 /* XCRemoteSwiftPackageReference "RxSwift" */;
			productName = RxCocoa;
		};
		A6A283DB274F605C00C5DBC4 /* RxSwiftExt */ = {
			isa = XCSwiftPackageProductDependency;
			package = A6A283DA274F605C00C5DBC4 /* XCRemoteSwiftPackageReference "RxSwiftExt" */;
			productName = RxSwiftExt;
		};
		A6A283DF274F609100C5DBC4 /* SnapKit */ = {
			isa = XCSwiftPackageProductDependency;
			package = A6A283DE274F609100C5DBC4 /* XCRemoteSwiftPackageReference "SnapKit" */;
			productName = SnapKit;
		};
		A6A283E3274F60A800C5DBC4 /* Then */ = {
			isa = XCSwiftPackageProductDependency;
			package = A6A283E2274F60A800C5DBC4 /* XCRemoteSwiftPackageReference "Then" */;
			productName = Then;
		};
		A6A283E7274F60D300C5DBC4 /* Kingfisher */ = {
			isa = XCSwiftPackageProductDependency;
			package = A6A283E6274F60D300C5DBC4 /* XCRemoteSwiftPackageReference "Kingfisher" */;
			productName = Kingfisher;
		};
/* End XCSwiftPackageProductDependency section */
	};
	rootObject = A6A283A9274F5D8B00C5DBC4 /* Project object */;
}
