// !$*UTF8*$!
{
	archiveVersion = 1;
	classes = {
	};
	objectVersion = 52;
	objects = {

/* Begin PBXBuildFile section */
		A600352A277190B6006142F3 /* HeaderStackView.swift in Sources */ = {isa = PBXBuildFile; fileRef = A6003529277190B6006142F3 /* HeaderStackView.swift */; };
		A605A66627748D5A001A1C16 /* StandaloneNavigationBarViewController.swift in Sources */ = {isa = PBXBuildFile; fileRef = A605A66527748D5A001A1C16 /* StandaloneNavigationBarViewController.swift */; };
		A60812C1278079D500453F6C /* RxDataSources in Frameworks */ = {isa = PBXBuildFile; productRef = A60812C0278079D500453F6C /* RxDataSources */; };
		A60812C327807A1E00453F6C /* SectionedTableViewController.swift in Sources */ = {isa = PBXBuildFile; fileRef = A60812C227807A1E00453F6C /* SectionedTableViewController.swift */; };
		A60812C627807FBD00453F6C /* SectionedListCell.swift in Sources */ = {isa = PBXBuildFile; fileRef = A60812C527807FBD00453F6C /* SectionedListCell.swift */; };
		A609418528001551003C7AE6 /* ModalWindow.swift in Sources */ = {isa = PBXBuildFile; fileRef = A609418428001551003C7AE6 /* ModalWindow.swift */; };
		A609418828001710003C7AE6 /* AlertTestViewController.swift in Sources */ = {isa = PBXBuildFile; fileRef = A609418728001710003C7AE6 /* AlertTestViewController.swift */; };
		A609418A28003602003C7AE6 /* AutoSizingScrollView.swift in Sources */ = {isa = PBXBuildFile; fileRef = A609418928003602003C7AE6 /* AutoSizingScrollView.swift */; };
		A609418C28003D2A003C7AE6 /* AlertActionCell.swift in Sources */ = {isa = PBXBuildFile; fileRef = A609418B28003D2A003C7AE6 /* AlertActionCell.swift */; };
		A60A2C922837651900899C50 /* ToastView.swift in Sources */ = {isa = PBXBuildFile; fileRef = A60A2C912837651900899C50 /* ToastView.swift */; };
		A60A2C952837661D00899C50 /* IQKeyboardManagerSwift in Frameworks */ = {isa = PBXBuildFile; productRef = A60A2C942837661D00899C50 /* IQKeyboardManagerSwift */; };
		A60A2C9728376A3200899C50 /* Toaster.swift in Sources */ = {isa = PBXBuildFile; fileRef = A60A2C9628376A3200899C50 /* Toaster.swift */; };
		A60A2C9928376A8F00899C50 /* UIWindow+.swift in Sources */ = {isa = PBXBuildFile; fileRef = A60A2C9828376A8F00899C50 /* UIWindow+.swift */; };
		A60A2C9B28376B2900899C50 /* ToastCenter.swift in Sources */ = {isa = PBXBuildFile; fileRef = A60A2C9A28376B2900899C50 /* ToastCenter.swift */; };
		A60A2C9D28376BAA00899C50 /* Toast.swift in Sources */ = {isa = PBXBuildFile; fileRef = A60A2C9C28376BAA00899C50 /* Toast.swift */; };
		A60E62DF27FFCEA70030903F /* Alert.swift in Sources */ = {isa = PBXBuildFile; fileRef = A60E62DE27FFCEA70030903F /* Alert.swift */; };
		A60E62E227FFCFB00030903F /* TextAlertView.swift in Sources */ = {isa = PBXBuildFile; fileRef = A60E62E127FFCFB00030903F /* TextAlertView.swift */; };
		A60E62E527FFD6A60030903F /* AlertPresenter.swift in Sources */ = {isa = PBXBuildFile; fileRef = A60E62E427FFD6A60030903F /* AlertPresenter.swift */; };
		A60E62E727FFFAA10030903F /* AlertController.swift in Sources */ = {isa = PBXBuildFile; fileRef = A60E62E627FFFAA10030903F /* AlertController.swift */; };
		A61851E127BCE1540091296C /* WeekDayCollectionViewCell.swift in Sources */ = {isa = PBXBuildFile; fileRef = A61851E027BCE1540091296C /* WeekDayCollectionViewCell.swift */; };
		A61A7FBA2779709E00486E40 /* TranslucentPopupView.swift in Sources */ = {isa = PBXBuildFile; fileRef = A61A7FB92779709E00486E40 /* TranslucentPopupView.swift */; };
		A61FEF3027F2BF23006C3269 /* PopoverPresenter.swift in Sources */ = {isa = PBXBuildFile; fileRef = A61FEF2F27F2BF23006C3269 /* PopoverPresenter.swift */; };
		A61FEF3827F2F450006C3269 /* PopoverViewController.swift in Sources */ = {isa = PBXBuildFile; fileRef = A61FEF3727F2F450006C3269 /* PopoverViewController.swift */; };
		A6219EC92782C139005D98B5 /* UIView+Rx.swift in Sources */ = {isa = PBXBuildFile; fileRef = A6219EC82782C139005D98B5 /* UIView+Rx.swift */; };
		A622427027BF9CB100160498 /* AnimationPracticeViewController.swift in Sources */ = {isa = PBXBuildFile; fileRef = A622426F27BF9CB100160498 /* AnimationPracticeViewController.swift */; };
		A62B9F4D28405F9800E9140D /* FloatsController.swift in Sources */ = {isa = PBXBuildFile; fileRef = A62B9F4C28405F9800E9140D /* FloatsController.swift */; };
		A62B9F4F284061A500E9140D /* ShadowView.swift in Sources */ = {isa = PBXBuildFile; fileRef = A62B9F4E284061A500E9140D /* ShadowView.swift */; };
		A62B9F512840639900E9140D /* Floats.swift in Sources */ = {isa = PBXBuildFile; fileRef = A62B9F502840639900E9140D /* Floats.swift */; };
		A62B9F532840C17E00E9140D /* BannerModifier.swift in Sources */ = {isa = PBXBuildFile; fileRef = A62B9F522840C17E00E9140D /* BannerModifier.swift */; };
		A62D2899279AA575000306EB /* RxOperation+.swift in Sources */ = {isa = PBXBuildFile; fileRef = A62D2898279AA575000306EB /* RxOperation+.swift */; };
		A62D646727548E6100581EDB /* TextField.swift in Sources */ = {isa = PBXBuildFile; fileRef = A62D646627548E6100581EDB /* TextField.swift */; };
		A62D6469275494FF00581EDB /* UIView+.swift in Sources */ = {isa = PBXBuildFile; fileRef = A62D6468275494FF00581EDB /* UIView+.swift */; };
		A62D646C275496EB00581EDB /* TextBoxPickerViewController.swift in Sources */ = {isa = PBXBuildFile; fileRef = A62D646B275496EB00581EDB /* TextBoxPickerViewController.swift */; };
		A62D646E2754B07E00581EDB /* TextView.swift in Sources */ = {isa = PBXBuildFile; fileRef = A62D646D2754B07E00581EDB /* TextView.swift */; };
		A62D64702754C90F00581EDB /* PickerView.swift in Sources */ = {isa = PBXBuildFile; fileRef = A62D646F2754C90F00581EDB /* PickerView.swift */; };
		A62D64732754CEDE00581EDB /* PickerPickerViewController.swift in Sources */ = {isa = PBXBuildFile; fileRef = A62D64722754CEDE00581EDB /* PickerPickerViewController.swift */; };
		A631DF912817C101004D72BD /* API+NetworkErrorRx.swift in Sources */ = {isa = PBXBuildFile; fileRef = A631DF902817C101004D72BD /* API+NetworkErrorRx.swift */; };
		A635AD002755F6970047441F /* Date+.swift in Sources */ = {isa = PBXBuildFile; fileRef = A635ACFF2755F6970047441F /* Date+.swift */; };
		A635AD022755FC540047441F /* String+.swift in Sources */ = {isa = PBXBuildFile; fileRef = A635AD012755FC540047441F /* String+.swift */; };
		A6398A902761B73B0036B337 /* DropDownSelectionCell.swift in Sources */ = {isa = PBXBuildFile; fileRef = A6398A8F2761B73B0036B337 /* DropDownSelectionCell.swift */; };
		A641D28F27BBA36400FE3DA0 /* CalendarViewController.swift in Sources */ = {isa = PBXBuildFile; fileRef = A641D28E27BBA36400FE3DA0 /* CalendarViewController.swift */; };
		A6462FC22766E49900B6E7C6 /* PickerViewModel.swift in Sources */ = {isa = PBXBuildFile; fileRef = A6462FC12766E49900B6E7C6 /* PickerViewModel.swift */; };
		A653D04127706E3800DFC40A /* HeaderStackViewController.swift in Sources */ = {isa = PBXBuildFile; fileRef = A653D04027706E3800DFC40A /* HeaderStackViewController.swift */; };
		A65604B62860611D00B736A1 /* NewHotViewController.swift in Sources */ = {isa = PBXBuildFile; fileRef = A65604B52860611D00B736A1 /* NewHotViewController.swift */; };
		A65692F02849FC460016A266 /* TodayAnimationTransition.swift in Sources */ = {isa = PBXBuildFile; fileRef = A65692EF2849FC460016A266 /* TodayAnimationTransition.swift */; };
		A65BF832282C8B66006ABA8D /* HalfModalPresentationController.swift in Sources */ = {isa = PBXBuildFile; fileRef = A65BF831282C8B66006ABA8D /* HalfModalPresentationController.swift */; };
		A65BF836282C8F9B006ABA8D /* HalfModalTestViewController.swift in Sources */ = {isa = PBXBuildFile; fileRef = A65BF835282C8F9B006ABA8D /* HalfModalTestViewController.swift */; };
		A65C13902862B42B00F85978 /* NewHotCalendarView.swift in Sources */ = {isa = PBXBuildFile; fileRef = A65C138F2862B42B00F85978 /* NewHotCalendarView.swift */; };
		A65C13922862F7F600F85978 /* NewHotContentView.swift in Sources */ = {isa = PBXBuildFile; fileRef = A65C13912862F7F600F85978 /* NewHotContentView.swift */; };
		A66C10CF283DC40B00E29261 /* CALayer+.swift in Sources */ = {isa = PBXBuildFile; fileRef = A66C10CE283DC40B00E29261 /* CALayer+.swift */; };
		A6731F0E283F45970061AF5F /* TooltipTestViewController.swift in Sources */ = {isa = PBXBuildFile; fileRef = A6731F0D283F45970061AF5F /* TooltipTestViewController.swift */; };
		A674FBDD27BE4052004E0F72 /* CalendarCollectionView.swift in Sources */ = {isa = PBXBuildFile; fileRef = A674FBDC27BE4052004E0F72 /* CalendarCollectionView.swift */; };
		A674FBDF27BE4112004E0F72 /* DayCollectionViewCell.swift in Sources */ = {isa = PBXBuildFile; fileRef = A674FBDE27BE4112004E0F72 /* DayCollectionViewCell.swift */; };
		A67A751F2806921300935CDE /* AlertTransition.swift in Sources */ = {isa = PBXBuildFile; fileRef = A67A751E2806921300935CDE /* AlertTransition.swift */; };
		A680333B27B61F1700D32C0B /* Then.swift in Sources */ = {isa = PBXBuildFile; fileRef = A680333A27B61F1700D32C0B /* Then.swift */; };
		A680333E27B623E500D32C0B /* StickeySectionView.swift in Sources */ = {isa = PBXBuildFile; fileRef = A680333D27B623E500D32C0B /* StickeySectionView.swift */; };
		A681C8972807F9B800AB13C9 /* StickyAlertTestViewController.swift in Sources */ = {isa = PBXBuildFile; fileRef = A681C8962807F9B800AB13C9 /* StickyAlertTestViewController.swift */; };
		A681C89A28080EE600AB13C9 /* StickyAlert.swift in Sources */ = {isa = PBXBuildFile; fileRef = A681C89928080EE600AB13C9 /* StickyAlert.swift */; };
		A681C89C28080F8C00AB13C9 /* StickyAlertController.swift in Sources */ = {isa = PBXBuildFile; fileRef = A681C89B28080F8C00AB13C9 /* StickyAlertController.swift */; };
		A6824F2227782C8D007B40C4 /* TranslucentPopupViewController.swift in Sources */ = {isa = PBXBuildFile; fileRef = A6824F2127782C8D007B40C4 /* TranslucentPopupViewController.swift */; };
		A68BDB402797E78D00F79796 /* Moya in Frameworks */ = {isa = PBXBuildFile; productRef = A68BDB3F2797E78D00F79796 /* Moya */; };
		A68BDB422797E78D00F79796 /* RxMoya in Frameworks */ = {isa = PBXBuildFile; productRef = A68BDB412797E78D00F79796 /* RxMoya */; };
		A68BDB462797E9F100F79796 /* API.swift in Sources */ = {isa = PBXBuildFile; fileRef = A68BDB452797E9F100F79796 /* API.swift */; };
		A68BDB492797FCBA00F79796 /* NetworkTestViewController.swift in Sources */ = {isa = PBXBuildFile; fileRef = A68BDB482797FCBA00F79796 /* NetworkTestViewController.swift */; };
		A696D4422834936B009CCABB /* UIScrollView+.swift in Sources */ = {isa = PBXBuildFile; fileRef = A696D4412834936B009CCABB /* UIScrollView+.swift */; };
		A696D4462834A9EB009CCABB /* UIStackView+.swift in Sources */ = {isa = PBXBuildFile; fileRef = A696D4452834A9EB009CCABB /* UIStackView+.swift */; };
		A696D4492834B811009CCABB /* HalfModalViewController.swift in Sources */ = {isa = PBXBuildFile; fileRef = A696D4482834B811009CCABB /* HalfModalViewController.swift */; };
		A696D44B2834B8F9009CCABB /* PlayerIntroduceView.swift in Sources */ = {isa = PBXBuildFile; fileRef = A696D44A2834B8F9009CCABB /* PlayerIntroduceView.swift */; };
		A69957E527995A90006AB1B3 /* API+Request.swift in Sources */ = {isa = PBXBuildFile; fileRef = A69957E427995A90006AB1B3 /* API+Request.swift */; };
		A69B12EA284F3642009F4D45 /* CardDetailViewController.swift in Sources */ = {isa = PBXBuildFile; fileRef = A69B12E9284F3642009F4D45 /* CardDetailViewController.swift */; };
		A69B12EC284F3654009F4D45 /* CardPresentationController.swift in Sources */ = {isa = PBXBuildFile; fileRef = A69B12EB284F3654009F4D45 /* CardPresentationController.swift */; };
		A69B12EE284F3699009F4D45 /* DetailScrollView.swift in Sources */ = {isa = PBXBuildFile; fileRef = A69B12ED284F3699009F4D45 /* DetailScrollView.swift */; };
		A69B12F1284F36CF009F4D45 /* TodayTableViewCell.swift in Sources */ = {isa = PBXBuildFile; fileRef = A69B12F0284F36CF009F4D45 /* TodayTableViewCell.swift */; };
		A69B12F3284F36DF009F4D45 /* TodayTableHeaderView.swift in Sources */ = {isa = PBXBuildFile; fileRef = A69B12F2284F36DF009F4D45 /* TodayTableHeaderView.swift */; };
		A69B12F8284F3752009F4D45 /* StarView.swift in Sources */ = {isa = PBXBuildFile; fileRef = A69B12F5284F3752009F4D45 /* StarView.swift */; };
		A69B12F9284F3752009F4D45 /* GlobalConstants.swift in Sources */ = {isa = PBXBuildFile; fileRef = A69B12F6284F3752009F4D45 /* GlobalConstants.swift */; };
		A69B12FA284F3752009F4D45 /* GlobalFunctions.swift in Sources */ = {isa = PBXBuildFile; fileRef = A69B12F7284F3752009F4D45 /* GlobalFunctions.swift */; };
		A69B12FC284F3A28009F4D45 /* TodayViewController.swift in Sources */ = {isa = PBXBuildFile; fileRef = A69B12FB284F3A28009F4D45 /* TodayViewController.swift */; };
		A69CAEEB278E603E00DAF0D5 /* StickyHeaderTableView.swift in Sources */ = {isa = PBXBuildFile; fileRef = A69CAEEA278E603E00DAF0D5 /* StickyHeaderTableView.swift */; };
		A69CAEEE278E608900DAF0D5 /* StickyHeaderView.swift in Sources */ = {isa = PBXBuildFile; fileRef = A69CAEED278E608900DAF0D5 /* StickyHeaderView.swift */; };
		A69CAEF0278E60D700DAF0D5 /* StickyHeaderTableViewCell.swift in Sources */ = {isa = PBXBuildFile; fileRef = A69CAEEF278E60D700DAF0D5 /* StickyHeaderTableViewCell.swift */; };
		A69EE1912772A5E1006DEBA9 /* CompostionalCollectionViewController.swift in Sources */ = {isa = PBXBuildFile; fileRef = A69EE1902772A5E1006DEBA9 /* CompostionalCollectionViewController.swift */; };
		A69EE1952772A85D006DEBA9 /* CompostionalCollectionViewCell.swift in Sources */ = {isa = PBXBuildFile; fileRef = A69EE1942772A85D006DEBA9 /* CompostionalCollectionViewCell.swift */; };
		A69EE1992772B0BF006DEBA9 /* Screen.swift in Sources */ = {isa = PBXBuildFile; fileRef = A69EE1982772B0BF006DEBA9 /* Screen.swift */; };
		A6A283B5274F5D8B00C5DBC4 /* AppDelegate.swift in Sources */ = {isa = PBXBuildFile; fileRef = A6A283B4274F5D8B00C5DBC4 /* AppDelegate.swift */; };
		A6A283BE274F5D8D00C5DBC4 /* Assets.xcassets in Resources */ = {isa = PBXBuildFile; fileRef = A6A283BD274F5D8D00C5DBC4 /* Assets.xcassets */; };
		A6A283C1274F5D8D00C5DBC4 /* LaunchScreen.storyboard in Resources */ = {isa = PBXBuildFile; fileRef = A6A283BF274F5D8D00C5DBC4 /* LaunchScreen.storyboard */; };
		A6A283CF274F5F9500C5DBC4 /* MainViewController.swift in Sources */ = {isa = PBXBuildFile; fileRef = A6A283CE274F5F9500C5DBC4 /* MainViewController.swift */; };
		A6A283D4274F603D00C5DBC4 /* RxRelay in Frameworks */ = {isa = PBXBuildFile; productRef = A6A283D3274F603D00C5DBC4 /* RxRelay */; };
		A6A283D6274F603D00C5DBC4 /* RxSwift in Frameworks */ = {isa = PBXBuildFile; productRef = A6A283D5274F603D00C5DBC4 /* RxSwift */; };
		A6A283D8274F603D00C5DBC4 /* RxCocoa in Frameworks */ = {isa = PBXBuildFile; productRef = A6A283D7274F603D00C5DBC4 /* RxCocoa */; };
		A6A283DC274F605C00C5DBC4 /* RxSwiftExt in Frameworks */ = {isa = PBXBuildFile; productRef = A6A283DB274F605C00C5DBC4 /* RxSwiftExt */; };
		A6A283E0274F609100C5DBC4 /* SnapKit in Frameworks */ = {isa = PBXBuildFile; productRef = A6A283DF274F609100C5DBC4 /* SnapKit */; };
		A6A283E8274F60D300C5DBC4 /* Kingfisher in Frameworks */ = {isa = PBXBuildFile; productRef = A6A283E7274F60D300C5DBC4 /* Kingfisher */; };
		A6A283F4274F61E600C5DBC4 /* MainListCell.swift in Sources */ = {isa = PBXBuildFile; fileRef = A6A283F3274F61E600C5DBC4 /* MainListCell.swift */; };
		A6A283FF274F635600C5DBC4 /* NOTOSANSKR-REGULAR-HESTIA.ttf in Resources */ = {isa = PBXBuildFile; fileRef = A6A283F9274F635600C5DBC4 /* NOTOSANSKR-REGULAR-HESTIA.ttf */; };
		A6A28400274F635600C5DBC4 /* Montserrat-Regular.ttf in Resources */ = {isa = PBXBuildFile; fileRef = A6A283FA274F635600C5DBC4 /* Montserrat-Regular.ttf */; };
		A6A28401274F635600C5DBC4 /* Montserrat-Medium.ttf in Resources */ = {isa = PBXBuildFile; fileRef = A6A283FB274F635600C5DBC4 /* Montserrat-Medium.ttf */; };
		A6A28402274F635600C5DBC4 /* Montserrat-Bold.ttf in Resources */ = {isa = PBXBuildFile; fileRef = A6A283FC274F635600C5DBC4 /* Montserrat-Bold.ttf */; };
		A6A28403274F635600C5DBC4 /* NOTOSANSKR-BOLD-HESTIA.ttf in Resources */ = {isa = PBXBuildFile; fileRef = A6A283FD274F635600C5DBC4 /* NOTOSANSKR-BOLD-HESTIA.ttf */; };
		A6A28404274F635600C5DBC4 /* NOTOSANSKR-MEDIUM-HESTIA.ttf in Resources */ = {isa = PBXBuildFile; fileRef = A6A283FE274F635600C5DBC4 /* NOTOSANSKR-MEDIUM-HESTIA.ttf */; };
		A6A28408274F63B800C5DBC4 /* UIFont+.swift in Sources */ = {isa = PBXBuildFile; fileRef = A6A28407274F63B800C5DBC4 /* UIFont+.swift */; };
		A6A28410274F691B00C5DBC4 /* MultipleTopTabBarPickerViewController.swift in Sources */ = {isa = PBXBuildFile; fileRef = A6A2840F274F691B00C5DBC4 /* MultipleTopTabBarPickerViewController.swift */; };
		A6A8E6E427B1049600FAE337 /* StickeyHeaderViewController.swift in Sources */ = {isa = PBXBuildFile; fileRef = A6A8E6E327B1049600FAE337 /* StickeyHeaderViewController.swift */; };
		A6A8E6E627B108A200FAE337 /* StickeyHeaderView.swift in Sources */ = {isa = PBXBuildFile; fileRef = A6A8E6E527B108A200FAE337 /* StickeyHeaderView.swift */; };
		A6A8E6E827B10EB300FAE337 /* StickeyHeaderCell.swift in Sources */ = {isa = PBXBuildFile; fileRef = A6A8E6E727B10EB300FAE337 /* StickeyHeaderCell.swift */; };
		A6AD6D87277DA852001BBF43 /* RxDataSources+.swift in Sources */ = {isa = PBXBuildFile; fileRef = A6AD6D86277DA852001BBF43 /* RxDataSources+.swift */; };
		A6AD6D89277DA881001BBF43 /* DynamicHeightTableView.swift in Sources */ = {isa = PBXBuildFile; fileRef = A6AD6D88277DA881001BBF43 /* DynamicHeightTableView.swift */; };
		A6AED3E227A0FC6B0076D49A /* API+NetworkError.swift in Sources */ = {isa = PBXBuildFile; fileRef = A6AED3E127A0FC6B0076D49A /* API+NetworkError.swift */; };
		A6B2E3F32798FE5900E4AC6C /* API+BaseURL.swift in Sources */ = {isa = PBXBuildFile; fileRef = A6B2E3F22798FE5900E4AC6C /* API+BaseURL.swift */; };
		A6B2E3F52798FE8B00E4AC6C /* API+Method.swift in Sources */ = {isa = PBXBuildFile; fileRef = A6B2E3F42798FE8B00E4AC6C /* API+Method.swift */; };
		A6B2E3F72798FE9900E4AC6C /* API+Path.swift in Sources */ = {isa = PBXBuildFile; fileRef = A6B2E3F62798FE9900E4AC6C /* API+Path.swift */; };
		A6B2E3F92798FF2800E4AC6C /* API+Task.swift in Sources */ = {isa = PBXBuildFile; fileRef = A6B2E3F82798FF2800E4AC6C /* API+Task.swift */; };
		A6C10D012844899000DECB78 /* BaseNotificationBanner.swift in Sources */ = {isa = PBXBuildFile; fileRef = A6C10D002844899000DECB78 /* BaseNotificationBanner.swift */; };
		A6C10D0328448A0100DECB78 /* BannerPositionFrame.swift in Sources */ = {isa = PBXBuildFile; fileRef = A6C10D0228448A0100DECB78 /* BannerPositionFrame.swift */; };
		A6C10D0528448FB800DECB78 /* NotificationBanner.swift in Sources */ = {isa = PBXBuildFile; fileRef = A6C10D0428448FB800DECB78 /* NotificationBanner.swift */; };
		A6C10D0728449E2F00DECB78 /* NotificationBannerQueue.swift in Sources */ = {isa = PBXBuildFile; fileRef = A6C10D0628449E2F00DECB78 /* NotificationBannerQueue.swift */; };
		A6C49DF627BA264400888DEB /* MultipleTopTabBar2ViewController.swift in Sources */ = {isa = PBXBuildFile; fileRef = A6C49DF527BA264400888DEB /* MultipleTopTabBar2ViewController.swift */; };
		A6D00E7F2758A3BD005B09FF /* ActionSheet.swift in Sources */ = {isa = PBXBuildFile; fileRef = A6D00E7E2758A3BD005B09FF /* ActionSheet.swift */; };
		A6D00E822758A3D6005B09FF /* ActionSheetViewController.swift in Sources */ = {isa = PBXBuildFile; fileRef = A6D00E812758A3D6005B09FF /* ActionSheetViewController.swift */; };
		A6D22EF5275715DB00E858A4 /* DropDownSelection.swift in Sources */ = {isa = PBXBuildFile; fileRef = A6D22EF4275715DB00E858A4 /* DropDownSelection.swift */; };
		A6D22EFA275716C300E858A4 /* DropDownViewController.swift in Sources */ = {isa = PBXBuildFile; fileRef = A6D22EF9275716C300E858A4 /* DropDownViewController.swift */; };
		A6D22EFD27572B7F00E858A4 /* UIBaseViewController.swift in Sources */ = {isa = PBXBuildFile; fileRef = A6D22EFC27572B7F00E858A4 /* UIBaseViewController.swift */; };
		A6D22F002757601700E858A4 /* Parchment in Frameworks */ = {isa = PBXBuildFile; productRef = A6D22EFF2757601700E858A4 /* Parchment */; };
		A6D22F022757640E00E858A4 /* UINavigationController+.swift in Sources */ = {isa = PBXBuildFile; fileRef = A6D22F012757640E00E858A4 /* UINavigationController+.swift */; };
		A6D4FE09279FE29A00C1DAF4 /* CurrentWeather.swift in Sources */ = {isa = PBXBuildFile; fileRef = A6D4FE08279FE29A00C1DAF4 /* CurrentWeather.swift */; };
		A6D4FE0B279FE2B000C1DAF4 /* GenericModel.swift in Sources */ = {isa = PBXBuildFile; fileRef = A6D4FE0A279FE2B000C1DAF4 /* GenericModel.swift */; };
		A6D4FE0E279FE36100C1DAF4 /* AnyCodable in Frameworks */ = {isa = PBXBuildFile; productRef = A6D4FE0D279FE36100C1DAF4 /* AnyCodable */; };
		A6D63D8027682802008C5535 /* Log.swift in Sources */ = {isa = PBXBuildFile; fileRef = A6D63D7F27682802008C5535 /* Log.swift */; };
		A6D7AD652845DBE1001B847C /* PriceUpdatedBannerView.swift in Sources */ = {isa = PBXBuildFile; fileRef = A6D7AD642845DBE1001B847C /* PriceUpdatedBannerView.swift */; };
		A6DA1A452762F3A600B73055 /* TestActionSheetView.swift in Sources */ = {isa = PBXBuildFile; fileRef = A6DA1A442762F3A600B73055 /* TestActionSheetView.swift */; };
		A6DE76292796FC8A00036DE5 /* URL+.swift in Sources */ = {isa = PBXBuildFile; fileRef = A6DE76282796FC8A00036DE5 /* URL+.swift */; };
		A6F0EAB9281B707C00B5E0BD /* API+StateCode.swift in Sources */ = {isa = PBXBuildFile; fileRef = A6F0EAB8281B707C00B5E0BD /* API+StateCode.swift */; };
		A6FB149F275A0B6D00D2854C /* UIApplication+.swift in Sources */ = {isa = PBXBuildFile; fileRef = A6FB149E275A0B6D00D2854C /* UIApplication+.swift */; };
		A6FB5A0D2759F0F600E85316 /* UIAlertController+.swift in Sources */ = {isa = PBXBuildFile; fileRef = A6FB5A0C2759F0F600E85316 /* UIAlertController+.swift */; };
/* End PBXBuildFile section */

/* Begin PBXFileReference section */
		A6003529277190B6006142F3 /* HeaderStackView.swift */ = {isa = PBXFileReference; lastKnownFileType = sourcecode.swift; path = HeaderStackView.swift; sourceTree = "<group>"; };
		A605A66527748D5A001A1C16 /* StandaloneNavigationBarViewController.swift */ = {isa = PBXFileReference; lastKnownFileType = sourcecode.swift; path = StandaloneNavigationBarViewController.swift; sourceTree = "<group>"; };
		A60812C227807A1E00453F6C /* SectionedTableViewController.swift */ = {isa = PBXFileReference; lastKnownFileType = sourcecode.swift; path = SectionedTableViewController.swift; sourceTree = "<group>"; };
		A60812C527807FBD00453F6C /* SectionedListCell.swift */ = {isa = PBXFileReference; lastKnownFileType = sourcecode.swift; path = SectionedListCell.swift; sourceTree = "<group>"; };
		A609418428001551003C7AE6 /* ModalWindow.swift */ = {isa = PBXFileReference; lastKnownFileType = sourcecode.swift; path = ModalWindow.swift; sourceTree = "<group>"; };
		A609418728001710003C7AE6 /* AlertTestViewController.swift */ = {isa = PBXFileReference; lastKnownFileType = sourcecode.swift; path = AlertTestViewController.swift; sourceTree = "<group>"; };
		A609418928003602003C7AE6 /* AutoSizingScrollView.swift */ = {isa = PBXFileReference; lastKnownFileType = sourcecode.swift; path = AutoSizingScrollView.swift; sourceTree = "<group>"; };
		A609418B28003D2A003C7AE6 /* AlertActionCell.swift */ = {isa = PBXFileReference; lastKnownFileType = sourcecode.swift; path = AlertActionCell.swift; sourceTree = "<group>"; };
		A60A2C912837651900899C50 /* ToastView.swift */ = {isa = PBXFileReference; lastKnownFileType = sourcecode.swift; path = ToastView.swift; sourceTree = "<group>"; };
		A60A2C9628376A3200899C50 /* Toaster.swift */ = {isa = PBXFileReference; lastKnownFileType = sourcecode.swift; path = Toaster.swift; sourceTree = "<group>"; };
		A60A2C9828376A8F00899C50 /* UIWindow+.swift */ = {isa = PBXFileReference; lastKnownFileType = sourcecode.swift; path = "UIWindow+.swift"; sourceTree = "<group>"; };
		A60A2C9A28376B2900899C50 /* ToastCenter.swift */ = {isa = PBXFileReference; lastKnownFileType = sourcecode.swift; path = ToastCenter.swift; sourceTree = "<group>"; };
		A60A2C9C28376BAA00899C50 /* Toast.swift */ = {isa = PBXFileReference; lastKnownFileType = sourcecode.swift; path = Toast.swift; sourceTree = "<group>"; };
		A60E62DE27FFCEA70030903F /* Alert.swift */ = {isa = PBXFileReference; lastKnownFileType = sourcecode.swift; path = Alert.swift; sourceTree = "<group>"; };
		A60E62E127FFCFB00030903F /* TextAlertView.swift */ = {isa = PBXFileReference; lastKnownFileType = sourcecode.swift; path = TextAlertView.swift; sourceTree = "<group>"; };
		A60E62E427FFD6A60030903F /* AlertPresenter.swift */ = {isa = PBXFileReference; lastKnownFileType = sourcecode.swift; path = AlertPresenter.swift; sourceTree = "<group>"; };
		A60E62E627FFFAA10030903F /* AlertController.swift */ = {isa = PBXFileReference; lastKnownFileType = sourcecode.swift; path = AlertController.swift; sourceTree = "<group>"; };
		A61851E027BCE1540091296C /* WeekDayCollectionViewCell.swift */ = {isa = PBXFileReference; lastKnownFileType = sourcecode.swift; path = WeekDayCollectionViewCell.swift; sourceTree = "<group>"; };
		A61A7FB92779709E00486E40 /* TranslucentPopupView.swift */ = {isa = PBXFileReference; lastKnownFileType = sourcecode.swift; path = TranslucentPopupView.swift; sourceTree = "<group>"; };
		A61FEF2F27F2BF23006C3269 /* PopoverPresenter.swift */ = {isa = PBXFileReference; lastKnownFileType = sourcecode.swift; path = PopoverPresenter.swift; sourceTree = "<group>"; };
		A61FEF3727F2F450006C3269 /* PopoverViewController.swift */ = {isa = PBXFileReference; lastKnownFileType = sourcecode.swift; path = PopoverViewController.swift; sourceTree = "<group>"; };
		A6219EC82782C139005D98B5 /* UIView+Rx.swift */ = {isa = PBXFileReference; lastKnownFileType = sourcecode.swift; path = "UIView+Rx.swift"; sourceTree = "<group>"; };
		A622426F27BF9CB100160498 /* AnimationPracticeViewController.swift */ = {isa = PBXFileReference; lastKnownFileType = sourcecode.swift; path = AnimationPracticeViewController.swift; sourceTree = "<group>"; };
		A62B9F4C28405F9800E9140D /* FloatsController.swift */ = {isa = PBXFileReference; lastKnownFileType = sourcecode.swift; path = FloatsController.swift; sourceTree = "<group>"; };
		A62B9F4E284061A500E9140D /* ShadowView.swift */ = {isa = PBXFileReference; lastKnownFileType = sourcecode.swift; path = ShadowView.swift; sourceTree = "<group>"; };
		A62B9F502840639900E9140D /* Floats.swift */ = {isa = PBXFileReference; lastKnownFileType = sourcecode.swift; path = Floats.swift; sourceTree = "<group>"; };
		A62B9F522840C17E00E9140D /* BannerModifier.swift */ = {isa = PBXFileReference; lastKnownFileType = sourcecode.swift; path = BannerModifier.swift; sourceTree = "<group>"; };
		A62D2898279AA575000306EB /* RxOperation+.swift */ = {isa = PBXFileReference; lastKnownFileType = sourcecode.swift; path = "RxOperation+.swift"; sourceTree = "<group>"; };
		A62D646627548E6100581EDB /* TextField.swift */ = {isa = PBXFileReference; lastKnownFileType = sourcecode.swift; path = TextField.swift; sourceTree = "<group>"; };
		A62D6468275494FF00581EDB /* UIView+.swift */ = {isa = PBXFileReference; lastKnownFileType = sourcecode.swift; path = "UIView+.swift"; sourceTree = "<group>"; };
		A62D646B275496EB00581EDB /* TextBoxPickerViewController.swift */ = {isa = PBXFileReference; lastKnownFileType = sourcecode.swift; path = TextBoxPickerViewController.swift; sourceTree = "<group>"; };
		A62D646D2754B07E00581EDB /* TextView.swift */ = {isa = PBXFileReference; lastKnownFileType = sourcecode.swift; path = TextView.swift; sourceTree = "<group>"; };
		A62D646F2754C90F00581EDB /* PickerView.swift */ = {isa = PBXFileReference; lastKnownFileType = sourcecode.swift; path = PickerView.swift; sourceTree = "<group>"; };
		A62D64722754CEDE00581EDB /* PickerPickerViewController.swift */ = {isa = PBXFileReference; lastKnownFileType = sourcecode.swift; path = PickerPickerViewController.swift; sourceTree = "<group>"; };
		A631DF902817C101004D72BD /* API+NetworkErrorRx.swift */ = {isa = PBXFileReference; lastKnownFileType = sourcecode.swift; path = "API+NetworkErrorRx.swift"; sourceTree = "<group>"; };
		A635ACFF2755F6970047441F /* Date+.swift */ = {isa = PBXFileReference; lastKnownFileType = sourcecode.swift; path = "Date+.swift"; sourceTree = "<group>"; };
		A635AD012755FC540047441F /* String+.swift */ = {isa = PBXFileReference; lastKnownFileType = sourcecode.swift; path = "String+.swift"; sourceTree = "<group>"; };
		A6398A8F2761B73B0036B337 /* DropDownSelectionCell.swift */ = {isa = PBXFileReference; lastKnownFileType = sourcecode.swift; path = DropDownSelectionCell.swift; sourceTree = "<group>"; };
		A641D28E27BBA36400FE3DA0 /* CalendarViewController.swift */ = {isa = PBXFileReference; lastKnownFileType = sourcecode.swift; path = CalendarViewController.swift; sourceTree = "<group>"; };
		A6462FC12766E49900B6E7C6 /* PickerViewModel.swift */ = {isa = PBXFileReference; lastKnownFileType = sourcecode.swift; path = PickerViewModel.swift; sourceTree = "<group>"; };
		A653D04027706E3800DFC40A /* HeaderStackViewController.swift */ = {isa = PBXFileReference; lastKnownFileType = sourcecode.swift; path = HeaderStackViewController.swift; sourceTree = "<group>"; };
		A65604B52860611D00B736A1 /* NewHotViewController.swift */ = {isa = PBXFileReference; lastKnownFileType = sourcecode.swift; path = NewHotViewController.swift; sourceTree = "<group>"; };
		A65692EF2849FC460016A266 /* TodayAnimationTransition.swift */ = {isa = PBXFileReference; lastKnownFileType = sourcecode.swift; path = TodayAnimationTransition.swift; sourceTree = "<group>"; };
		A65BF831282C8B66006ABA8D /* HalfModalPresentationController.swift */ = {isa = PBXFileReference; lastKnownFileType = sourcecode.swift; path = HalfModalPresentationController.swift; sourceTree = "<group>"; };
		A65BF835282C8F9B006ABA8D /* HalfModalTestViewController.swift */ = {isa = PBXFileReference; lastKnownFileType = sourcecode.swift; path = HalfModalTestViewController.swift; sourceTree = "<group>"; };
		A65C138F2862B42B00F85978 /* NewHotCalendarView.swift */ = {isa = PBXFileReference; lastKnownFileType = sourcecode.swift; path = NewHotCalendarView.swift; sourceTree = "<group>"; };
		A65C13912862F7F600F85978 /* NewHotContentView.swift */ = {isa = PBXFileReference; lastKnownFileType = sourcecode.swift; path = NewHotContentView.swift; sourceTree = "<group>"; };
		A66C10CE283DC40B00E29261 /* CALayer+.swift */ = {isa = PBXFileReference; lastKnownFileType = sourcecode.swift; path = "CALayer+.swift"; sourceTree = "<group>"; };
		A6731F0D283F45970061AF5F /* TooltipTestViewController.swift */ = {isa = PBXFileReference; lastKnownFileType = sourcecode.swift; path = TooltipTestViewController.swift; sourceTree = "<group>"; };
		A674FBDC27BE4052004E0F72 /* CalendarCollectionView.swift */ = {isa = PBXFileReference; lastKnownFileType = sourcecode.swift; path = CalendarCollectionView.swift; sourceTree = "<group>"; };
		A674FBDE27BE4112004E0F72 /* DayCollectionViewCell.swift */ = {isa = PBXFileReference; lastKnownFileType = sourcecode.swift; path = DayCollectionViewCell.swift; sourceTree = "<group>"; };
		A67A751E2806921300935CDE /* AlertTransition.swift */ = {isa = PBXFileReference; lastKnownFileType = sourcecode.swift; path = AlertTransition.swift; sourceTree = "<group>"; };
		A680333A27B61F1700D32C0B /* Then.swift */ = {isa = PBXFileReference; lastKnownFileType = sourcecode.swift; path = Then.swift; sourceTree = "<group>"; };
		A680333D27B623E500D32C0B /* StickeySectionView.swift */ = {isa = PBXFileReference; lastKnownFileType = sourcecode.swift; path = StickeySectionView.swift; sourceTree = "<group>"; };
		A681C8962807F9B800AB13C9 /* StickyAlertTestViewController.swift */ = {isa = PBXFileReference; lastKnownFileType = sourcecode.swift; path = StickyAlertTestViewController.swift; sourceTree = "<group>"; };
		A681C89928080EE600AB13C9 /* StickyAlert.swift */ = {isa = PBXFileReference; lastKnownFileType = sourcecode.swift; path = StickyAlert.swift; sourceTree = "<group>"; };
		A681C89B28080F8C00AB13C9 /* StickyAlertController.swift */ = {isa = PBXFileReference; lastKnownFileType = sourcecode.swift; path = StickyAlertController.swift; sourceTree = "<group>"; };
		A6824F2127782C8D007B40C4 /* TranslucentPopupViewController.swift */ = {isa = PBXFileReference; lastKnownFileType = sourcecode.swift; path = TranslucentPopupViewController.swift; sourceTree = "<group>"; };
		A68BDB452797E9F100F79796 /* API.swift */ = {isa = PBXFileReference; lastKnownFileType = sourcecode.swift; path = API.swift; sourceTree = "<group>"; };
		A68BDB482797FCBA00F79796 /* NetworkTestViewController.swift */ = {isa = PBXFileReference; lastKnownFileType = sourcecode.swift; path = NetworkTestViewController.swift; sourceTree = "<group>"; };
		A696D4412834936B009CCABB /* UIScrollView+.swift */ = {isa = PBXFileReference; lastKnownFileType = sourcecode.swift; path = "UIScrollView+.swift"; sourceTree = "<group>"; };
		A696D4452834A9EB009CCABB /* UIStackView+.swift */ = {isa = PBXFileReference; lastKnownFileType = sourcecode.swift; path = "UIStackView+.swift"; sourceTree = "<group>"; };
		A696D4482834B811009CCABB /* HalfModalViewController.swift */ = {isa = PBXFileReference; lastKnownFileType = sourcecode.swift; path = HalfModalViewController.swift; sourceTree = "<group>"; };
		A696D44A2834B8F9009CCABB /* PlayerIntroduceView.swift */ = {isa = PBXFileReference; lastKnownFileType = sourcecode.swift; path = PlayerIntroduceView.swift; sourceTree = "<group>"; };
		A69957E427995A90006AB1B3 /* API+Request.swift */ = {isa = PBXFileReference; lastKnownFileType = sourcecode.swift; path = "API+Request.swift"; sourceTree = "<group>"; };
		A69B12E9284F3642009F4D45 /* CardDetailViewController.swift */ = {isa = PBXFileReference; lastKnownFileType = sourcecode.swift; path = CardDetailViewController.swift; sourceTree = "<group>"; };
		A69B12EB284F3654009F4D45 /* CardPresentationController.swift */ = {isa = PBXFileReference; lastKnownFileType = sourcecode.swift; path = CardPresentationController.swift; sourceTree = "<group>"; };
		A69B12ED284F3699009F4D45 /* DetailScrollView.swift */ = {isa = PBXFileReference; lastKnownFileType = sourcecode.swift; path = DetailScrollView.swift; sourceTree = "<group>"; };
		A69B12F0284F36CF009F4D45 /* TodayTableViewCell.swift */ = {isa = PBXFileReference; lastKnownFileType = sourcecode.swift; path = TodayTableViewCell.swift; sourceTree = "<group>"; };
		A69B12F2284F36DF009F4D45 /* TodayTableHeaderView.swift */ = {isa = PBXFileReference; lastKnownFileType = sourcecode.swift; path = TodayTableHeaderView.swift; sourceTree = "<group>"; };
		A69B12F5284F3752009F4D45 /* StarView.swift */ = {isa = PBXFileReference; fileEncoding = 4; lastKnownFileType = sourcecode.swift; path = StarView.swift; sourceTree = "<group>"; };
		A69B12F6284F3752009F4D45 /* GlobalConstants.swift */ = {isa = PBXFileReference; fileEncoding = 4; lastKnownFileType = sourcecode.swift; path = GlobalConstants.swift; sourceTree = "<group>"; };
		A69B12F7284F3752009F4D45 /* GlobalFunctions.swift */ = {isa = PBXFileReference; fileEncoding = 4; lastKnownFileType = sourcecode.swift; path = GlobalFunctions.swift; sourceTree = "<group>"; };
		A69B12FB284F3A28009F4D45 /* TodayViewController.swift */ = {isa = PBXFileReference; lastKnownFileType = sourcecode.swift; path = TodayViewController.swift; sourceTree = "<group>"; };
		A69CAEEA278E603E00DAF0D5 /* StickyHeaderTableView.swift */ = {isa = PBXFileReference; lastKnownFileType = sourcecode.swift; path = StickyHeaderTableView.swift; sourceTree = "<group>"; };
		A69CAEED278E608900DAF0D5 /* StickyHeaderView.swift */ = {isa = PBXFileReference; lastKnownFileType = sourcecode.swift; path = StickyHeaderView.swift; sourceTree = "<group>"; };
		A69CAEEF278E60D700DAF0D5 /* StickyHeaderTableViewCell.swift */ = {isa = PBXFileReference; lastKnownFileType = sourcecode.swift; path = StickyHeaderTableViewCell.swift; sourceTree = "<group>"; };
		A69EE1902772A5E1006DEBA9 /* CompostionalCollectionViewController.swift */ = {isa = PBXFileReference; lastKnownFileType = sourcecode.swift; path = CompostionalCollectionViewController.swift; sourceTree = "<group>"; };
		A69EE1942772A85D006DEBA9 /* CompostionalCollectionViewCell.swift */ = {isa = PBXFileReference; lastKnownFileType = sourcecode.swift; path = CompostionalCollectionViewCell.swift; sourceTree = "<group>"; };
		A69EE1982772B0BF006DEBA9 /* Screen.swift */ = {isa = PBXFileReference; lastKnownFileType = sourcecode.swift; path = Screen.swift; sourceTree = "<group>"; };
		A6A283B1274F5D8B00C5DBC4 /* MyFoundation.app */ = {isa = PBXFileReference; explicitFileType = wrapper.application; includeInIndex = 0; path = MyFoundation.app; sourceTree = BUILT_PRODUCTS_DIR; };
		A6A283B4274F5D8B00C5DBC4 /* AppDelegate.swift */ = {isa = PBXFileReference; lastKnownFileType = sourcecode.swift; path = AppDelegate.swift; sourceTree = "<group>"; };
		A6A283BD274F5D8D00C5DBC4 /* Assets.xcassets */ = {isa = PBXFileReference; lastKnownFileType = folder.assetcatalog; path = Assets.xcassets; sourceTree = "<group>"; };
		A6A283C0274F5D8D00C5DBC4 /* Base */ = {isa = PBXFileReference; lastKnownFileType = file.storyboard; name = Base; path = Base.lproj/LaunchScreen.storyboard; sourceTree = "<group>"; };
		A6A283C2274F5D8D00C5DBC4 /* Info.plist */ = {isa = PBXFileReference; lastKnownFileType = text.plist.xml; path = Info.plist; sourceTree = "<group>"; };
		A6A283CE274F5F9500C5DBC4 /* MainViewController.swift */ = {isa = PBXFileReference; lastKnownFileType = sourcecode.swift; path = MainViewController.swift; sourceTree = "<group>"; };
		A6A283F3274F61E600C5DBC4 /* MainListCell.swift */ = {isa = PBXFileReference; lastKnownFileType = sourcecode.swift; path = MainListCell.swift; sourceTree = "<group>"; };
		A6A283F9274F635600C5DBC4 /* NOTOSANSKR-REGULAR-HESTIA.ttf */ = {isa = PBXFileReference; lastKnownFileType = file; path = "NOTOSANSKR-REGULAR-HESTIA.ttf"; sourceTree = "<group>"; };
		A6A283FA274F635600C5DBC4 /* Montserrat-Regular.ttf */ = {isa = PBXFileReference; lastKnownFileType = file; path = "Montserrat-Regular.ttf"; sourceTree = "<group>"; };
		A6A283FB274F635600C5DBC4 /* Montserrat-Medium.ttf */ = {isa = PBXFileReference; lastKnownFileType = file; path = "Montserrat-Medium.ttf"; sourceTree = "<group>"; };
		A6A283FC274F635600C5DBC4 /* Montserrat-Bold.ttf */ = {isa = PBXFileReference; lastKnownFileType = file; path = "Montserrat-Bold.ttf"; sourceTree = "<group>"; };
		A6A283FD274F635600C5DBC4 /* NOTOSANSKR-BOLD-HESTIA.ttf */ = {isa = PBXFileReference; lastKnownFileType = file; path = "NOTOSANSKR-BOLD-HESTIA.ttf"; sourceTree = "<group>"; };
		A6A283FE274F635600C5DBC4 /* NOTOSANSKR-MEDIUM-HESTIA.ttf */ = {isa = PBXFileReference; lastKnownFileType = file; path = "NOTOSANSKR-MEDIUM-HESTIA.ttf"; sourceTree = "<group>"; };
		A6A28407274F63B800C5DBC4 /* UIFont+.swift */ = {isa = PBXFileReference; lastKnownFileType = sourcecode.swift; path = "UIFont+.swift"; sourceTree = "<group>"; };
		A6A2840F274F691B00C5DBC4 /* MultipleTopTabBarPickerViewController.swift */ = {isa = PBXFileReference; lastKnownFileType = sourcecode.swift; path = MultipleTopTabBarPickerViewController.swift; sourceTree = "<group>"; };
		A6A8E6E327B1049600FAE337 /* StickeyHeaderViewController.swift */ = {isa = PBXFileReference; lastKnownFileType = sourcecode.swift; path = StickeyHeaderViewController.swift; sourceTree = "<group>"; };
		A6A8E6E527B108A200FAE337 /* StickeyHeaderView.swift */ = {isa = PBXFileReference; lastKnownFileType = sourcecode.swift; path = StickeyHeaderView.swift; sourceTree = "<group>"; };
		A6A8E6E727B10EB300FAE337 /* StickeyHeaderCell.swift */ = {isa = PBXFileReference; lastKnownFileType = sourcecode.swift; path = StickeyHeaderCell.swift; sourceTree = "<group>"; };
		A6AD6D86277DA852001BBF43 /* RxDataSources+.swift */ = {isa = PBXFileReference; lastKnownFileType = sourcecode.swift; path = "RxDataSources+.swift"; sourceTree = "<group>"; };
		A6AD6D88277DA881001BBF43 /* DynamicHeightTableView.swift */ = {isa = PBXFileReference; lastKnownFileType = sourcecode.swift; path = DynamicHeightTableView.swift; sourceTree = "<group>"; };
		A6AED3E127A0FC6B0076D49A /* API+NetworkError.swift */ = {isa = PBXFileReference; lastKnownFileType = sourcecode.swift; path = "API+NetworkError.swift"; sourceTree = "<group>"; };
		A6B2E3F22798FE5900E4AC6C /* API+BaseURL.swift */ = {isa = PBXFileReference; lastKnownFileType = sourcecode.swift; path = "API+BaseURL.swift"; sourceTree = "<group>"; };
		A6B2E3F42798FE8B00E4AC6C /* API+Method.swift */ = {isa = PBXFileReference; lastKnownFileType = sourcecode.swift; path = "API+Method.swift"; sourceTree = "<group>"; };
		A6B2E3F62798FE9900E4AC6C /* API+Path.swift */ = {isa = PBXFileReference; lastKnownFileType = sourcecode.swift; path = "API+Path.swift"; sourceTree = "<group>"; };
		A6B2E3F82798FF2800E4AC6C /* API+Task.swift */ = {isa = PBXFileReference; lastKnownFileType = sourcecode.swift; path = "API+Task.swift"; sourceTree = "<group>"; };
		A6C10D002844899000DECB78 /* BaseNotificationBanner.swift */ = {isa = PBXFileReference; lastKnownFileType = sourcecode.swift; path = BaseNotificationBanner.swift; sourceTree = "<group>"; };
		A6C10D0228448A0100DECB78 /* BannerPositionFrame.swift */ = {isa = PBXFileReference; lastKnownFileType = sourcecode.swift; path = BannerPositionFrame.swift; sourceTree = "<group>"; };
		A6C10D0428448FB800DECB78 /* NotificationBanner.swift */ = {isa = PBXFileReference; lastKnownFileType = sourcecode.swift; path = NotificationBanner.swift; sourceTree = "<group>"; };
		A6C10D0628449E2F00DECB78 /* NotificationBannerQueue.swift */ = {isa = PBXFileReference; lastKnownFileType = sourcecode.swift; path = NotificationBannerQueue.swift; sourceTree = "<group>"; };
		A6C49DF527BA264400888DEB /* MultipleTopTabBar2ViewController.swift */ = {isa = PBXFileReference; lastKnownFileType = sourcecode.swift; path = MultipleTopTabBar2ViewController.swift; sourceTree = "<group>"; };
		A6D00E7E2758A3BD005B09FF /* ActionSheet.swift */ = {isa = PBXFileReference; lastKnownFileType = sourcecode.swift; path = ActionSheet.swift; sourceTree = "<group>"; };
		A6D00E812758A3D6005B09FF /* ActionSheetViewController.swift */ = {isa = PBXFileReference; lastKnownFileType = sourcecode.swift; path = ActionSheetViewController.swift; sourceTree = "<group>"; };
		A6D22EF4275715DB00E858A4 /* DropDownSelection.swift */ = {isa = PBXFileReference; lastKnownFileType = sourcecode.swift; path = DropDownSelection.swift; sourceTree = "<group>"; };
		A6D22EF9275716C300E858A4 /* DropDownViewController.swift */ = {isa = PBXFileReference; lastKnownFileType = sourcecode.swift; path = DropDownViewController.swift; sourceTree = "<group>"; };
		A6D22EFC27572B7F00E858A4 /* UIBaseViewController.swift */ = {isa = PBXFileReference; lastKnownFileType = sourcecode.swift; path = UIBaseViewController.swift; sourceTree = "<group>"; };
		A6D22F012757640E00E858A4 /* UINavigationController+.swift */ = {isa = PBXFileReference; lastKnownFileType = sourcecode.swift; path = "UINavigationController+.swift"; sourceTree = "<group>"; };
		A6D4FE08279FE29A00C1DAF4 /* CurrentWeather.swift */ = {isa = PBXFileReference; lastKnownFileType = sourcecode.swift; path = CurrentWeather.swift; sourceTree = "<group>"; };
		A6D4FE0A279FE2B000C1DAF4 /* GenericModel.swift */ = {isa = PBXFileReference; lastKnownFileType = sourcecode.swift; path = GenericModel.swift; sourceTree = "<group>"; };
		A6D63D7F27682802008C5535 /* Log.swift */ = {isa = PBXFileReference; lastKnownFileType = sourcecode.swift; path = Log.swift; sourceTree = "<group>"; };
		A6D7AD642845DBE1001B847C /* PriceUpdatedBannerView.swift */ = {isa = PBXFileReference; lastKnownFileType = sourcecode.swift; path = PriceUpdatedBannerView.swift; sourceTree = "<group>"; };
		A6DA1A442762F3A600B73055 /* TestActionSheetView.swift */ = {isa = PBXFileReference; lastKnownFileType = sourcecode.swift; path = TestActionSheetView.swift; sourceTree = "<group>"; };
		A6DE76282796FC8A00036DE5 /* URL+.swift */ = {isa = PBXFileReference; lastKnownFileType = sourcecode.swift; path = "URL+.swift"; sourceTree = "<group>"; };
		A6F0EAB8281B707C00B5E0BD /* API+StateCode.swift */ = {isa = PBXFileReference; lastKnownFileType = sourcecode.swift; path = "API+StateCode.swift"; sourceTree = "<group>"; };
		A6FB149E275A0B6D00D2854C /* UIApplication+.swift */ = {isa = PBXFileReference; lastKnownFileType = sourcecode.swift; path = "UIApplication+.swift"; sourceTree = "<group>"; };
		A6FB5A0C2759F0F600E85316 /* UIAlertController+.swift */ = {isa = PBXFileReference; lastKnownFileType = sourcecode.swift; path = "UIAlertController+.swift"; sourceTree = "<group>"; };
/* End PBXFileReference section */

/* Begin PBXFrameworksBuildPhase section */
		A6A283AE274F5D8B00C5DBC4 /* Frameworks */ = {
			isa = PBXFrameworksBuildPhase;
			buildActionMask = 2147483647;
			files = (
				A6A283D8274F603D00C5DBC4 /* RxCocoa in Frameworks */,
				A6A283E8274F60D300C5DBC4 /* Kingfisher in Frameworks */,
				A6D22F002757601700E858A4 /* Parchment in Frameworks */,
				A6D4FE0E279FE36100C1DAF4 /* AnyCodable in Frameworks */,
				A68BDB402797E78D00F79796 /* Moya in Frameworks */,
				A60A2C952837661D00899C50 /* IQKeyboardManagerSwift in Frameworks */,
				A68BDB422797E78D00F79796 /* RxMoya in Frameworks */,
				A6A283D6274F603D00C5DBC4 /* RxSwift in Frameworks */,
				A6A283DC274F605C00C5DBC4 /* RxSwiftExt in Frameworks */,
				A60812C1278079D500453F6C /* RxDataSources in Frameworks */,
				A6A283D4274F603D00C5DBC4 /* RxRelay in Frameworks */,
				A6A283E0274F609100C5DBC4 /* SnapKit in Frameworks */,
			);
			runOnlyForDeploymentPostprocessing = 0;
		};
/* End PBXFrameworksBuildPhase section */

/* Begin PBXGroup section */
		A605A66427748CE0001A1C16 /* StandaloneNavigationBar */ = {
			isa = PBXGroup;
			children = (
				A605A66527748D5A001A1C16 /* StandaloneNavigationBarViewController.swift */,
			);
			path = StandaloneNavigationBar;
			sourceTree = "<group>";
		};
		A60812BE2780790B00453F6C /* SectionedTableView */ = {
			isa = PBXGroup;
			children = (
				A60812C427807EA400453F6C /* Cell */,
				A60812C227807A1E00453F6C /* SectionedTableViewController.swift */,
			);
			path = SectionedTableView;
			sourceTree = "<group>";
		};
		A60812C427807EA400453F6C /* Cell */ = {
			isa = PBXGroup;
			children = (
				A60812C527807FBD00453F6C /* SectionedListCell.swift */,
			);
			path = Cell;
			sourceTree = "<group>";
		};
		A6094186280016F8003C7AE6 /* Alert */ = {
			isa = PBXGroup;
			children = (
				A609418728001710003C7AE6 /* AlertTestViewController.swift */,
				A681C8962807F9B800AB13C9 /* StickyAlertTestViewController.swift */,
				A6D7AD642845DBE1001B847C /* PriceUpdatedBannerView.swift */,
			);
			path = Alert;
			sourceTree = "<group>";
		};
		A60A2C90283764DF00899C50 /* Toast */ = {
			isa = PBXGroup;
			children = (
				A60A2C912837651900899C50 /* ToastView.swift */,
				A60A2C9628376A3200899C50 /* Toaster.swift */,
				A60A2C9A28376B2900899C50 /* ToastCenter.swift */,
				A60A2C9C28376BAA00899C50 /* Toast.swift */,
			);
			path = Toast;
			sourceTree = "<group>";
		};
		A60E62DD27FFCE8B0030903F /* Alert */ = {
			isa = PBXGroup;
			children = (
				A60E62DE27FFCEA70030903F /* Alert.swift */,
				A60E62E627FFFAA10030903F /* AlertController.swift */,
				A609418B28003D2A003C7AE6 /* AlertActionCell.swift */,
				A60E62E427FFD6A60030903F /* AlertPresenter.swift */,
				A60E62E127FFCFB00030903F /* TextAlertView.swift */,
				A67A751E2806921300935CDE /* AlertTransition.swift */,
			);
			path = Alert;
			sourceTree = "<group>";
		};
		A61851DF27BCE1390091296C /* Subview */ = {
			isa = PBXGroup;
			children = (
				A61851E027BCE1540091296C /* WeekDayCollectionViewCell.swift */,
				A674FBDE27BE4112004E0F72 /* DayCollectionViewCell.swift */,
				A674FBDC27BE4052004E0F72 /* CalendarCollectionView.swift */,
			);
			path = Subview;
			sourceTree = "<group>";
		};
		A61A7FB82779708D00486E40 /* Subview */ = {
			isa = PBXGroup;
			children = (
				A61A7FB92779709E00486E40 /* TranslucentPopupView.swift */,
			);
			path = Subview;
			sourceTree = "<group>";
		};
		A61FEF2E27F2BE7D006C3269 /* Popover */ = {
			isa = PBXGroup;
			children = (
				A61FEF3727F2F450006C3269 /* PopoverViewController.swift */,
				A61FEF2F27F2BF23006C3269 /* PopoverPresenter.swift */,
			);
			path = Popover;
			sourceTree = "<group>";
		};
		A622426E27BF9C9300160498 /* AnimationPractice */ = {
			isa = PBXGroup;
			children = (
				A622426F27BF9CB100160498 /* AnimationPracticeViewController.swift */,
			);
			path = AnimationPractice;
			sourceTree = "<group>";
		};
		A62B9F4B28405F2300E9140D /* Floats */ = {
			isa = PBXGroup;
			children = (
				A62B9F4C28405F9800E9140D /* FloatsController.swift */,
				A62B9F502840639900E9140D /* Floats.swift */,
				A62B9F522840C17E00E9140D /* BannerModifier.swift */,
			);
			path = Floats;
			sourceTree = "<group>";
		};
		A62D646A275496CF00581EDB /* TextBox */ = {
			isa = PBXGroup;
			children = (
				A62D646B275496EB00581EDB /* TextBoxPickerViewController.swift */,
			);
			path = TextBox;
			sourceTree = "<group>";
		};
		A62D64712754CCA100581EDB /* Picker */ = {
			isa = PBXGroup;
			children = (
				A62D64722754CEDE00581EDB /* PickerPickerViewController.swift */,
			);
			path = Picker;
			sourceTree = "<group>";
		};
		A6398A8E2761B7160036B337 /* Subview */ = {
			isa = PBXGroup;
			children = (
				A6398A8F2761B73B0036B337 /* DropDownSelectionCell.swift */,
				A6DA1A442762F3A600B73055 /* TestActionSheetView.swift */,
			);
			path = Subview;
			sourceTree = "<group>";
		};
		A641D28D27BBA34500FE3DA0 /* Calendar */ = {
			isa = PBXGroup;
			children = (
				A61851DF27BCE1390091296C /* Subview */,
				A641D28E27BBA36400FE3DA0 /* CalendarViewController.swift */,
			);
			path = Calendar;
			sourceTree = "<group>";
		};
		A6462FC02766E48C00B6E7C6 /* Model */ = {
			isa = PBXGroup;
			children = (
				A6462FC12766E49900B6E7C6 /* PickerViewModel.swift */,
			);
			path = Model;
			sourceTree = "<group>";
		};
		A653D03C27706D5F00DFC40A /* HeaderStackView */ = {
			isa = PBXGroup;
			children = (
				A653D04027706E3800DFC40A /* HeaderStackViewController.swift */,
			);
			path = HeaderStackView;
			sourceTree = "<group>";
		};
		A65604B42860610F00B736A1 /* NewHot */ = {
			isa = PBXGroup;
			children = (
				A65C13912862F7F600F85978 /* NewHotContentView.swift */,
				A65C138F2862B42B00F85978 /* NewHotCalendarView.swift */,
				A65604B52860611D00B736A1 /* NewHotViewController.swift */,
			);
			path = NewHot;
			sourceTree = "<group>";
		};
		A65692EC2849FC180016A266 /* Today */ = {
			isa = PBXGroup;
			children = (
				A65692ED2849FC310016A266 /* Controller */,
				A65692EE2849FC350016A266 /* Model */,
				A69B12EF284F36B6009F4D45 /* View */,
				A69B12F4284F3752009F4D45 /* Utils */,
			);
			path = Today;
			sourceTree = "<group>";
		};
		A65692ED2849FC310016A266 /* Controller */ = {
			isa = PBXGroup;
			children = (
				A69B12FB284F3A28009F4D45 /* TodayViewController.swift */,
				A69B12E9284F3642009F4D45 /* CardDetailViewController.swift */,
				A69B12EB284F3654009F4D45 /* CardPresentationController.swift */,
			);
			path = Controller;
			sourceTree = "<group>";
		};
		A65692EE2849FC350016A266 /* Model */ = {
			isa = PBXGroup;
			children = (
				A65692EF2849FC460016A266 /* TodayAnimationTransition.swift */,
			);
			path = Model;
			sourceTree = "<group>";
		};
		A65BF830282C8B29006ABA8D /* HalfModal */ = {
			isa = PBXGroup;
			children = (
				A65BF835282C8F9B006ABA8D /* HalfModalTestViewController.swift */,
				A696D44A2834B8F9009CCABB /* PlayerIntroduceView.swift */,
			);
			path = HalfModal;
			sourceTree = "<group>";
		};
		A680333927B61EDA00D32C0B /* Then */ = {
			isa = PBXGroup;
			children = (
				A680333A27B61F1700D32C0B /* Then.swift */,
			);
			path = Then;
			sourceTree = "<group>";
		};
		A680333C27B623CC00D32C0B /* Subview */ = {
			isa = PBXGroup;
			children = (
				A6A8E6E527B108A200FAE337 /* StickeyHeaderView.swift */,
				A680333D27B623E500D32C0B /* StickeySectionView.swift */,
			);
			path = Subview;
			sourceTree = "<group>";
		};
		A681C89828080EA900AB13C9 /* StickyAlert */ = {
			isa = PBXGroup;
			children = (
				A681C89928080EE600AB13C9 /* StickyAlert.swift */,
				A681C89B28080F8C00AB13C9 /* StickyAlertController.swift */,
			);
			path = StickyAlert;
			sourceTree = "<group>";
		};
		A6824F2027782C69007B40C4 /* TranslucentPopup */ = {
			isa = PBXGroup;
			children = (
				A61A7FB82779708D00486E40 /* Subview */,
				A6824F2127782C8D007B40C4 /* TranslucentPopupViewController.swift */,
			);
			path = TranslucentPopup;
			sourceTree = "<group>";
		};
		A68409CE27548C290041D8F8 /* Foundation */ = {
			isa = PBXGroup;
			children = (
				A6462FC02766E48C00B6E7C6 /* Model */,
				A680333927B61EDA00D32C0B /* Then */,
				A6398A8E2761B7160036B337 /* Subview */,
				A60E62DD27FFCE8B0030903F /* Alert */,
				A681C89828080EA900AB13C9 /* StickyAlert */,
				A696D4472834B7F1009CCABB /* HalfModal */,
				A60A2C90283764DF00899C50 /* Toast */,
				A62B9F4B28405F2300E9140D /* Floats */,
				A6C10CFB28445DBF00DECB78 /* NotificationAlert */,
				A65692EC2849FC180016A266 /* Today */,
				A62D646627548E6100581EDB /* TextField.swift */,
				A62D646D2754B07E00581EDB /* TextView.swift */,
				A62D646F2754C90F00581EDB /* PickerView.swift */,
				A6D22EF4275715DB00E858A4 /* DropDownSelection.swift */,
				A6D00E7E2758A3BD005B09FF /* ActionSheet.swift */,
				A6003529277190B6006142F3 /* HeaderStackView.swift */,
				A6AD6D88277DA881001BBF43 /* DynamicHeightTableView.swift */,
				A609418428001551003C7AE6 /* ModalWindow.swift */,
				A609418928003602003C7AE6 /* AutoSizingScrollView.swift */,
				A62B9F4E284061A500E9140D /* ShadowView.swift */,
			);
			path = Foundation;
			sourceTree = "<group>";
		};
		A68BDB3D2797E5E600F79796 /* Networking */ = {
			isa = PBXGroup;
			children = (
				A68BDB452797E9F100F79796 /* API.swift */,
				A6B2E3F22798FE5900E4AC6C /* API+BaseURL.swift */,
				A6B2E3F62798FE9900E4AC6C /* API+Path.swift */,
				A6B2E3F42798FE8B00E4AC6C /* API+Method.swift */,
				A6B2E3F82798FF2800E4AC6C /* API+Task.swift */,
				A69957E427995A90006AB1B3 /* API+Request.swift */,
				A6AED3E127A0FC6B0076D49A /* API+NetworkError.swift */,
				A6F0EAB8281B707C00B5E0BD /* API+StateCode.swift */,
				A631DF902817C101004D72BD /* API+NetworkErrorRx.swift */,
			);
			path = Networking;
			sourceTree = "<group>";
		};
		A68BDB472797FC8200F79796 /* NetworkTest */ = {
			isa = PBXGroup;
			children = (
				A68BDB482797FCBA00F79796 /* NetworkTestViewController.swift */,
				A6D4FE08279FE29A00C1DAF4 /* CurrentWeather.swift */,
				A6D4FE0A279FE2B000C1DAF4 /* GenericModel.swift */,
			);
			path = NetworkTest;
			sourceTree = "<group>";
		};
		A696D4472834B7F1009CCABB /* HalfModal */ = {
			isa = PBXGroup;
			children = (
				A696D4482834B811009CCABB /* HalfModalViewController.swift */,
				A65BF831282C8B66006ABA8D /* HalfModalPresentationController.swift */,
			);
			path = HalfModal;
			sourceTree = "<group>";
		};
		A69B12EF284F36B6009F4D45 /* View */ = {
			isa = PBXGroup;
			children = (
				A69B12ED284F3699009F4D45 /* DetailScrollView.swift */,
				A69B12F0284F36CF009F4D45 /* TodayTableViewCell.swift */,
				A69B12F2284F36DF009F4D45 /* TodayTableHeaderView.swift */,
			);
			path = View;
			sourceTree = "<group>";
		};
		A69B12F4284F3752009F4D45 /* Utils */ = {
			isa = PBXGroup;
			children = (
				A69B12F5284F3752009F4D45 /* StarView.swift */,
				A69B12F6284F3752009F4D45 /* GlobalConstants.swift */,
				A69B12F7284F3752009F4D45 /* GlobalFunctions.swift */,
			);
			path = Utils;
			sourceTree = "<group>";
		};
		A69CAEE9278E5FDC00DAF0D5 /* StickyHeaderTableView */ = {
			isa = PBXGroup;
			children = (
				A69CAEEC278E607600DAF0D5 /* Subview */,
				A69CAEEA278E603E00DAF0D5 /* StickyHeaderTableView.swift */,
			);
			path = StickyHeaderTableView;
			sourceTree = "<group>";
		};
		A69CAEEC278E607600DAF0D5 /* Subview */ = {
			isa = PBXGroup;
			children = (
				A69CAEED278E608900DAF0D5 /* StickyHeaderView.swift */,
				A69CAEEF278E60D700DAF0D5 /* StickyHeaderTableViewCell.swift */,
			);
			path = Subview;
			sourceTree = "<group>";
		};
		A69EE1922772A82C006DEBA9 /* CompostionalCollection */ = {
			isa = PBXGroup;
			children = (
				A69EE1942772A85D006DEBA9 /* CompostionalCollectionViewCell.swift */,
				A69EE1902772A5E1006DEBA9 /* CompostionalCollectionViewController.swift */,
			);
			path = CompostionalCollection;
			sourceTree = "<group>";
		};
		A6A283A8274F5D8B00C5DBC4 = {
			isa = PBXGroup;
			children = (
				A6A283B3274F5D8B00C5DBC4 /* MyFoundation */,
				A6A283B2274F5D8B00C5DBC4 /* Products */,
			);
			sourceTree = "<group>";
		};
		A6A283B2274F5D8B00C5DBC4 /* Products */ = {
			isa = PBXGroup;
			children = (
				A6A283B1274F5D8B00C5DBC4 /* MyFoundation.app */,
			);
			name = Products;
			sourceTree = "<group>";
		};
		A6A283B3274F5D8B00C5DBC4 /* MyFoundation */ = {
			isa = PBXGroup;
			children = (
				A6A283B4274F5D8B00C5DBC4 /* AppDelegate.swift */,
				A6A283C2274F5D8D00C5DBC4 /* Info.plist */,
				A6A28406274F63AA00C5DBC4 /* Extension */,
				A6A283CD274F5F1100C5DBC4 /* Features */,
				A68409CE27548C290041D8F8 /* Foundation */,
				A68BDB3D2797E5E600F79796 /* Networking */,
				A6A283CC274F5EF900C5DBC4 /* Resources */,
				A6A283F8274F632400C5DBC4 /* Supporting files */,
			);
			path = MyFoundation;
			sourceTree = "<group>";
		};
		A6A283CC274F5EF900C5DBC4 /* Resources */ = {
			isa = PBXGroup;
			children = (
				A6A283BD274F5D8D00C5DBC4 /* Assets.xcassets */,
				A6A283BF274F5D8D00C5DBC4 /* LaunchScreen.storyboard */,
			);
			path = Resources;
			sourceTree = "<group>";
		};
		A6A283CD274F5F1100C5DBC4 /* Features */ = {
			isa = PBXGroup;
			children = (
				A6D22EFC27572B7F00E858A4 /* UIBaseViewController.swift */,
				A6A283ED274F618200C5DBC4 /* Main */,
				A6A2840E274F68EA00C5DBC4 /* MultipleTopTabBar */,
				A6C49DF227BA260800888DEB /* MultipleTopTabBar2 */,
				A62D646A275496CF00581EDB /* TextBox */,
				A62D64712754CCA100581EDB /* Picker */,
				A6D22EF6275715E600E858A4 /* DropDown */,
				A6D00E802758A3C1005B09FF /* ActionSheet */,
				A653D03C27706D5F00DFC40A /* HeaderStackView */,
				A69EE1922772A82C006DEBA9 /* CompostionalCollection */,
				A605A66427748CE0001A1C16 /* StandaloneNavigationBar */,
				A6824F2027782C69007B40C4 /* TranslucentPopup */,
				A60812BE2780790B00453F6C /* SectionedTableView */,
				A69CAEE9278E5FDC00DAF0D5 /* StickyHeaderTableView */,
				A6A8E6E227B1045600FAE337 /* StickeyHeader */,
				A68BDB472797FC8200F79796 /* NetworkTest */,
				A641D28D27BBA34500FE3DA0 /* Calendar */,
				A622426E27BF9C9300160498 /* AnimationPractice */,
				A61FEF2E27F2BE7D006C3269 /* Popover */,
				A6094186280016F8003C7AE6 /* Alert */,
				A65BF830282C8B29006ABA8D /* HalfModal */,
				A6C6E784283B4D6C00ED2E11 /* Tooltip */,
				A65604B42860610F00B736A1 /* NewHot */,
			);
			path = Features;
			sourceTree = "<group>";
		};
		A6A283ED274F618200C5DBC4 /* Main */ = {
			isa = PBXGroup;
			children = (
				A6A283EE274F619500C5DBC4 /* SubViews */,
				A6A283CE274F5F9500C5DBC4 /* MainViewController.swift */,
				A69EE1982772B0BF006DEBA9 /* Screen.swift */,
			);
			path = Main;
			sourceTree = "<group>";
		};
		A6A283EE274F619500C5DBC4 /* SubViews */ = {
			isa = PBXGroup;
			children = (
				A6A283F3274F61E600C5DBC4 /* MainListCell.swift */,
			);
			path = SubViews;
			sourceTree = "<group>";
		};
		A6A283F8274F632400C5DBC4 /* Supporting files */ = {
			isa = PBXGroup;
			children = (
				A6A283FC274F635600C5DBC4 /* Montserrat-Bold.ttf */,
				A6A283FB274F635600C5DBC4 /* Montserrat-Medium.ttf */,
				A6A283FA274F635600C5DBC4 /* Montserrat-Regular.ttf */,
				A6A283FD274F635600C5DBC4 /* NOTOSANSKR-BOLD-HESTIA.ttf */,
				A6A283FE274F635600C5DBC4 /* NOTOSANSKR-MEDIUM-HESTIA.ttf */,
				A6A283F9274F635600C5DBC4 /* NOTOSANSKR-REGULAR-HESTIA.ttf */,
			);
			path = "Supporting files";
			sourceTree = "<group>";
		};
		A6A28406274F63AA00C5DBC4 /* Extension */ = {
			isa = PBXGroup;
			children = (
				A6D22F012757640E00E858A4 /* UINavigationController+.swift */,
				A6FB5A0C2759F0F600E85316 /* UIAlertController+.swift */,
				A6FB149E275A0B6D00D2854C /* UIApplication+.swift */,
				A696D4412834936B009CCABB /* UIScrollView+.swift */,
				A696D4452834A9EB009CCABB /* UIStackView+.swift */,
				A60A2C9828376A8F00899C50 /* UIWindow+.swift */,
				A66C10CE283DC40B00E29261 /* CALayer+.swift */,
				A6A28407274F63B800C5DBC4 /* UIFont+.swift */,
				A62D6468275494FF00581EDB /* UIView+.swift */,
				A635ACFF2755F6970047441F /* Date+.swift */,
				A6DE76282796FC8A00036DE5 /* URL+.swift */,
				A635AD012755FC540047441F /* String+.swift */,
				A6D63D7F27682802008C5535 /* Log.swift */,
				A6AD6D85277DA83A001BBF43 /* RxExtension */,
			);
			path = Extension;
			sourceTree = "<group>";
		};
		A6A2840E274F68EA00C5DBC4 /* MultipleTopTabBar */ = {
			isa = PBXGroup;
			children = (
				A6A2840F274F691B00C5DBC4 /* MultipleTopTabBarPickerViewController.swift */,
			);
			path = MultipleTopTabBar;
			sourceTree = "<group>";
		};
		A6A8E6E227B1045600FAE337 /* StickeyHeader */ = {
			isa = PBXGroup;
			children = (
				A680333C27B623CC00D32C0B /* Subview */,
				A6A8E6E727B10EB300FAE337 /* StickeyHeaderCell.swift */,
				A6A8E6E327B1049600FAE337 /* StickeyHeaderViewController.swift */,
			);
			path = StickeyHeader;
			sourceTree = "<group>";
		};
		A6AD6D85277DA83A001BBF43 /* RxExtension */ = {
			isa = PBXGroup;
			children = (
				A6AD6D86277DA852001BBF43 /* RxDataSources+.swift */,
				A6219EC82782C139005D98B5 /* UIView+Rx.swift */,
				A62D2898279AA575000306EB /* RxOperation+.swift */,
			);
			path = RxExtension;
			sourceTree = "<group>";
		};
		A6C10CFB28445DBF00DECB78 /* NotificationAlert */ = {
			isa = PBXGroup;
			children = (
				A6C10D0628449E2F00DECB78 /* NotificationBannerQueue.swift */,
				A6C10D002844899000DECB78 /* BaseNotificationBanner.swift */,
				A6C10D0228448A0100DECB78 /* BannerPositionFrame.swift */,
				A6C10D0428448FB800DECB78 /* NotificationBanner.swift */,
			);
			path = NotificationAlert;
			sourceTree = "<group>";
		};
		A6C49DF227BA260800888DEB /* MultipleTopTabBar2 */ = {
			isa = PBXGroup;
			children = (
				A6C49DF527BA264400888DEB /* MultipleTopTabBar2ViewController.swift */,
			);
			path = MultipleTopTabBar2;
			sourceTree = "<group>";
		};
		A6C6E784283B4D6C00ED2E11 /* Tooltip */ = {
			isa = PBXGroup;
			children = (
				A6731F0D283F45970061AF5F /* TooltipTestViewController.swift */,
			);
			path = Tooltip;
			sourceTree = "<group>";
		};
		A6D00E802758A3C1005B09FF /* ActionSheet */ = {
			isa = PBXGroup;
			children = (
				A6D00E812758A3D6005B09FF /* ActionSheetViewController.swift */,
			);
			path = ActionSheet;
			sourceTree = "<group>";
		};
		A6D22EF6275715E600E858A4 /* DropDown */ = {
			isa = PBXGroup;
			children = (
				A6D22EF9275716C300E858A4 /* DropDownViewController.swift */,
			);
			path = DropDown;
			sourceTree = "<group>";
		};
/* End PBXGroup section */

/* Begin PBXNativeTarget section */
		A6A283B0274F5D8B00C5DBC4 /* MyFoundation */ = {
			isa = PBXNativeTarget;
			buildConfigurationList = A6A283C5274F5D8D00C5DBC4 /* Build configuration list for PBXNativeTarget "MyFoundation" */;
			buildPhases = (
				A6A283AD274F5D8B00C5DBC4 /* Sources */,
				A6A283AE274F5D8B00C5DBC4 /* Frameworks */,
				A6A283AF274F5D8B00C5DBC4 /* Resources */,
			);
			buildRules = (
			);
			dependencies = (
			);
			name = MyFoundation;
			packageProductDependencies = (
				A6A283D3274F603D00C5DBC4 /* RxRelay */,
				A6A283D5274F603D00C5DBC4 /* RxSwift */,
				A6A283D7274F603D00C5DBC4 /* RxCocoa */,
				A6A283DB274F605C00C5DBC4 /* RxSwiftExt */,
				A6A283DF274F609100C5DBC4 /* SnapKit */,
				A6A283E7274F60D300C5DBC4 /* Kingfisher */,
				A6D22EFF2757601700E858A4 /* Parchment */,
				A60812C0278079D500453F6C /* RxDataSources */,
				A68BDB3F2797E78D00F79796 /* Moya */,
				A68BDB412797E78D00F79796 /* RxMoya */,
				A6D4FE0D279FE36100C1DAF4 /* AnyCodable */,
				A60A2C942837661D00899C50 /* IQKeyboardManagerSwift */,
			);
			productName = MyFoundation;
			productReference = A6A283B1274F5D8B00C5DBC4 /* MyFoundation.app */;
			productType = "com.apple.product-type.application";
		};
/* End PBXNativeTarget section */

/* Begin PBXProject section */
		A6A283A9274F5D8B00C5DBC4 /* Project object */ = {
			isa = PBXProject;
			attributes = {
				LastSwiftUpdateCheck = 1200;
				LastUpgradeCheck = 1200;
				TargetAttributes = {
					A6A283B0274F5D8B00C5DBC4 = {
						CreatedOnToolsVersion = 12.0.1;
					};
				};
			};
			buildConfigurationList = A6A283AC274F5D8B00C5DBC4 /* Build configuration list for PBXProject "MyFoundation" */;
			compatibilityVersion = "Xcode 9.3";
			developmentRegion = en;
			hasScannedForEncodings = 0;
			knownRegions = (
				en,
				Base,
			);
			mainGroup = A6A283A8274F5D8B00C5DBC4;
			packageReferences = (
				A6A283D2274F603D00C5DBC4 /* XCRemoteSwiftPackageReference "RxSwift" */,
				A6A283DA274F605C00C5DBC4 /* XCRemoteSwiftPackageReference "RxSwiftExt" */,
				A6A283DE274F609100C5DBC4 /* XCRemoteSwiftPackageReference "SnapKit" */,
				A6A283E6274F60D300C5DBC4 /* XCRemoteSwiftPackageReference "Kingfisher" */,
				A6D22EFE2757601700E858A4 /* XCRemoteSwiftPackageReference "Parchment" */,
				A60812BF278079D500453F6C /* XCRemoteSwiftPackageReference "RxDataSources" */,
				A68BDB3E2797E78D00F79796 /* XCRemoteSwiftPackageReference "Moya" */,
				A6D4FE0C279FE36100C1DAF4 /* XCRemoteSwiftPackageReference "AnyCodable" */,
				A60A2C932837661C00899C50 /* XCRemoteSwiftPackageReference "IQKeyboardManager" */,
			);
			productRefGroup = A6A283B2274F5D8B00C5DBC4 /* Products */;
			projectDirPath = "";
			projectRoot = "";
			targets = (
				A6A283B0274F5D8B00C5DBC4 /* MyFoundation */,
			);
		};
/* End PBXProject section */

/* Begin PBXResourcesBuildPhase section */
		A6A283AF274F5D8B00C5DBC4 /* Resources */ = {
			isa = PBXResourcesBuildPhase;
			buildActionMask = 2147483647;
			files = (
				A6A28400274F635600C5DBC4 /* Montserrat-Regular.ttf in Resources */,
				A6A28401274F635600C5DBC4 /* Montserrat-Medium.ttf in Resources */,
				A6A28402274F635600C5DBC4 /* Montserrat-Bold.ttf in Resources */,
				A6A28404274F635600C5DBC4 /* NOTOSANSKR-MEDIUM-HESTIA.ttf in Resources */,
				A6A28403274F635600C5DBC4 /* NOTOSANSKR-BOLD-HESTIA.ttf in Resources */,
				A6A283C1274F5D8D00C5DBC4 /* LaunchScreen.storyboard in Resources */,
				A6A283FF274F635600C5DBC4 /* NOTOSANSKR-REGULAR-HESTIA.ttf in Resources */,
				A6A283BE274F5D8D00C5DBC4 /* Assets.xcassets in Resources */,
			);
			runOnlyForDeploymentPostprocessing = 0;
		};
/* End PBXResourcesBuildPhase section */

/* Begin PBXSourcesBuildPhase section */
		A6A283AD274F5D8B00C5DBC4 /* Sources */ = {
			isa = PBXSourcesBuildPhase;
			buildActionMask = 2147483647;
			files = (
				A641D28F27BBA36400FE3DA0 /* CalendarViewController.swift in Sources */,
				A62D2899279AA575000306EB /* RxOperation+.swift in Sources */,
				A6C10D012844899000DECB78 /* BaseNotificationBanner.swift in Sources */,
				A6D4FE09279FE29A00C1DAF4 /* CurrentWeather.swift in Sources */,
				A6D7AD652845DBE1001B847C /* PriceUpdatedBannerView.swift in Sources */,
				A6C10D0528448FB800DECB78 /* NotificationBanner.swift in Sources */,
				A696D4492834B811009CCABB /* HalfModalViewController.swift in Sources */,
				A6D22F022757640E00E858A4 /* UINavigationController+.swift in Sources */,
				A69B12F8284F3752009F4D45 /* StarView.swift in Sources */,
				A681C89A28080EE600AB13C9 /* StickyAlert.swift in Sources */,
				A681C8972807F9B800AB13C9 /* StickyAlertTestViewController.swift in Sources */,
				A6D00E7F2758A3BD005B09FF /* ActionSheet.swift in Sources */,
				A6AD6D89277DA881001BBF43 /* DynamicHeightTableView.swift in Sources */,
				A65C13902862B42B00F85978 /* NewHotCalendarView.swift in Sources */,
				A6FB149F275A0B6D00D2854C /* UIApplication+.swift in Sources */,
				A6B2E3F92798FF2800E4AC6C /* API+Task.swift in Sources */,
				A674FBDD27BE4052004E0F72 /* CalendarCollectionView.swift in Sources */,
				A680333B27B61F1700D32C0B /* Then.swift in Sources */,
				A60A2C9D28376BAA00899C50 /* Toast.swift in Sources */,
				A60E62E227FFCFB00030903F /* TextAlertView.swift in Sources */,
				A622427027BF9CB100160498 /* AnimationPracticeViewController.swift in Sources */,
				A6C10D0328448A0100DECB78 /* BannerPositionFrame.swift in Sources */,
				A6D00E822758A3D6005B09FF /* ActionSheetViewController.swift in Sources */,
				A696D4462834A9EB009CCABB /* UIStackView+.swift in Sources */,
				A6F0EAB9281B707C00B5E0BD /* API+StateCode.swift in Sources */,
				A60812C627807FBD00453F6C /* SectionedListCell.swift in Sources */,
				A65BF836282C8F9B006ABA8D /* HalfModalTestViewController.swift in Sources */,
				A6B2E3F32798FE5900E4AC6C /* API+BaseURL.swift in Sources */,
				A6A283CF274F5F9500C5DBC4 /* MainViewController.swift in Sources */,
				A69EE1992772B0BF006DEBA9 /* Screen.swift in Sources */,
				A600352A277190B6006142F3 /* HeaderStackView.swift in Sources */,
				A6AED3E227A0FC6B0076D49A /* API+NetworkError.swift in Sources */,
				A6FB5A0D2759F0F600E85316 /* UIAlertController+.swift in Sources */,
				A60A2C9728376A3200899C50 /* Toaster.swift in Sources */,
				A6D22EF5275715DB00E858A4 /* DropDownSelection.swift in Sources */,
				A65692F02849FC460016A266 /* TodayAnimationTransition.swift in Sources */,
				A60A2C9B28376B2900899C50 /* ToastCenter.swift in Sources */,
				A69B12FC284F3A28009F4D45 /* TodayViewController.swift in Sources */,
				A609418528001551003C7AE6 /* ModalWindow.swift in Sources */,
				A65C13922862F7F600F85978 /* NewHotContentView.swift in Sources */,
				A69B12EC284F3654009F4D45 /* CardPresentationController.swift in Sources */,
				A61FEF3027F2BF23006C3269 /* PopoverPresenter.swift in Sources */,
				A6D63D8027682802008C5535 /* Log.swift in Sources */,
				A68BDB462797E9F100F79796 /* API.swift in Sources */,
				A6DA1A452762F3A600B73055 /* TestActionSheetView.swift in Sources */,
				A69CAEEB278E603E00DAF0D5 /* StickyHeaderTableView.swift in Sources */,
				A67A751F2806921300935CDE /* AlertTransition.swift in Sources */,
				A6731F0E283F45970061AF5F /* TooltipTestViewController.swift in Sources */,
				A68BDB492797FCBA00F79796 /* NetworkTestViewController.swift in Sources */,
				A69CAEF0278E60D700DAF0D5 /* StickyHeaderTableViewCell.swift in Sources */,
				A6A28408274F63B800C5DBC4 /* UIFont+.swift in Sources */,
				A62D6469275494FF00581EDB /* UIView+.swift in Sources */,
				A609418828001710003C7AE6 /* AlertTestViewController.swift in Sources */,
				A61A7FBA2779709E00486E40 /* TranslucentPopupView.swift in Sources */,
				A635AD002755F6970047441F /* Date+.swift in Sources */,
				A6A28410274F691B00C5DBC4 /* MultipleTopTabBarPickerViewController.swift in Sources */,
				A62D646727548E6100581EDB /* TextField.swift in Sources */,
				A69CAEEE278E608900DAF0D5 /* StickyHeaderView.swift in Sources */,
				A62B9F512840639900E9140D /* Floats.swift in Sources */,
				A62B9F4D28405F9800E9140D /* FloatsController.swift in Sources */,
				A69B12EA284F3642009F4D45 /* CardDetailViewController.swift in Sources */,
				A69B12FA284F3752009F4D45 /* GlobalFunctions.swift in Sources */,
				A65BF832282C8B66006ABA8D /* HalfModalPresentationController.swift in Sources */,
				A6A283F4274F61E600C5DBC4 /* MainListCell.swift in Sources */,
				A69EE1912772A5E1006DEBA9 /* CompostionalCollectionViewController.swift in Sources */,
				A6A8E6E827B10EB300FAE337 /* StickeyHeaderCell.swift in Sources */,
				A60A2C9928376A8F00899C50 /* UIWindow+.swift in Sources */,
				A60E62E527FFD6A60030903F /* AlertPresenter.swift in Sources */,
				A60A2C922837651900899C50 /* ToastView.swift in Sources */,
				A696D4422834936B009CCABB /* UIScrollView+.swift in Sources */,
				A62D646E2754B07E00581EDB /* TextView.swift in Sources */,
				A6219EC92782C139005D98B5 /* UIView+Rx.swift in Sources */,
				A69B12F1284F36CF009F4D45 /* TodayTableViewCell.swift in Sources */,
				A696D44B2834B8F9009CCABB /* PlayerIntroduceView.swift in Sources */,
				A6C10D0728449E2F00DECB78 /* NotificationBannerQueue.swift in Sources */,
				A653D04127706E3800DFC40A /* HeaderStackViewController.swift in Sources */,
				A61FEF3827F2F450006C3269 /* PopoverViewController.swift in Sources */,
				A6D22EFA275716C300E858A4 /* DropDownViewController.swift in Sources */,
				A6824F2227782C8D007B40C4 /* TranslucentPopupViewController.swift in Sources */,
				A69957E527995A90006AB1B3 /* API+Request.swift in Sources */,
				A60E62E727FFFAA10030903F /* AlertController.swift in Sources */,
				A62D646C275496EB00581EDB /* TextBoxPickerViewController.swift in Sources */,
				A60E62DF27FFCEA70030903F /* Alert.swift in Sources */,
				A6B2E3F52798FE8B00E4AC6C /* API+Method.swift in Sources */,
				A62D64702754C90F00581EDB /* PickerView.swift in Sources */,
				A6462FC22766E49900B6E7C6 /* PickerViewModel.swift in Sources */,
				A609418C28003D2A003C7AE6 /* AlertActionCell.swift in Sources */,
				A6C49DF627BA264400888DEB /* MultipleTopTabBar2ViewController.swift in Sources */,
				A674FBDF27BE4112004E0F72 /* DayCollectionViewCell.swift in Sources */,
				A62B9F4F284061A500E9140D /* ShadowView.swift in Sources */,
				A605A66627748D5A001A1C16 /* StandaloneNavigationBarViewController.swift in Sources */,
				A65604B62860611D00B736A1 /* NewHotViewController.swift in Sources */,
				A61851E127BCE1540091296C /* WeekDayCollectionViewCell.swift in Sources */,
				A69B12F3284F36DF009F4D45 /* TodayTableHeaderView.swift in Sources */,
				A6398A902761B73B0036B337 /* DropDownSelectionCell.swift in Sources */,
				A69B12F9284F3752009F4D45 /* GlobalConstants.swift in Sources */,
				A635AD022755FC540047441F /* String+.swift in Sources */,
				A6D4FE0B279FE2B000C1DAF4 /* GenericModel.swift in Sources */,
				A60812C327807A1E00453F6C /* SectionedTableViewController.swift in Sources */,
				A6A8E6E427B1049600FAE337 /* StickeyHeaderViewController.swift in Sources */,
				A631DF912817C101004D72BD /* API+NetworkErrorRx.swift in Sources */,
				A681C89C28080F8C00AB13C9 /* StickyAlertController.swift in Sources */,
				A6DE76292796FC8A00036DE5 /* URL+.swift in Sources */,
				A69EE1952772A85D006DEBA9 /* CompostionalCollectionViewCell.swift in Sources */,
				A6A8E6E627B108A200FAE337 /* StickeyHeaderView.swift in Sources */,
				A62B9F532840C17E00E9140D /* BannerModifier.swift in Sources */,
				A6B2E3F72798FE9900E4AC6C /* API+Path.swift in Sources */,
				A66C10CF283DC40B00E29261 /* CALayer+.swift in Sources */,
				A680333E27B623E500D32C0B /* StickeySectionView.swift in Sources */,
				A6AD6D87277DA852001BBF43 /* RxDataSources+.swift in Sources */,
				A6D22EFD27572B7F00E858A4 /* UIBaseViewController.swift in Sources */,
				A609418A28003602003C7AE6 /* AutoSizingScrollView.swift in Sources */,
				A69B12EE284F3699009F4D45 /* DetailScrollView.swift in Sources */,
				A6A283B5274F5D8B00C5DBC4 /* AppDelegate.swift in Sources */,
				A62D64732754CEDE00581EDB /* PickerPickerViewController.swift in Sources */,
			);
			runOnlyForDeploymentPostprocessing = 0;
		};
/* End PBXSourcesBuildPhase section */

/* Begin PBXVariantGroup section */
		A6A283BF274F5D8D00C5DBC4 /* LaunchScreen.storyboard */ = {
			isa = PBXVariantGroup;
			children = (
				A6A283C0274F5D8D00C5DBC4 /* Base */,
			);
			name = LaunchScreen.storyboard;
			sourceTree = "<group>";
		};
/* End PBXVariantGroup section */

/* Begin XCBuildConfiguration section */
		A6A283C3274F5D8D00C5DBC4 /* Debug */ = {
			isa = XCBuildConfiguration;
			buildSettings = {
				ALWAYS_SEARCH_USER_PATHS = NO;
				CLANG_ANALYZER_NONNULL = YES;
				CLANG_ANALYZER_NUMBER_OBJECT_CONVERSION = YES_AGGRESSIVE;
				CLANG_CXX_LANGUAGE_STANDARD = "gnu++14";
				CLANG_CXX_LIBRARY = "libc++";
				CLANG_ENABLE_MODULES = YES;
				CLANG_ENABLE_OBJC_ARC = YES;
				CLANG_ENABLE_OBJC_WEAK = YES;
				CLANG_WARN_BLOCK_CAPTURE_AUTORELEASING = YES;
				CLANG_WARN_BOOL_CONVERSION = YES;
				CLANG_WARN_COMMA = YES;
				CLANG_WARN_CONSTANT_CONVERSION = YES;
				CLANG_WARN_DEPRECATED_OBJC_IMPLEMENTATIONS = YES;
				CLANG_WARN_DIRECT_OBJC_ISA_USAGE = YES_ERROR;
				CLANG_WARN_DOCUMENTATION_COMMENTS = YES;
				CLANG_WARN_EMPTY_BODY = YES;
				CLANG_WARN_ENUM_CONVERSION = YES;
				CLANG_WARN_INFINITE_RECURSION = YES;
				CLANG_WARN_INT_CONVERSION = YES;
				CLANG_WARN_NON_LITERAL_NULL_CONVERSION = YES;
				CLANG_WARN_OBJC_IMPLICIT_RETAIN_SELF = YES;
				CLANG_WARN_OBJC_LITERAL_CONVERSION = YES;
				CLANG_WARN_OBJC_ROOT_CLASS = YES_ERROR;
				CLANG_WARN_QUOTED_INCLUDE_IN_FRAMEWORK_HEADER = YES;
				CLANG_WARN_RANGE_LOOP_ANALYSIS = YES;
				CLANG_WARN_STRICT_PROTOTYPES = YES;
				CLANG_WARN_SUSPICIOUS_MOVE = YES;
				CLANG_WARN_UNGUARDED_AVAILABILITY = YES_AGGRESSIVE;
				CLANG_WARN_UNREACHABLE_CODE = YES;
				CLANG_WARN__DUPLICATE_METHOD_MATCH = YES;
				COPY_PHASE_STRIP = NO;
				DEBUG_INFORMATION_FORMAT = dwarf;
				ENABLE_STRICT_OBJC_MSGSEND = YES;
				ENABLE_TESTABILITY = YES;
				GCC_C_LANGUAGE_STANDARD = gnu11;
				GCC_DYNAMIC_NO_PIC = NO;
				GCC_NO_COMMON_BLOCKS = YES;
				GCC_OPTIMIZATION_LEVEL = 0;
				GCC_PREPROCESSOR_DEFINITIONS = (
					"DEBUG=1",
					"$(inherited)",
				);
				GCC_WARN_64_TO_32_BIT_CONVERSION = YES;
				GCC_WARN_ABOUT_RETURN_TYPE = YES_ERROR;
				GCC_WARN_UNDECLARED_SELECTOR = YES;
				GCC_WARN_UNINITIALIZED_AUTOS = YES_AGGRESSIVE;
				GCC_WARN_UNUSED_FUNCTION = YES;
				GCC_WARN_UNUSED_VARIABLE = YES;
				IPHONEOS_DEPLOYMENT_TARGET = 13.0;
				MTL_ENABLE_DEBUG_INFO = INCLUDE_SOURCE;
				MTL_FAST_MATH = YES;
				ONLY_ACTIVE_ARCH = YES;
				SDKROOT = iphoneos;
				SWIFT_ACTIVE_COMPILATION_CONDITIONS = DEBUG;
				SWIFT_OPTIMIZATION_LEVEL = "-Onone";
			};
			name = Debug;
		};
		A6A283C4274F5D8D00C5DBC4 /* Release */ = {
			isa = XCBuildConfiguration;
			buildSettings = {
				ALWAYS_SEARCH_USER_PATHS = NO;
				CLANG_ANALYZER_NONNULL = YES;
				CLANG_ANALYZER_NUMBER_OBJECT_CONVERSION = YES_AGGRESSIVE;
				CLANG_CXX_LANGUAGE_STANDARD = "gnu++14";
				CLANG_CXX_LIBRARY = "libc++";
				CLANG_ENABLE_MODULES = YES;
				CLANG_ENABLE_OBJC_ARC = YES;
				CLANG_ENABLE_OBJC_WEAK = YES;
				CLANG_WARN_BLOCK_CAPTURE_AUTORELEASING = YES;
				CLANG_WARN_BOOL_CONVERSION = YES;
				CLANG_WARN_COMMA = YES;
				CLANG_WARN_CONSTANT_CONVERSION = YES;
				CLANG_WARN_DEPRECATED_OBJC_IMPLEMENTATIONS = YES;
				CLANG_WARN_DIRECT_OBJC_ISA_USAGE = YES_ERROR;
				CLANG_WARN_DOCUMENTATION_COMMENTS = YES;
				CLANG_WARN_EMPTY_BODY = YES;
				CLANG_WARN_ENUM_CONVERSION = YES;
				CLANG_WARN_INFINITE_RECURSION = YES;
				CLANG_WARN_INT_CONVERSION = YES;
				CLANG_WARN_NON_LITERAL_NULL_CONVERSION = YES;
				CLANG_WARN_OBJC_IMPLICIT_RETAIN_SELF = YES;
				CLANG_WARN_OBJC_LITERAL_CONVERSION = YES;
				CLANG_WARN_OBJC_ROOT_CLASS = YES_ERROR;
				CLANG_WARN_QUOTED_INCLUDE_IN_FRAMEWORK_HEADER = YES;
				CLANG_WARN_RANGE_LOOP_ANALYSIS = YES;
				CLANG_WARN_STRICT_PROTOTYPES = YES;
				CLANG_WARN_SUSPICIOUS_MOVE = YES;
				CLANG_WARN_UNGUARDED_AVAILABILITY = YES_AGGRESSIVE;
				CLANG_WARN_UNREACHABLE_CODE = YES;
				CLANG_WARN__DUPLICATE_METHOD_MATCH = YES;
				COPY_PHASE_STRIP = NO;
				DEBUG_INFORMATION_FORMAT = "dwarf-with-dsym";
				ENABLE_NS_ASSERTIONS = NO;
				ENABLE_STRICT_OBJC_MSGSEND = YES;
				GCC_C_LANGUAGE_STANDARD = gnu11;
				GCC_NO_COMMON_BLOCKS = YES;
				GCC_WARN_64_TO_32_BIT_CONVERSION = YES;
				GCC_WARN_ABOUT_RETURN_TYPE = YES_ERROR;
				GCC_WARN_UNDECLARED_SELECTOR = YES;
				GCC_WARN_UNINITIALIZED_AUTOS = YES_AGGRESSIVE;
				GCC_WARN_UNUSED_FUNCTION = YES;
				GCC_WARN_UNUSED_VARIABLE = YES;
				IPHONEOS_DEPLOYMENT_TARGET = 13.0;
				MTL_ENABLE_DEBUG_INFO = NO;
				MTL_FAST_MATH = YES;
				SDKROOT = iphoneos;
				SWIFT_COMPILATION_MODE = wholemodule;
				SWIFT_OPTIMIZATION_LEVEL = "-O";
				VALIDATE_PRODUCT = YES;
			};
			name = Release;
		};
		A6A283C6274F5D8D00C5DBC4 /* Debug */ = {
			isa = XCBuildConfiguration;
			buildSettings = {
				ASSETCATALOG_COMPILER_APPICON_NAME = AppIcon;
				ASSETCATALOG_COMPILER_GLOBAL_ACCENT_COLOR_NAME = AccentColor;
				CODE_SIGN_IDENTITY = "Apple Development";
				CODE_SIGN_STYLE = Automatic;
				DEVELOPMENT_TEAM = HU8RMC793N;
				INFOPLIST_FILE = MyFoundation/Info.plist;
				IPHONEOS_DEPLOYMENT_TARGET = 13.0;
				LD_RUNPATH_SEARCH_PATHS = (
					"$(inherited)",
					"@executable_path/Frameworks",
				);
				PRODUCT_BUNDLE_IDENTIFIER = com.textobey.MyFoundation;
				PRODUCT_NAME = "$(TARGET_NAME)";
				PROVISIONING_PROFILE_SPECIFIER = "";
				SWIFT_VERSION = 5.0;
				TARGETED_DEVICE_FAMILY = "1,2";
			};
			name = Debug;
		};
		A6A283C7274F5D8D00C5DBC4 /* Release */ = {
			isa = XCBuildConfiguration;
			buildSettings = {
				ASSETCATALOG_COMPILER_APPICON_NAME = AppIcon;
				ASSETCATALOG_COMPILER_GLOBAL_ACCENT_COLOR_NAME = AccentColor;
				CODE_SIGN_IDENTITY = "Apple Development";
				CODE_SIGN_STYLE = Automatic;
				DEVELOPMENT_TEAM = HU8RMC793N;
				INFOPLIST_FILE = MyFoundation/Info.plist;
				IPHONEOS_DEPLOYMENT_TARGET = 13.0;
				LD_RUNPATH_SEARCH_PATHS = (
					"$(inherited)",
					"@executable_path/Frameworks",
				);
				PRODUCT_BUNDLE_IDENTIFIER = com.textobey.MyFoundation;
				PRODUCT_NAME = "$(TARGET_NAME)";
				PROVISIONING_PROFILE_SPECIFIER = "";
				SWIFT_ACTIVE_COMPILATION_CONDITIONS = RELEASE;
				SWIFT_VERSION = 5.0;
				TARGETED_DEVICE_FAMILY = "1,2";
			};
			name = Release;
		};
/* End XCBuildConfiguration section */

/* Begin XCConfigurationList section */
		A6A283AC274F5D8B00C5DBC4 /* Build configuration list for PBXProject "MyFoundation" */ = {
			isa = XCConfigurationList;
			buildConfigurations = (
				A6A283C3274F5D8D00C5DBC4 /* Debug */,
				A6A283C4274F5D8D00C5DBC4 /* Release */,
			);
			defaultConfigurationIsVisible = 0;
			defaultConfigurationName = Release;
		};
		A6A283C5274F5D8D00C5DBC4 /* Build configuration list for PBXNativeTarget "MyFoundation" */ = {
			isa = XCConfigurationList;
			buildConfigurations = (
				A6A283C6274F5D8D00C5DBC4 /* Debug */,
				A6A283C7274F5D8D00C5DBC4 /* Release */,
			);
			defaultConfigurationIsVisible = 0;
			defaultConfigurationName = Release;
		};
/* End XCConfigurationList section */

/* Begin XCRemoteSwiftPackageReference section */
		A60812BF278079D500453F6C /* XCRemoteSwiftPackageReference "RxDataSources" */ = {
			isa = XCRemoteSwiftPackageReference;
			repositoryURL = "https://github.com/RxSwiftCommunity/RxDataSources.git";
			requirement = {
				kind = upToNextMajorVersion;
				minimumVersion = 5.0.0;
			};
		};
		A60A2C932837661C00899C50 /* XCRemoteSwiftPackageReference "IQKeyboardManager" */ = {
			isa = XCRemoteSwiftPackageReference;
			repositoryURL = "https://github.com/hackiftekhar/IQKeyboardManager.git";
			requirement = {
				kind = exactVersion;
				version = 6.5.0;
			};
		};
		A68BDB3E2797E78D00F79796 /* XCRemoteSwiftPackageReference "Moya" */ = {
			isa = XCRemoteSwiftPackageReference;
			repositoryURL = "https://github.com/Moya/Moya.git";
			requirement = {
				branch = master;
				kind = branch;
			};
		};
		A6A283D2274F603D00C5DBC4 /* XCRemoteSwiftPackageReference "RxSwift" */ = {
			isa = XCRemoteSwiftPackageReference;
			repositoryURL = "https://github.com/ReactiveX/RxSwift.git";
			requirement = {
				kind = upToNextMajorVersion;
				minimumVersion = 6.2.0;
			};
		};
		A6A283DA274F605C00C5DBC4 /* XCRemoteSwiftPackageReference "RxSwiftExt" */ = {
			isa = XCRemoteSwiftPackageReference;
			repositoryURL = "https://github.com/RxSwiftCommunity/RxSwiftExt.git";
			requirement = {
				kind = upToNextMajorVersion;
				minimumVersion = 6.1.0;
			};
		};
		A6A283DE274F609100C5DBC4 /* XCRemoteSwiftPackageReference "SnapKit" */ = {
			isa = XCRemoteSwiftPackageReference;
			repositoryURL = "https://github.com/SnapKit/SnapKit.git";
			requirement = {
				kind = upToNextMajorVersion;
				minimumVersion = 5.0.1;
			};
		};
		A6A283E6274F60D300C5DBC4 /* XCRemoteSwiftPackageReference "Kingfisher" */ = {
			isa = XCRemoteSwiftPackageReference;
			repositoryURL = "https://github.com/onevcat/Kingfisher.git";
			requirement = {
				kind = upToNextMajorVersion;
				minimumVersion = 7.1.1;
			};
		};
		A6D22EFE2757601700E858A4 /* XCRemoteSwiftPackageReference "Parchment" */ = {
			isa = XCRemoteSwiftPackageReference;
			repositoryURL = "https://github.com/rechsteiner/Parchment.git";
			requirement = {
				kind = upToNextMajorVersion;
				minimumVersion = 3.0.0;
			};
		};
		A6D4FE0C279FE36100C1DAF4 /* XCRemoteSwiftPackageReference "AnyCodable" */ = {
			isa = XCRemoteSwiftPackageReference;
			repositoryURL = "https://github.com/Flight-School/AnyCodable.git";
			requirement = {
				kind = upToNextMajorVersion;
				minimumVersion = 0.6.2;
			};
		};
/* End XCRemoteSwiftPackageReference section */

/* Begin XCSwiftPackageProductDependency section */
		A60812C0278079D500453F6C /* RxDataSources */ = {
			isa = XCSwiftPackageProductDependency;
			package = A60812BF278079D500453F6C /* XCRemoteSwiftPackageReference "RxDataSources" */;
			productName = RxDataSources;
		};
		A60A2C942837661D00899C50 /* IQKeyboardManagerSwift */ = {
			isa = XCSwiftPackageProductDependency;
			package = A60A2C932837661C00899C50 /* XCRemoteSwiftPackageReference "IQKeyboardManager" */;
			productName = IQKeyboardManagerSwift;
		};
		A68BDB3F2797E78D00F79796 /* Moya */ = {
			isa = XCSwiftPackageProductDependency;
			package = A68BDB3E2797E78D00F79796 /* XCRemoteSwiftPackageReference "Moya" */;
			productName = Moya;
		};
		A68BDB412797E78D00F79796 /* RxMoya */ = {
			isa = XCSwiftPackageProductDependency;
			package = A68BDB3E2797E78D00F79796 /* XCRemoteSwiftPackageReference "Moya" */;
			productName = RxMoya;
		};
		A6A283D3274F603D00C5DBC4 /* RxRelay */ = {
			isa = XCSwiftPackageProductDependency;
			package = A6A283D2274F603D00C5DBC4 /* XCRemoteSwiftPackageReference "RxSwift" */;
			productName = RxRelay;
		};
		A6A283D5274F603D00C5DBC4 /* RxSwift */ = {
			isa = XCSwiftPackageProductDependency;
			package = A6A283D2274F603D00C5DBC4 /* XCRemoteSwiftPackageReference "RxSwift" */;
			productName = RxSwift;
		};
		A6A283D7274F603D00C5DBC4 /* RxCocoa */ = {
			isa = XCSwiftPackageProductDependency;
			package = A6A283D2274F603D00C5DBC4 /* XCRemoteSwiftPackageReference "RxSwift" */;
			productName = RxCocoa;
		};
		A6A283DB274F605C00C5DBC4 /* RxSwiftExt */ = {
			isa = XCSwiftPackageProductDependency;
			package = A6A283DA274F605C00C5DBC4 /* XCRemoteSwiftPackageReference "RxSwiftExt" */;
			productName = RxSwiftExt;
		};
		A6A283DF274F609100C5DBC4 /* SnapKit */ = {
			isa = XCSwiftPackageProductDependency;
			package = A6A283DE274F609100C5DBC4 /* XCRemoteSwiftPackageReference "SnapKit" */;
			productName = SnapKit;
		};
		A6A283E7274F60D300C5DBC4 /* Kingfisher */ = {
			isa = XCSwiftPackageProductDependency;
			package = A6A283E6274F60D300C5DBC4 /* XCRemoteSwiftPackageReference "Kingfisher" */;
			productName = Kingfisher;
		};
		A6D22EFF2757601700E858A4 /* Parchment */ = {
			isa = XCSwiftPackageProductDependency;
			package = A6D22EFE2757601700E858A4 /* XCRemoteSwiftPackageReference "Parchment" */;
			productName = Parchment;
		};
		A6D4FE0D279FE36100C1DAF4 /* AnyCodable */ = {
			isa = XCSwiftPackageProductDependency;
			package = A6D4FE0C279FE36100C1DAF4 /* XCRemoteSwiftPackageReference "AnyCodable" */;
			productName = AnyCodable;
		};
/* End XCSwiftPackageProductDependency section */
	};
	rootObject = A6A283A9274F5D8B00C5DBC4 /* Project object */;
}
