// !$*UTF8*$!
{
	archiveVersion = 1;
	classes = {
	};
	objectVersion = 52;
	objects = {

/* Begin PBXBuildFile section */
		A689A3EE270EC50A0096DB22 /* DetailViewController.swift in Sources */ = {isa = PBXBuildFile; fileRef = A689A3ED270EC50A0096DB22 /* DetailViewController.swift */; };
		A689A3F4270EC5250096DB22 /* DetailViewModel.swift in Sources */ = {isa = PBXBuildFile; fileRef = A689A3F3270EC5250096DB22 /* DetailViewModel.swift */; };
		A689A3F6270EC52A0096DB22 /* DetailView.swift in Sources */ = {isa = PBXBuildFile; fileRef = A689A3F5270EC52A0096DB22 /* DetailView.swift */; };
		A689A3F8270EC7D80096DB22 /* ListViewController.swift in Sources */ = {isa = PBXBuildFile; fileRef = A689A3F7270EC7D80096DB22 /* ListViewController.swift */; };
		A689A3FA270EC7E80096DB22 /* ListViewModel.swift in Sources */ = {isa = PBXBuildFile; fileRef = A689A3F9270EC7E80096DB22 /* ListViewModel.swift */; };
		A689A3FC270EC7FB0096DB22 /* ListView.swift in Sources */ = {isa = PBXBuildFile; fileRef = A689A3FB270EC7FB0096DB22 /* ListView.swift */; };
		A6A59130270C0B0E00E08874 /* AppDelegate.swift in Sources */ = {isa = PBXBuildFile; fileRef = A6A5912F270C0B0E00E08874 /* AppDelegate.swift */; };
		A6A59136270C0B0F00E08874 /* Assets.xcassets in Resources */ = {isa = PBXBuildFile; fileRef = A6A59135270C0B0F00E08874 /* Assets.xcassets */; };
		A6A59139270C0B0F00E08874 /* Preview Assets.xcassets in Resources */ = {isa = PBXBuildFile; fileRef = A6A59138270C0B0F00E08874 /* Preview Assets.xcassets */; };
		A6A5913C270C0B0F00E08874 /* LaunchScreen.storyboard in Resources */ = {isa = PBXBuildFile; fileRef = A6A5913A270C0B0F00E08874 /* LaunchScreen.storyboard */; };
		A6A59145270C0B6D00E08874 /* RxSwift in Frameworks */ = {isa = PBXBuildFile; productRef = A6A59144270C0B6D00E08874 /* RxSwift */; };
		A6A59149270C0B6D00E08874 /* RxRelay in Frameworks */ = {isa = PBXBuildFile; productRef = A6A59148270C0B6D00E08874 /* RxRelay */; };
		A6A5914B270C0B6D00E08874 /* RxCocoa in Frameworks */ = {isa = PBXBuildFile; productRef = A6A5914A270C0B6D00E08874 /* RxCocoa */; };
		A6A5914D270C0B6E00E08874 /* RxBlocking in Frameworks */ = {isa = PBXBuildFile; productRef = A6A5914C270C0B6E00E08874 /* RxBlocking */; };
		A6A59150270C0B8200E08874 /* RxFlow in Frameworks */ = {isa = PBXBuildFile; productRef = A6A5914F270C0B8200E08874 /* RxFlow */; };
		A6A59156270C112700E08874 /* RxFlowViewController.swift in Sources */ = {isa = PBXBuildFile; fileRef = A6A59155270C112700E08874 /* RxFlowViewController.swift */; };
		A6A59158270C123900E08874 /* AppStep.swift in Sources */ = {isa = PBXBuildFile; fileRef = A6A59157270C123900E08874 /* AppStep.swift */; };
		A6A5915A270C124700E08874 /* AppStepper.swift in Sources */ = {isa = PBXBuildFile; fileRef = A6A59159270C124700E08874 /* AppStepper.swift */; };
		A6A5915C270C124D00E08874 /* AppFlow.swift in Sources */ = {isa = PBXBuildFile; fileRef = A6A5915B270C124D00E08874 /* AppFlow.swift */; };
		A6A59165270C3A3200E08874 /* APIService.swift in Sources */ = {isa = PBXBuildFile; fileRef = A6A59164270C3A3200E08874 /* APIService.swift */; };
		A6A59168270D766800E08874 /* WeatherInfo.swift in Sources */ = {isa = PBXBuildFile; fileRef = A6A59167270D766800E08874 /* WeatherInfo.swift */; };
		A6A5916A270D768200E08874 /* Weather.swift in Sources */ = {isa = PBXBuildFile; fileRef = A6A59169270D768200E08874 /* Weather.swift */; };
		A6A5916C270D769300E08874 /* Main.swift in Sources */ = {isa = PBXBuildFile; fileRef = A6A5916B270D769300E08874 /* Main.swift */; };
		A6A5916E270D76A000E08874 /* Sys.swift in Sources */ = {isa = PBXBuildFile; fileRef = A6A5916D270D76A000E08874 /* Sys.swift */; };
		A6A59170270D76B000E08874 /* Wind.swift in Sources */ = {isa = PBXBuildFile; fileRef = A6A5916F270D76B000E08874 /* Wind.swift */; };
		A6A59172270D76CB00E08874 /* Coord.swift in Sources */ = {isa = PBXBuildFile; fileRef = A6A59171270D76CB00E08874 /* Coord.swift */; };
		A6A59176270D76ED00E08874 /* Clouds.swift in Sources */ = {isa = PBXBuildFile; fileRef = A6A59175270D76ED00E08874 /* Clouds.swift */; };
		A6A59179270D777300E08874 /* Find.swift in Sources */ = {isa = PBXBuildFile; fileRef = A6A59178270D777300E08874 /* Find.swift */; };
		A6A5917D270D79C000E08874 /* ListModel.swift in Sources */ = {isa = PBXBuildFile; fileRef = A6A5917C270D79C000E08874 /* ListModel.swift */; };
/* End PBXBuildFile section */

/* Begin PBXFileReference section */
		A689A3ED270EC50A0096DB22 /* DetailViewController.swift */ = {isa = PBXFileReference; lastKnownFileType = sourcecode.swift; path = DetailViewController.swift; sourceTree = "<group>"; };
		A689A3F3270EC5250096DB22 /* DetailViewModel.swift */ = {isa = PBXFileReference; lastKnownFileType = sourcecode.swift; path = DetailViewModel.swift; sourceTree = "<group>"; };
		A689A3F5270EC52A0096DB22 /* DetailView.swift */ = {isa = PBXFileReference; lastKnownFileType = sourcecode.swift; path = DetailView.swift; sourceTree = "<group>"; };
		A689A3F7270EC7D80096DB22 /* ListViewController.swift */ = {isa = PBXFileReference; lastKnownFileType = sourcecode.swift; path = ListViewController.swift; sourceTree = "<group>"; };
		A689A3F9270EC7E80096DB22 /* ListViewModel.swift */ = {isa = PBXFileReference; lastKnownFileType = sourcecode.swift; path = ListViewModel.swift; sourceTree = "<group>"; };
		A689A3FB270EC7FB0096DB22 /* ListView.swift */ = {isa = PBXFileReference; lastKnownFileType = sourcecode.swift; path = ListView.swift; sourceTree = "<group>"; };
		A6A5912C270C0B0E00E08874 /* SwiftUI-C.app */ = {isa = PBXFileReference; explicitFileType = wrapper.application; includeInIndex = 0; path = "SwiftUI-C.app"; sourceTree = BUILT_PRODUCTS_DIR; };
		A6A5912F270C0B0E00E08874 /* AppDelegate.swift */ = {isa = PBXFileReference; lastKnownFileType = sourcecode.swift; path = AppDelegate.swift; sourceTree = "<group>"; };
		A6A59135270C0B0F00E08874 /* Assets.xcassets */ = {isa = PBXFileReference; lastKnownFileType = folder.assetcatalog; path = Assets.xcassets; sourceTree = "<group>"; };
		A6A59138270C0B0F00E08874 /* Preview Assets.xcassets */ = {isa = PBXFileReference; lastKnownFileType = folder.assetcatalog; path = "Preview Assets.xcassets"; sourceTree = "<group>"; };
		A6A5913B270C0B0F00E08874 /* Base */ = {isa = PBXFileReference; lastKnownFileType = file.storyboard; name = Base; path = Base.lproj/LaunchScreen.storyboard; sourceTree = "<group>"; };
		A6A5913D270C0B0F00E08874 /* Info.plist */ = {isa = PBXFileReference; lastKnownFileType = text.plist.xml; path = Info.plist; sourceTree = "<group>"; };
		A6A59155270C112700E08874 /* RxFlowViewController.swift */ = {isa = PBXFileReference; lastKnownFileType = sourcecode.swift; path = RxFlowViewController.swift; sourceTree = "<group>"; };
		A6A59157270C123900E08874 /* AppStep.swift */ = {isa = PBXFileReference; lastKnownFileType = sourcecode.swift; path = AppStep.swift; sourceTree = "<group>"; };
		A6A59159270C124700E08874 /* AppStepper.swift */ = {isa = PBXFileReference; lastKnownFileType = sourcecode.swift; path = AppStepper.swift; sourceTree = "<group>"; };
		A6A5915B270C124D00E08874 /* AppFlow.swift */ = {isa = PBXFileReference; lastKnownFileType = sourcecode.swift; path = AppFlow.swift; sourceTree = "<group>"; };
		A6A59164270C3A3200E08874 /* APIService.swift */ = {isa = PBXFileReference; lastKnownFileType = sourcecode.swift; path = APIService.swift; sourceTree = "<group>"; };
		A6A59167270D766800E08874 /* WeatherInfo.swift */ = {isa = PBXFileReference; lastKnownFileType = sourcecode.swift; path = WeatherInfo.swift; sourceTree = "<group>"; };
		A6A59169270D768200E08874 /* Weather.swift */ = {isa = PBXFileReference; lastKnownFileType = sourcecode.swift; path = Weather.swift; sourceTree = "<group>"; };
		A6A5916B270D769300E08874 /* Main.swift */ = {isa = PBXFileReference; lastKnownFileType = sourcecode.swift; path = Main.swift; sourceTree = "<group>"; };
		A6A5916D270D76A000E08874 /* Sys.swift */ = {isa = PBXFileReference; lastKnownFileType = sourcecode.swift; path = Sys.swift; sourceTree = "<group>"; };
		A6A5916F270D76B000E08874 /* Wind.swift */ = {isa = PBXFileReference; lastKnownFileType = sourcecode.swift; path = Wind.swift; sourceTree = "<group>"; };
		A6A59171270D76CB00E08874 /* Coord.swift */ = {isa = PBXFileReference; lastKnownFileType = sourcecode.swift; path = Coord.swift; sourceTree = "<group>"; };
		A6A59175270D76ED00E08874 /* Clouds.swift */ = {isa = PBXFileReference; lastKnownFileType = sourcecode.swift; path = Clouds.swift; sourceTree = "<group>"; };
		A6A59178270D777300E08874 /* Find.swift */ = {isa = PBXFileReference; lastKnownFileType = sourcecode.swift; path = Find.swift; sourceTree = "<group>"; };
		A6A5917C270D79C000E08874 /* ListModel.swift */ = {isa = PBXFileReference; lastKnownFileType = sourcecode.swift; path = ListModel.swift; sourceTree = "<group>"; };
/* End PBXFileReference section */

/* Begin PBXFrameworksBuildPhase section */
		A6A59129270C0B0E00E08874 /* Frameworks */ = {
			isa = PBXFrameworksBuildPhase;
			buildActionMask = 2147483647;
			files = (
				A6A59150270C0B8200E08874 /* RxFlow in Frameworks */,
				A6A59149270C0B6D00E08874 /* RxRelay in Frameworks */,
				A6A5914B270C0B6D00E08874 /* RxCocoa in Frameworks */,
				A6A59145270C0B6D00E08874 /* RxSwift in Frameworks */,
				A6A5914D270C0B6E00E08874 /* RxBlocking in Frameworks */,
			);
			runOnlyForDeploymentPostprocessing = 0;
		};
/* End PBXFrameworksBuildPhase section */

/* Begin PBXGroup section */
		A689A3EB270EC4E90096DB22 /* List */ = {
			isa = PBXGroup;
			children = (
				A689A3F7270EC7D80096DB22 /* ListViewController.swift */,
				A689A3F9270EC7E80096DB22 /* ListViewModel.swift */,
				A689A3FB270EC7FB0096DB22 /* ListView.swift */,
			);
			path = List;
			sourceTree = "<group>";
		};
		A689A3EC270EC4F80096DB22 /* Detail */ = {
			isa = PBXGroup;
			children = (
				A689A3ED270EC50A0096DB22 /* DetailViewController.swift */,
				A689A3F3270EC5250096DB22 /* DetailViewModel.swift */,
				A689A3F5270EC52A0096DB22 /* DetailView.swift */,
			);
			path = Detail;
			sourceTree = "<group>";
		};
		A6A59123270C0B0E00E08874 = {
			isa = PBXGroup;
			children = (
				A6A5912E270C0B0E00E08874 /* SwiftUI-C */,
				A6A5912D270C0B0E00E08874 /* Products */,
			);
			sourceTree = "<group>";
		};
		A6A5912D270C0B0E00E08874 /* Products */ = {
			isa = PBXGroup;
			children = (
				A6A5912C270C0B0E00E08874 /* SwiftUI-C.app */,
			);
			name = Products;
			sourceTree = "<group>";
		};
		A6A5912E270C0B0E00E08874 /* SwiftUI-C */ = {
			isa = PBXGroup;
			children = (
				A6A5912F270C0B0E00E08874 /* AppDelegate.swift */,
				A6A5913D270C0B0F00E08874 /* Info.plist */,
				A6A59166270D765200E08874 /* Model */,
				A6A59151270C0B9700E08874 /* Coordinator */,
				A6A59154270C0BDF00E08874 /* Feature */,
				A6A59163270C3A1800E08874 /* Network */,
				A6A59153270C0BBF00E08874 /* Resources */,
				A6A59137270C0B0F00E08874 /* Preview Content */,
			);
			path = "SwiftUI-C";
			sourceTree = "<group>";
		};
		A6A59137270C0B0F00E08874 /* Preview Content */ = {
			isa = PBXGroup;
			children = (
				A6A59138270C0B0F00E08874 /* Preview Assets.xcassets */,
			);
			path = "Preview Content";
			sourceTree = "<group>";
		};
		A6A59151270C0B9700E08874 /* Coordinator */ = {
			isa = PBXGroup;
			children = (
				A6A59155270C112700E08874 /* RxFlowViewController.swift */,
				A6A59152270C0BB100E08874 /* Flow */,
			);
			path = Coordinator;
			sourceTree = "<group>";
		};
		A6A59152270C0BB100E08874 /* Flow */ = {
			isa = PBXGroup;
			children = (
				A6A59157270C123900E08874 /* AppStep.swift */,
				A6A59159270C124700E08874 /* AppStepper.swift */,
				A6A5915B270C124D00E08874 /* AppFlow.swift */,
			);
			path = Flow;
			sourceTree = "<group>";
		};
		A6A59153270C0BBF00E08874 /* Resources */ = {
			isa = PBXGroup;
			children = (
				A6A59135270C0B0F00E08874 /* Assets.xcassets */,
				A6A5913A270C0B0F00E08874 /* LaunchScreen.storyboard */,
			);
			path = Resources;
			sourceTree = "<group>";
		};
		A6A59154270C0BDF00E08874 /* Feature */ = {
			isa = PBXGroup;
			children = (
				A689A3EB270EC4E90096DB22 /* List */,
				A689A3EC270EC4F80096DB22 /* Detail */,
			);
			path = Feature;
			sourceTree = "<group>";
		};
		A6A59163270C3A1800E08874 /* Network */ = {
			isa = PBXGroup;
			children = (
				A6A59164270C3A3200E08874 /* APIService.swift */,
			);
			path = Network;
			sourceTree = "<group>";
		};
		A6A59166270D765200E08874 /* Model */ = {
			isa = PBXGroup;
			children = (
				A6A59167270D766800E08874 /* WeatherInfo.swift */,
				A6A59178270D777300E08874 /* Find.swift */,
				A6A59177270D76FB00E08874 /* Object */,
			);
			path = Model;
			sourceTree = "<group>";
		};
		A6A59177270D76FB00E08874 /* Object */ = {
			isa = PBXGroup;
			children = (
				A6A59169270D768200E08874 /* Weather.swift */,
				A6A5916B270D769300E08874 /* Main.swift */,
				A6A5916D270D76A000E08874 /* Sys.swift */,
				A6A5916F270D76B000E08874 /* Wind.swift */,
				A6A59171270D76CB00E08874 /* Coord.swift */,
				A6A59175270D76ED00E08874 /* Clouds.swift */,
				A6A5917C270D79C000E08874 /* ListModel.swift */,
			);
			path = Object;
			sourceTree = "<group>";
		};
/* End PBXGroup section */

/* Begin PBXNativeTarget section */
		A6A5912B270C0B0E00E08874 /* SwiftUI-C */ = {
			isa = PBXNativeTarget;
			buildConfigurationList = A6A59140270C0B0F00E08874 /* Build configuration list for PBXNativeTarget "SwiftUI-C" */;
			buildPhases = (
				A6A59128270C0B0E00E08874 /* Sources */,
				A6A59129270C0B0E00E08874 /* Frameworks */,
				A6A5912A270C0B0E00E08874 /* Resources */,
			);
			buildRules = (
			);
			dependencies = (
			);
			name = "SwiftUI-C";
			packageProductDependencies = (
				A6A59144270C0B6D00E08874 /* RxSwift */,
				A6A59148270C0B6D00E08874 /* RxRelay */,
				A6A5914A270C0B6D00E08874 /* RxCocoa */,
				A6A5914C270C0B6E00E08874 /* RxBlocking */,
				A6A5914F270C0B8200E08874 /* RxFlow */,
			);
			productName = "SwiftUI-C";
			productReference = A6A5912C270C0B0E00E08874 /* SwiftUI-C.app */;
			productType = "com.apple.product-type.application";
		};
/* End PBXNativeTarget section */

/* Begin PBXProject section */
		A6A59124270C0B0E00E08874 /* Project object */ = {
			isa = PBXProject;
			attributes = {
				LastSwiftUpdateCheck = 1250;
				LastUpgradeCheck = 1250;
				TargetAttributes = {
					A6A5912B270C0B0E00E08874 = {
						CreatedOnToolsVersion = 12.5.1;
					};
				};
			};
			buildConfigurationList = A6A59127270C0B0E00E08874 /* Build configuration list for PBXProject "SwiftUI-C" */;
			compatibilityVersion = "Xcode 9.3";
			developmentRegion = en;
			hasScannedForEncodings = 0;
			knownRegions = (
				en,
				Base,
			);
			mainGroup = A6A59123270C0B0E00E08874;
			packageReferences = (
				A6A59143270C0B6D00E08874 /* XCRemoteSwiftPackageReference "RxSwift" */,
				A6A5914E270C0B8200E08874 /* XCRemoteSwiftPackageReference "RxFlow" */,
			);
			productRefGroup = A6A5912D270C0B0E00E08874 /* Products */;
			projectDirPath = "";
			projectRoot = "";
			targets = (
				A6A5912B270C0B0E00E08874 /* SwiftUI-C */,
			);
		};
/* End PBXProject section */

/* Begin PBXResourcesBuildPhase section */
		A6A5912A270C0B0E00E08874 /* Resources */ = {
			isa = PBXResourcesBuildPhase;
			buildActionMask = 2147483647;
			files = (
				A6A5913C270C0B0F00E08874 /* LaunchScreen.storyboard in Resources */,
				A6A59139270C0B0F00E08874 /* Preview Assets.xcassets in Resources */,
				A6A59136270C0B0F00E08874 /* Assets.xcassets in Resources */,
			);
			runOnlyForDeploymentPostprocessing = 0;
		};
/* End PBXResourcesBuildPhase section */

/* Begin PBXSourcesBuildPhase section */
		A6A59128270C0B0E00E08874 /* Sources */ = {
			isa = PBXSourcesBuildPhase;
			buildActionMask = 2147483647;
			files = (
				A6A59130270C0B0E00E08874 /* AppDelegate.swift in Sources */,
				A6A59176270D76ED00E08874 /* Clouds.swift in Sources */,
				A6A5915C270C124D00E08874 /* AppFlow.swift in Sources */,
				A689A3F4270EC5250096DB22 /* DetailViewModel.swift in Sources */,
				A6A59158270C123900E08874 /* AppStep.swift in Sources */,
				A6A5916A270D768200E08874 /* Weather.swift in Sources */,
				A6A5915A270C124700E08874 /* AppStepper.swift in Sources */,
				A6A59156270C112700E08874 /* RxFlowViewController.swift in Sources */,
				A689A3F8270EC7D80096DB22 /* ListViewController.swift in Sources */,
				A6A59172270D76CB00E08874 /* Coord.swift in Sources */,
				A689A3FA270EC7E80096DB22 /* ListViewModel.swift in Sources */,
				A6A5916E270D76A000E08874 /* Sys.swift in Sources */,
				A689A3F6270EC52A0096DB22 /* DetailView.swift in Sources */,
				A6A5917D270D79C000E08874 /* ListModel.swift in Sources */,
				A689A3EE270EC50A0096DB22 /* DetailViewController.swift in Sources */,
				A6A5916C270D769300E08874 /* Main.swift in Sources */,
				A6A59179270D777300E08874 /* Find.swift in Sources */,
				A689A3FC270EC7FB0096DB22 /* ListView.swift in Sources */,
				A6A59170270D76B000E08874 /* Wind.swift in Sources */,
				A6A59165270C3A3200E08874 /* APIService.swift in Sources */,
				A6A59168270D766800E08874 /* WeatherInfo.swift in Sources */,
			);
			runOnlyForDeploymentPostprocessing = 0;
		};
/* End PBXSourcesBuildPhase section */

/* Begin PBXVariantGroup section */
		A6A5913A270C0B0F00E08874 /* LaunchScreen.storyboard */ = {
			isa = PBXVariantGroup;
			children = (
				A6A5913B270C0B0F00E08874 /* Base */,
			);
			name = LaunchScreen.storyboard;
			sourceTree = "<group>";
		};
/* End PBXVariantGroup section */

/* Begin XCBuildConfiguration section */
		A6A5913E270C0B0F00E08874 /* Debug */ = {
			isa = XCBuildConfiguration;
			buildSettings = {
				ALWAYS_SEARCH_USER_PATHS = NO;
				CLANG_ANALYZER_NONNULL = YES;
				CLANG_ANALYZER_NUMBER_OBJECT_CONVERSION = YES_AGGRESSIVE;
				CLANG_CXX_LANGUAGE_STANDARD = "gnu++14";
				CLANG_CXX_LIBRARY = "libc++";
				CLANG_ENABLE_MODULES = YES;
				CLANG_ENABLE_OBJC_ARC = YES;
				CLANG_ENABLE_OBJC_WEAK = YES;
				CLANG_WARN_BLOCK_CAPTURE_AUTORELEASING = YES;
				CLANG_WARN_BOOL_CONVERSION = YES;
				CLANG_WARN_COMMA = YES;
				CLANG_WARN_CONSTANT_CONVERSION = YES;
				CLANG_WARN_DEPRECATED_OBJC_IMPLEMENTATIONS = YES;
				CLANG_WARN_DIRECT_OBJC_ISA_USAGE = YES_ERROR;
				CLANG_WARN_DOCUMENTATION_COMMENTS = YES;
				CLANG_WARN_EMPTY_BODY = YES;
				CLANG_WARN_ENUM_CONVERSION = YES;
				CLANG_WARN_INFINITE_RECURSION = YES;
				CLANG_WARN_INT_CONVERSION = YES;
				CLANG_WARN_NON_LITERAL_NULL_CONVERSION = YES;
				CLANG_WARN_OBJC_IMPLICIT_RETAIN_SELF = YES;
				CLANG_WARN_OBJC_LITERAL_CONVERSION = YES;
				CLANG_WARN_OBJC_ROOT_CLASS = YES_ERROR;
				CLANG_WARN_QUOTED_INCLUDE_IN_FRAMEWORK_HEADER = YES;
				CLANG_WARN_RANGE_LOOP_ANALYSIS = YES;
				CLANG_WARN_STRICT_PROTOTYPES = YES;
				CLANG_WARN_SUSPICIOUS_MOVE = YES;
				CLANG_WARN_UNGUARDED_AVAILABILITY = YES_AGGRESSIVE;
				CLANG_WARN_UNREACHABLE_CODE = YES;
				CLANG_WARN__DUPLICATE_METHOD_MATCH = YES;
				COPY_PHASE_STRIP = NO;
				DEBUG_INFORMATION_FORMAT = dwarf;
				ENABLE_STRICT_OBJC_MSGSEND = YES;
				ENABLE_TESTABILITY = YES;
				GCC_C_LANGUAGE_STANDARD = gnu11;
				GCC_DYNAMIC_NO_PIC = NO;
				GCC_NO_COMMON_BLOCKS = YES;
				GCC_OPTIMIZATION_LEVEL = 0;
				GCC_PREPROCESSOR_DEFINITIONS = (
					"DEBUG=1",
					"$(inherited)",
				);
				GCC_WARN_64_TO_32_BIT_CONVERSION = YES;
				GCC_WARN_ABOUT_RETURN_TYPE = YES_ERROR;
				GCC_WARN_UNDECLARED_SELECTOR = YES;
				GCC_WARN_UNINITIALIZED_AUTOS = YES_AGGRESSIVE;
				GCC_WARN_UNUSED_FUNCTION = YES;
				GCC_WARN_UNUSED_VARIABLE = YES;
				IPHONEOS_DEPLOYMENT_TARGET = 14.5;
				MTL_ENABLE_DEBUG_INFO = INCLUDE_SOURCE;
				MTL_FAST_MATH = YES;
				ONLY_ACTIVE_ARCH = YES;
				SDKROOT = iphoneos;
				SWIFT_ACTIVE_COMPILATION_CONDITIONS = DEBUG;
				SWIFT_OPTIMIZATION_LEVEL = "-Onone";
			};
			name = Debug;
		};
		A6A5913F270C0B0F00E08874 /* Release */ = {
			isa = XCBuildConfiguration;
			buildSettings = {
				ALWAYS_SEARCH_USER_PATHS = NO;
				CLANG_ANALYZER_NONNULL = YES;
				CLANG_ANALYZER_NUMBER_OBJECT_CONVERSION = YES_AGGRESSIVE;
				CLANG_CXX_LANGUAGE_STANDARD = "gnu++14";
				CLANG_CXX_LIBRARY = "libc++";
				CLANG_ENABLE_MODULES = YES;
				CLANG_ENABLE_OBJC_ARC = YES;
				CLANG_ENABLE_OBJC_WEAK = YES;
				CLANG_WARN_BLOCK_CAPTURE_AUTORELEASING = YES;
				CLANG_WARN_BOOL_CONVERSION = YES;
				CLANG_WARN_COMMA = YES;
				CLANG_WARN_CONSTANT_CONVERSION = YES;
				CLANG_WARN_DEPRECATED_OBJC_IMPLEMENTATIONS = YES;
				CLANG_WARN_DIRECT_OBJC_ISA_USAGE = YES_ERROR;
				CLANG_WARN_DOCUMENTATION_COMMENTS = YES;
				CLANG_WARN_EMPTY_BODY = YES;
				CLANG_WARN_ENUM_CONVERSION = YES;
				CLANG_WARN_INFINITE_RECURSION = YES;
				CLANG_WARN_INT_CONVERSION = YES;
				CLANG_WARN_NON_LITERAL_NULL_CONVERSION = YES;
				CLANG_WARN_OBJC_IMPLICIT_RETAIN_SELF = YES;
				CLANG_WARN_OBJC_LITERAL_CONVERSION = YES;
				CLANG_WARN_OBJC_ROOT_CLASS = YES_ERROR;
				CLANG_WARN_QUOTED_INCLUDE_IN_FRAMEWORK_HEADER = YES;
				CLANG_WARN_RANGE_LOOP_ANALYSIS = YES;
				CLANG_WARN_STRICT_PROTOTYPES = YES;
				CLANG_WARN_SUSPICIOUS_MOVE = YES;
				CLANG_WARN_UNGUARDED_AVAILABILITY = YES_AGGRESSIVE;
				CLANG_WARN_UNREACHABLE_CODE = YES;
				CLANG_WARN__DUPLICATE_METHOD_MATCH = YES;
				COPY_PHASE_STRIP = NO;
				DEBUG_INFORMATION_FORMAT = "dwarf-with-dsym";
				ENABLE_NS_ASSERTIONS = NO;
				ENABLE_STRICT_OBJC_MSGSEND = YES;
				GCC_C_LANGUAGE_STANDARD = gnu11;
				GCC_NO_COMMON_BLOCKS = YES;
				GCC_WARN_64_TO_32_BIT_CONVERSION = YES;
				GCC_WARN_ABOUT_RETURN_TYPE = YES_ERROR;
				GCC_WARN_UNDECLARED_SELECTOR = YES;
				GCC_WARN_UNINITIALIZED_AUTOS = YES_AGGRESSIVE;
				GCC_WARN_UNUSED_FUNCTION = YES;
				GCC_WARN_UNUSED_VARIABLE = YES;
				IPHONEOS_DEPLOYMENT_TARGET = 14.5;
				MTL_ENABLE_DEBUG_INFO = NO;
				MTL_FAST_MATH = YES;
				SDKROOT = iphoneos;
				SWIFT_COMPILATION_MODE = wholemodule;
				SWIFT_OPTIMIZATION_LEVEL = "-O";
				VALIDATE_PRODUCT = YES;
			};
			name = Release;
		};
		A6A59141270C0B0F00E08874 /* Debug */ = {
			isa = XCBuildConfiguration;
			buildSettings = {
				ASSETCATALOG_COMPILER_APPICON_NAME = AppIcon;
				ASSETCATALOG_COMPILER_GLOBAL_ACCENT_COLOR_NAME = AccentColor;
				CODE_SIGN_STYLE = Automatic;
				DEVELOPMENT_ASSET_PATHS = "\"SwiftUI-C/Preview Content\"";
				DEVELOPMENT_TEAM = HU8RMC793N;
				ENABLE_PREVIEWS = YES;
				INFOPLIST_FILE = "SwiftUI-C/Info.plist";
				LD_RUNPATH_SEARCH_PATHS = (
					"$(inherited)",
					"@executable_path/Frameworks",
				);
				PRODUCT_BUNDLE_IDENTIFIER = "kr.textobey.SwiftUI-C";
				PRODUCT_NAME = "$(TARGET_NAME)";
				SWIFT_VERSION = 5.0;
				TARGETED_DEVICE_FAMILY = "1,2";
			};
			name = Debug;
		};
		A6A59142270C0B0F00E08874 /* Release */ = {
			isa = XCBuildConfiguration;
			buildSettings = {
				ASSETCATALOG_COMPILER_APPICON_NAME = AppIcon;
				ASSETCATALOG_COMPILER_GLOBAL_ACCENT_COLOR_NAME = AccentColor;
				CODE_SIGN_STYLE = Automatic;
				DEVELOPMENT_ASSET_PATHS = "\"SwiftUI-C/Preview Content\"";
				DEVELOPMENT_TEAM = HU8RMC793N;
				ENABLE_PREVIEWS = YES;
				INFOPLIST_FILE = "SwiftUI-C/Info.plist";
				LD_RUNPATH_SEARCH_PATHS = (
					"$(inherited)",
					"@executable_path/Frameworks",
				);
				PRODUCT_BUNDLE_IDENTIFIER = "kr.textobey.SwiftUI-C";
				PRODUCT_NAME = "$(TARGET_NAME)";
				SWIFT_VERSION = 5.0;
				TARGETED_DEVICE_FAMILY = "1,2";
			};
			name = Release;
		};
/* End XCBuildConfiguration section */

/* Begin XCConfigurationList section */
		A6A59127270C0B0E00E08874 /* Build configuration list for PBXProject "SwiftUI-C" */ = {
			isa = XCConfigurationList;
			buildConfigurations = (
				A6A5913E270C0B0F00E08874 /* Debug */,
				A6A5913F270C0B0F00E08874 /* Release */,
			);
			defaultConfigurationIsVisible = 0;
			defaultConfigurationName = Release;
		};
		A6A59140270C0B0F00E08874 /* Build configuration list for PBXNativeTarget "SwiftUI-C" */ = {
			isa = XCConfigurationList;
			buildConfigurations = (
				A6A59141270C0B0F00E08874 /* Debug */,
				A6A59142270C0B0F00E08874 /* Release */,
			);
			defaultConfigurationIsVisible = 0;
			defaultConfigurationName = Release;
		};
/* End XCConfigurationList section */

/* Begin XCRemoteSwiftPackageReference section */
		A6A59143270C0B6D00E08874 /* XCRemoteSwiftPackageReference "RxSwift" */ = {
			isa = XCRemoteSwiftPackageReference;
			repositoryURL = "https://github.com/ReactiveX/RxSwift.git";
			requirement = {
				kind = upToNextMajorVersion;
				minimumVersion = 6.2.0;
			};
		};
		A6A5914E270C0B8200E08874 /* XCRemoteSwiftPackageReference "RxFlow" */ = {
			isa = XCRemoteSwiftPackageReference;
			repositoryURL = "https://github.com/RxSwiftCommunity/RxFlow.git";
			requirement = {
				kind = upToNextMajorVersion;
				minimumVersion = 2.12.4;
			};
		};
/* End XCRemoteSwiftPackageReference section */

/* Begin XCSwiftPackageProductDependency section */
		A6A59144270C0B6D00E08874 /* RxSwift */ = {
			isa = XCSwiftPackageProductDependency;
			package = A6A59143270C0B6D00E08874 /* XCRemoteSwiftPackageReference "RxSwift" */;
			productName = RxSwift;
		};
		A6A59148270C0B6D00E08874 /* RxRelay */ = {
			isa = XCSwiftPackageProductDependency;
			package = A6A59143270C0B6D00E08874 /* XCRemoteSwiftPackageReference "RxSwift" */;
			productName = RxRelay;
		};
		A6A5914A270C0B6D00E08874 /* RxCocoa */ = {
			isa = XCSwiftPackageProductDependency;
			package = A6A59143270C0B6D00E08874 /* XCRemoteSwiftPackageReference "RxSwift" */;
			productName = RxCocoa;
		};
		A6A5914C270C0B6E00E08874 /* RxBlocking */ = {
			isa = XCSwiftPackageProductDependency;
			package = A6A59143270C0B6D00E08874 /* XCRemoteSwiftPackageReference "RxSwift" */;
			productName = RxBlocking;
		};
		A6A5914F270C0B8200E08874 /* RxFlow */ = {
			isa = XCSwiftPackageProductDependency;
			package = A6A5914E270C0B8200E08874 /* XCRemoteSwiftPackageReference "RxFlow" */;
			productName = RxFlow;
		};
/* End XCSwiftPackageProductDependency section */
	};
	rootObject = A6A59124270C0B0E00E08874 /* Project object */;
}
